
Microsoft Visual Studio Solution File, Format Version 12.00
# Visual Studio Version 16
VisualStudioVersion = 16.0.30709.64
MinimumVisualStudioVersion = 10.0.40219.1
Project("{9A19103F-16F7-4668-BE54-9A1E7A4F7556}") = "CP77Tools", "CP77Tools\CP77Tools.csproj", "{37C3288C-A6D7-4C71-8174-0F2F6D47938E}"
EndProject
Project("{9A19103F-16F7-4668-BE54-9A1E7A4F7556}") = "CP77.MSTests", "CP77.MSTests\CP77.MSTests.csproj", "{78302151-8D4B-407B-A2FE-5774C471F8AA}"
EndProject
Global
	GlobalSection(SolutionConfigurationPlatforms) = preSolution
		Debug|Any CPU = Debug|Any CPU
		Release|Any CPU = Release|Any CPU
	EndGlobalSection
	GlobalSection(ProjectConfigurationPlatforms) = postSolution
		{37C3288C-A6D7-4C71-8174-0F2F6D47938E}.Debug|Any CPU.ActiveCfg = Debug|Any CPU
		{37C3288C-A6D7-4C71-8174-0F2F6D47938E}.Debug|Any CPU.Build.0 = Debug|Any CPU
		{37C3288C-A6D7-4C71-8174-0F2F6D47938E}.Release|Any CPU.ActiveCfg = Release|Any CPU
		{37C3288C-A6D7-4C71-8174-0F2F6D47938E}.Release|Any CPU.Build.0 = Release|Any CPU
		{78302151-8D4B-407B-A2FE-5774C471F8AA}.Debug|Any CPU.ActiveCfg = Debug|Any CPU
		{78302151-8D4B-407B-A2FE-5774C471F8AA}.Debug|Any CPU.Build.0 = Debug|Any CPU
		{78302151-8D4B-407B-A2FE-5774C471F8AA}.Release|Any CPU.ActiveCfg = Release|Any CPU
		{78302151-8D4B-407B-A2FE-5774C471F8AA}.Release|Any CPU.Build.0 = Release|Any CPU
	EndGlobalSection
	GlobalSection(SolutionProperties) = preSolution
		HideSolutionNode = FALSE
	EndGlobalSection
	GlobalSection(ExtensibilityGlobals) = postSolution
		SolutionGuid = {D17FF89E-56D7-4FBF-9C1D-90FA8B7813DD}
	EndGlobalSection
EndGlobal
