
Microsoft Visual Studio Solution File, Format Version 12.00
# Visual Studio 2013
VisualStudioVersion = 12.0.21005.1
MinimumVisualStudioVersion = 10.0.40219.1
Project("{FAE04EC0-301F-11D3-BF4B-00C04F79EFBC}") = "W3Edit", "W3Edit\W3Edit.csproj", "{12FD792B-EC76-4969-8B42-9671025D5108}"
EndProject
Project("{FAE04EC0-301F-11D3-BF4B-00C04F79EFBC}") = "W3Edit.CR2W", "W3Edit.CR2W\W3Edit.CR2W.csproj", "{F3129E02-31AD-4327-A9EF-7C52D777C71F}"
EndProject
Project("{FAE04EC0-301F-11D3-BF4B-00C04F79EFBC}") = "W3Edit.W3Strings", "W3Edit.W3Strings\W3Edit.W3Strings.csproj", "{32D40D10-D6C3-48F0-AEB6-0F41C7E75CFD}"
EndProject
Project("{FAE04EC0-301F-11D3-BF4B-00C04F79EFBC}") = "W3Edit.Bundles", "W3Edit.Bundles\W3Edit.Bundles.csproj", "{5BD2292A-24DB-4B4A-A5B1-5D435769C289}"
EndProject
Project("{FAE04EC0-301F-11D3-BF4B-00C04F79EFBC}") = "W3Edit.W3Speech", "W3Edit.W3Speech\W3Edit.W3Speech.csproj", "{C025F253-C78B-4A3B-87E7-1B2A1A453B97}"
EndProject
Global
	GlobalSection(SolutionConfigurationPlatforms) = preSolution
		Debug|Any CPU = Debug|Any CPU
		Release|Any CPU = Release|Any CPU
	EndGlobalSection
	GlobalSection(ProjectConfigurationPlatforms) = postSolution
		{12FD792B-EC76-4969-8B42-9671025D5108}.Debug|Any CPU.ActiveCfg = Debug|Any CPU
		{12FD792B-EC76-4969-8B42-9671025D5108}.Debug|Any CPU.Build.0 = Debug|Any CPU
		{12FD792B-EC76-4969-8B42-9671025D5108}.Release|Any CPU.ActiveCfg = Release|Any CPU
		{12FD792B-EC76-4969-8B42-9671025D5108}.Release|Any CPU.Build.0 = Release|Any CPU
		{F3129E02-31AD-4327-A9EF-7C52D777C71F}.Debug|Any CPU.ActiveCfg = Debug|Any CPU
		{F3129E02-31AD-4327-A9EF-7C52D777C71F}.Debug|Any CPU.Build.0 = Debug|Any CPU
		{F3129E02-31AD-4327-A9EF-7C52D777C71F}.Release|Any CPU.ActiveCfg = Release|Any CPU
		{F3129E02-31AD-4327-A9EF-7C52D777C71F}.Release|Any CPU.Build.0 = Release|Any CPU
		{32D40D10-D6C3-48F0-AEB6-0F41C7E75CFD}.Debug|Any CPU.ActiveCfg = Debug|Any CPU
		{32D40D10-D6C3-48F0-AEB6-0F41C7E75CFD}.Debug|Any CPU.Build.0 = Debug|Any CPU
		{32D40D10-D6C3-48F0-AEB6-0F41C7E75CFD}.Release|Any CPU.ActiveCfg = Release|Any CPU
		{32D40D10-D6C3-48F0-AEB6-0F41C7E75CFD}.Release|Any CPU.Build.0 = Release|Any CPU
		{5BD2292A-24DB-4B4A-A5B1-5D435769C289}.Debug|Any CPU.ActiveCfg = Debug|Any CPU
		{5BD2292A-24DB-4B4A-A5B1-5D435769C289}.Debug|Any CPU.Build.0 = Debug|Any CPU
		{5BD2292A-24DB-4B4A-A5B1-5D435769C289}.Release|Any CPU.ActiveCfg = Release|Any CPU
		{5BD2292A-24DB-4B4A-A5B1-5D435769C289}.Release|Any CPU.Build.0 = Release|Any CPU
		{C025F253-C78B-4A3B-87E7-1B2A1A453B97}.Debug|Any CPU.ActiveCfg = Debug|Any CPU
		{C025F253-C78B-4A3B-87E7-1B2A1A453B97}.Debug|Any CPU.Build.0 = Debug|Any CPU
		{C025F253-C78B-4A3B-87E7-1B2A1A453B97}.Release|Any CPU.ActiveCfg = Release|Any CPU
		{C025F253-C78B-4A3B-87E7-1B2A1A453B97}.Release|Any CPU.Build.0 = Release|Any CPU
	EndGlobalSection
	GlobalSection(SolutionProperties) = preSolution
		HideSolutionNode = FALSE
	EndGlobalSection
EndGlobal
