
Microsoft Visual Studio Solution File, Format Version 12.00
# Visual Studio Version 16
VisualStudioVersion = 16.0.29509.3
MinimumVisualStudioVersion = 10.0.40219.1
Project("{9A19103F-16F7-4668-BE54-9A1E7A4F7556}") = "WolvenKit.Save", "WolvenKit.Save\WolvenKit.Save.csproj", "{9C026DA7-481D-43C6-8C18-635D69FDB423}"
EndProject
Project("{9A19103F-16F7-4668-BE54-9A1E7A4F7556}") = "WolvenKit.Scaleform", "WolvenKit.Scaleform\WolvenKit.Scaleform.csproj", "{031DD6DA-B643-4C2A-A30D-A2E2212724C2}"
EndProject
Project("{9A19103F-16F7-4668-BE54-9A1E7A4F7556}") = "WolvenKit.Net", "WolvenKit.Net\WolvenKit.Net.csproj", "{F60B8974-617D-45B5-BD33-68A9F739DE4F}"
EndProject
Project("{9A19103F-16F7-4668-BE54-9A1E7A4F7556}") = "WolvenKit.Radish", "WolvenKit.Radish\WolvenKit.Radish.csproj", "{D4D390BB-C14D-423A-861A-470BED6D40A9}"
EndProject
Project("{2150E333-8FDC-42A3-9474-1A3956D46DE8}") = "_Solution_Items", "_Solution_Items", "{6E63DB95-528E-4816-BE98-7F339599C512}"
	ProjectSection(SolutionItems) = preProject
		.editorconfig = .editorconfig
		doxygen.conf = doxygen.conf
		Solution Changes.txt = Solution Changes.txt
	EndProjectSection
EndProject
Project("{2150E333-8FDC-42A3-9474-1A3956D46DE8}") = "AvalonEdit", "AvalonEdit", "{ED8884AB-9F02-41C6-AF28-F901AE924A3F}"
EndProject
Project("{2150E333-8FDC-42A3-9474-1A3956D46DE8}") = "ConvertToDLL", "ConvertToDLL", "{7EF84774-B230-4947-AD95-B262BA3F78D1}"
EndProject
Project("{9A19103F-16F7-4668-BE54-9A1E7A4F7556}") = "TextEditLib", "TextEditLib\TextEditLib.csproj", "{99CAC070-176B-4176-A4FE-A815D1CA9BF0}"
EndProject
Project("{2150E333-8FDC-42A3-9474-1A3956D46DE8}") = "Shared", "Shared", "{B0D24D17-3F30-4E38-808F-491B25F437DA}"
EndProject
Project("{9A19103F-16F7-4668-BE54-9A1E7A4F7556}") = "WolvenKit.Common", "WolvenKit.Common\WolvenKit.Common.csproj", "{B5404EF5-0F52-4B2B-9AA2-4B35864E8B2F}"
EndProject
Project("{2150E333-8FDC-42A3-9474-1A3956D46DE8}") = "Core", "Core", "{13670C98-1505-4617-89CF-65B5F7217369}"
EndProject
Project("{9A19103F-16F7-4668-BE54-9A1E7A4F7556}") = "WolvenKit.UI", "WolvenKit\WolvenKit.UI.csproj", "{283EA282-F15F-4978-8FF4-43EFE7A9EF69}"
	ProjectSection(ProjectDependencies) = postProject
		{B850C5FC-1B02-4735-854F-2D45778B856C} = {B850C5FC-1B02-4735-854F-2D45778B856C}
	EndProjectSection
EndProject
Project("{2150E333-8FDC-42A3-9474-1A3956D46DE8}") = "Common", "Common", "{7DED2833-D255-4CAA-A82F-8DC2D32E9F4F}"
EndProject
Project("{2150E333-8FDC-42A3-9474-1A3956D46DE8}") = "Formats", "Formats", "{2EA6F0B1-7000-4E49-8629-97F69A30142C}"
EndProject
Project("{2150E333-8FDC-42A3-9474-1A3956D46DE8}") = "Networking", "Networking", "{D3683074-E94B-4B29-B898-63672E4AD752}"
EndProject
Project("{2150E333-8FDC-42A3-9474-1A3956D46DE8}") = "Other", "Other", "{487EA06E-77DB-4964-BE28-76141D241E06}"
EndProject
Project("{9A19103F-16F7-4668-BE54-9A1E7A4F7556}") = "WolvenKit.App", "WolvenKit.App\WolvenKit.App.csproj", "{B850C5FC-1B02-4735-854F-2D45778B856C}"
EndProject
Project("{2150E333-8FDC-42A3-9474-1A3956D46DE8}") = "CodeSnippets", "CodeSnippets", "{5752F9DD-6CAD-47EF-8786-93A1F19D74D7}"
EndProject
Project("{FAE04EC0-301F-11D3-BF4B-00C04F79EFBC}") = "WkitSnippets", "WkitSnippets\WkitSnippets.csproj", "{4EDAC86D-A012-4ECA-9CAE-B3036FBC2BB9}"
EndProject
Project("{9A19103F-16F7-4668-BE54-9A1E7A4F7556}") = "WolvenKit.Witcher3Formats", "WolvenKit.Witcher3Formats\WolvenKit.Witcher3Formats.csproj", "{EC148C12-0D84-45A9-9EB7-68DB7ABC0574}"
EndProject
Project("{9A19103F-16F7-4668-BE54-9A1E7A4F7556}") = "WolvenKit.Modkit", "WolvenKit.Modkit\WolvenKit.Modkit.csproj", "{1785D77D-7AEB-4F7E-BBC5-B19B26BBFD79}"
EndProject
Global
	GlobalSection(SolutionConfigurationPlatforms) = preSolution
		Debug|Any CPU = Debug|Any CPU
		Debug|x64 = Debug|x64
		Debug|x86 = Debug|x86
		Release - Fast FPU|Any CPU = Release - Fast FPU|Any CPU
		Release - Fast FPU|x64 = Release - Fast FPU|x64
		Release - Fast FPU|x86 = Release - Fast FPU|x86
		Release|Any CPU = Release|Any CPU
		Release|x64 = Release|x64
		Release|x86 = Release|x86
		SDL-Debug|Any CPU = SDL-Debug|Any CPU
		SDL-Debug|x64 = SDL-Debug|x64
		SDL-Debug|x86 = SDL-Debug|x86
		Static lib - Debug|Any CPU = Static lib - Debug|Any CPU
		Static lib - Debug|x64 = Static lib - Debug|x64
		Static lib - Debug|x86 = Static lib - Debug|x86
		Static lib - Release - Fast FPU|Any CPU = Static lib - Release - Fast FPU|Any CPU
		Static lib - Release - Fast FPU|x64 = Static lib - Release - Fast FPU|x64
		Static lib - Release - Fast FPU|x86 = Static lib - Release - Fast FPU|x86
		Static lib - Release|Any CPU = Static lib - Release|Any CPU
		Static lib - Release|x64 = Static lib - Release|x64
		Static lib - Release|x86 = Static lib - Release|x86
	EndGlobalSection
	GlobalSection(ProjectConfigurationPlatforms) = postSolution
		{9C026DA7-481D-43C6-8C18-635D69FDB423}.Debug|Any CPU.ActiveCfg = Debug|Any CPU
		{9C026DA7-481D-43C6-8C18-635D69FDB423}.Debug|Any CPU.Build.0 = Debug|Any CPU
		{9C026DA7-481D-43C6-8C18-635D69FDB423}.Debug|x64.ActiveCfg = Debug|x64
		{9C026DA7-481D-43C6-8C18-635D69FDB423}.Debug|x64.Build.0 = Debug|x64
		{9C026DA7-481D-43C6-8C18-635D69FDB423}.Debug|x86.ActiveCfg = Debug|Any CPU
		{9C026DA7-481D-43C6-8C18-635D69FDB423}.Debug|x86.Build.0 = Debug|Any CPU
		{9C026DA7-481D-43C6-8C18-635D69FDB423}.Release - Fast FPU|Any CPU.ActiveCfg = Release|Any CPU
		{9C026DA7-481D-43C6-8C18-635D69FDB423}.Release - Fast FPU|Any CPU.Build.0 = Release|Any CPU
		{9C026DA7-481D-43C6-8C18-635D69FDB423}.Release - Fast FPU|x64.ActiveCfg = Release|x64
		{9C026DA7-481D-43C6-8C18-635D69FDB423}.Release - Fast FPU|x64.Build.0 = Release|x64
		{9C026DA7-481D-43C6-8C18-635D69FDB423}.Release - Fast FPU|x86.ActiveCfg = Release|Any CPU
		{9C026DA7-481D-43C6-8C18-635D69FDB423}.Release - Fast FPU|x86.Build.0 = Release|Any CPU
		{9C026DA7-481D-43C6-8C18-635D69FDB423}.Release|Any CPU.ActiveCfg = Release|Any CPU
		{9C026DA7-481D-43C6-8C18-635D69FDB423}.Release|Any CPU.Build.0 = Release|Any CPU
		{9C026DA7-481D-43C6-8C18-635D69FDB423}.Release|x64.ActiveCfg = Release|x64
		{9C026DA7-481D-43C6-8C18-635D69FDB423}.Release|x64.Build.0 = Release|x64
		{9C026DA7-481D-43C6-8C18-635D69FDB423}.Release|x86.ActiveCfg = Release|Any CPU
		{9C026DA7-481D-43C6-8C18-635D69FDB423}.Release|x86.Build.0 = Release|Any CPU
		{9C026DA7-481D-43C6-8C18-635D69FDB423}.SDL-Debug|Any CPU.ActiveCfg = Debug|Any CPU
		{9C026DA7-481D-43C6-8C18-635D69FDB423}.SDL-Debug|Any CPU.Build.0 = Debug|Any CPU
		{9C026DA7-481D-43C6-8C18-635D69FDB423}.SDL-Debug|x64.ActiveCfg = Debug|x64
		{9C026DA7-481D-43C6-8C18-635D69FDB423}.SDL-Debug|x64.Build.0 = Debug|x64
		{9C026DA7-481D-43C6-8C18-635D69FDB423}.SDL-Debug|x86.ActiveCfg = Debug|Any CPU
		{9C026DA7-481D-43C6-8C18-635D69FDB423}.SDL-Debug|x86.Build.0 = Debug|Any CPU
		{9C026DA7-481D-43C6-8C18-635D69FDB423}.Static lib - Debug|Any CPU.ActiveCfg = Debug|Any CPU
		{9C026DA7-481D-43C6-8C18-635D69FDB423}.Static lib - Debug|Any CPU.Build.0 = Debug|Any CPU
		{9C026DA7-481D-43C6-8C18-635D69FDB423}.Static lib - Debug|x64.ActiveCfg = Debug|x64
		{9C026DA7-481D-43C6-8C18-635D69FDB423}.Static lib - Debug|x64.Build.0 = Debug|x64
		{9C026DA7-481D-43C6-8C18-635D69FDB423}.Static lib - Debug|x86.ActiveCfg = Debug|Any CPU
		{9C026DA7-481D-43C6-8C18-635D69FDB423}.Static lib - Debug|x86.Build.0 = Debug|Any CPU
		{9C026DA7-481D-43C6-8C18-635D69FDB423}.Static lib - Release - Fast FPU|Any CPU.ActiveCfg = Release|Any CPU
		{9C026DA7-481D-43C6-8C18-635D69FDB423}.Static lib - Release - Fast FPU|Any CPU.Build.0 = Release|Any CPU
		{9C026DA7-481D-43C6-8C18-635D69FDB423}.Static lib - Release - Fast FPU|x64.ActiveCfg = Release|x64
		{9C026DA7-481D-43C6-8C18-635D69FDB423}.Static lib - Release - Fast FPU|x64.Build.0 = Release|x64
		{9C026DA7-481D-43C6-8C18-635D69FDB423}.Static lib - Release - Fast FPU|x86.ActiveCfg = Release|Any CPU
		{9C026DA7-481D-43C6-8C18-635D69FDB423}.Static lib - Release - Fast FPU|x86.Build.0 = Release|Any CPU
		{9C026DA7-481D-43C6-8C18-635D69FDB423}.Static lib - Release|Any CPU.ActiveCfg = Release|Any CPU
		{9C026DA7-481D-43C6-8C18-635D69FDB423}.Static lib - Release|Any CPU.Build.0 = Release|Any CPU
		{9C026DA7-481D-43C6-8C18-635D69FDB423}.Static lib - Release|x64.ActiveCfg = Release|x64
		{9C026DA7-481D-43C6-8C18-635D69FDB423}.Static lib - Release|x64.Build.0 = Release|x64
		{9C026DA7-481D-43C6-8C18-635D69FDB423}.Static lib - Release|x86.ActiveCfg = Release|Any CPU
		{9C026DA7-481D-43C6-8C18-635D69FDB423}.Static lib - Release|x86.Build.0 = Release|Any CPU
		{031DD6DA-B643-4C2A-A30D-A2E2212724C2}.Debug|Any CPU.ActiveCfg = Debug|Any CPU
		{031DD6DA-B643-4C2A-A30D-A2E2212724C2}.Debug|Any CPU.Build.0 = Debug|Any CPU
		{031DD6DA-B643-4C2A-A30D-A2E2212724C2}.Debug|x64.ActiveCfg = Debug|x64
		{031DD6DA-B643-4C2A-A30D-A2E2212724C2}.Debug|x64.Build.0 = Debug|x64
		{031DD6DA-B643-4C2A-A30D-A2E2212724C2}.Debug|x86.ActiveCfg = Debug|Any CPU
		{031DD6DA-B643-4C2A-A30D-A2E2212724C2}.Debug|x86.Build.0 = Debug|Any CPU
		{031DD6DA-B643-4C2A-A30D-A2E2212724C2}.Release - Fast FPU|Any CPU.ActiveCfg = Release|Any CPU
		{031DD6DA-B643-4C2A-A30D-A2E2212724C2}.Release - Fast FPU|Any CPU.Build.0 = Release|Any CPU
		{031DD6DA-B643-4C2A-A30D-A2E2212724C2}.Release - Fast FPU|x64.ActiveCfg = Release|x64
		{031DD6DA-B643-4C2A-A30D-A2E2212724C2}.Release - Fast FPU|x64.Build.0 = Release|x64
		{031DD6DA-B643-4C2A-A30D-A2E2212724C2}.Release - Fast FPU|x86.ActiveCfg = Release|Any CPU
		{031DD6DA-B643-4C2A-A30D-A2E2212724C2}.Release - Fast FPU|x86.Build.0 = Release|Any CPU
		{031DD6DA-B643-4C2A-A30D-A2E2212724C2}.Release|Any CPU.ActiveCfg = Release|Any CPU
		{031DD6DA-B643-4C2A-A30D-A2E2212724C2}.Release|Any CPU.Build.0 = Release|Any CPU
		{031DD6DA-B643-4C2A-A30D-A2E2212724C2}.Release|x64.ActiveCfg = Release|x64
		{031DD6DA-B643-4C2A-A30D-A2E2212724C2}.Release|x64.Build.0 = Release|x64
		{031DD6DA-B643-4C2A-A30D-A2E2212724C2}.Release|x86.ActiveCfg = Release|Any CPU
		{031DD6DA-B643-4C2A-A30D-A2E2212724C2}.Release|x86.Build.0 = Release|Any CPU
		{031DD6DA-B643-4C2A-A30D-A2E2212724C2}.SDL-Debug|Any CPU.ActiveCfg = Debug|Any CPU
		{031DD6DA-B643-4C2A-A30D-A2E2212724C2}.SDL-Debug|Any CPU.Build.0 = Debug|Any CPU
		{031DD6DA-B643-4C2A-A30D-A2E2212724C2}.SDL-Debug|x64.ActiveCfg = Debug|x64
		{031DD6DA-B643-4C2A-A30D-A2E2212724C2}.SDL-Debug|x64.Build.0 = Debug|x64
		{031DD6DA-B643-4C2A-A30D-A2E2212724C2}.SDL-Debug|x86.ActiveCfg = Debug|Any CPU
		{031DD6DA-B643-4C2A-A30D-A2E2212724C2}.SDL-Debug|x86.Build.0 = Debug|Any CPU
		{031DD6DA-B643-4C2A-A30D-A2E2212724C2}.Static lib - Debug|Any CPU.ActiveCfg = Debug|Any CPU
		{031DD6DA-B643-4C2A-A30D-A2E2212724C2}.Static lib - Debug|Any CPU.Build.0 = Debug|Any CPU
		{031DD6DA-B643-4C2A-A30D-A2E2212724C2}.Static lib - Debug|x64.ActiveCfg = Debug|x64
		{031DD6DA-B643-4C2A-A30D-A2E2212724C2}.Static lib - Debug|x64.Build.0 = Debug|x64
		{031DD6DA-B643-4C2A-A30D-A2E2212724C2}.Static lib - Debug|x86.ActiveCfg = Debug|Any CPU
		{031DD6DA-B643-4C2A-A30D-A2E2212724C2}.Static lib - Debug|x86.Build.0 = Debug|Any CPU
		{031DD6DA-B643-4C2A-A30D-A2E2212724C2}.Static lib - Release - Fast FPU|Any CPU.ActiveCfg = Release|Any CPU
		{031DD6DA-B643-4C2A-A30D-A2E2212724C2}.Static lib - Release - Fast FPU|Any CPU.Build.0 = Release|Any CPU
		{031DD6DA-B643-4C2A-A30D-A2E2212724C2}.Static lib - Release - Fast FPU|x64.ActiveCfg = Release|x64
		{031DD6DA-B643-4C2A-A30D-A2E2212724C2}.Static lib - Release - Fast FPU|x64.Build.0 = Release|x64
		{031DD6DA-B643-4C2A-A30D-A2E2212724C2}.Static lib - Release - Fast FPU|x86.ActiveCfg = Release|Any CPU
		{031DD6DA-B643-4C2A-A30D-A2E2212724C2}.Static lib - Release - Fast FPU|x86.Build.0 = Release|Any CPU
		{031DD6DA-B643-4C2A-A30D-A2E2212724C2}.Static lib - Release|Any CPU.ActiveCfg = Release|Any CPU
		{031DD6DA-B643-4C2A-A30D-A2E2212724C2}.Static lib - Release|Any CPU.Build.0 = Release|Any CPU
		{031DD6DA-B643-4C2A-A30D-A2E2212724C2}.Static lib - Release|x64.ActiveCfg = Release|x64
		{031DD6DA-B643-4C2A-A30D-A2E2212724C2}.Static lib - Release|x64.Build.0 = Release|x64
		{031DD6DA-B643-4C2A-A30D-A2E2212724C2}.Static lib - Release|x86.ActiveCfg = Release|Any CPU
		{031DD6DA-B643-4C2A-A30D-A2E2212724C2}.Static lib - Release|x86.Build.0 = Release|Any CPU
		{F60B8974-617D-45B5-BD33-68A9F739DE4F}.Debug|Any CPU.ActiveCfg = Debug|Any CPU
		{F60B8974-617D-45B5-BD33-68A9F739DE4F}.Debug|Any CPU.Build.0 = Debug|Any CPU
		{F60B8974-617D-45B5-BD33-68A9F739DE4F}.Debug|x64.ActiveCfg = Debug|x64
		{F60B8974-617D-45B5-BD33-68A9F739DE4F}.Debug|x64.Build.0 = Debug|x64
		{F60B8974-617D-45B5-BD33-68A9F739DE4F}.Debug|x86.ActiveCfg = Debug|Any CPU
		{F60B8974-617D-45B5-BD33-68A9F739DE4F}.Debug|x86.Build.0 = Debug|Any CPU
		{F60B8974-617D-45B5-BD33-68A9F739DE4F}.Release - Fast FPU|Any CPU.ActiveCfg = Release|Any CPU
		{F60B8974-617D-45B5-BD33-68A9F739DE4F}.Release - Fast FPU|Any CPU.Build.0 = Release|Any CPU
		{F60B8974-617D-45B5-BD33-68A9F739DE4F}.Release - Fast FPU|x64.ActiveCfg = Release|x64
		{F60B8974-617D-45B5-BD33-68A9F739DE4F}.Release - Fast FPU|x64.Build.0 = Release|x64
		{F60B8974-617D-45B5-BD33-68A9F739DE4F}.Release - Fast FPU|x86.ActiveCfg = Release|Any CPU
		{F60B8974-617D-45B5-BD33-68A9F739DE4F}.Release - Fast FPU|x86.Build.0 = Release|Any CPU
		{F60B8974-617D-45B5-BD33-68A9F739DE4F}.Release|Any CPU.ActiveCfg = Release|Any CPU
		{F60B8974-617D-45B5-BD33-68A9F739DE4F}.Release|Any CPU.Build.0 = Release|Any CPU
		{F60B8974-617D-45B5-BD33-68A9F739DE4F}.Release|x64.ActiveCfg = Release|x64
		{F60B8974-617D-45B5-BD33-68A9F739DE4F}.Release|x64.Build.0 = Release|x64
		{F60B8974-617D-45B5-BD33-68A9F739DE4F}.Release|x86.ActiveCfg = Release|Any CPU
		{F60B8974-617D-45B5-BD33-68A9F739DE4F}.Release|x86.Build.0 = Release|Any CPU
		{F60B8974-617D-45B5-BD33-68A9F739DE4F}.SDL-Debug|Any CPU.ActiveCfg = Debug|Any CPU
		{F60B8974-617D-45B5-BD33-68A9F739DE4F}.SDL-Debug|Any CPU.Build.0 = Debug|Any CPU
		{F60B8974-617D-45B5-BD33-68A9F739DE4F}.SDL-Debug|x64.ActiveCfg = Debug|x64
		{F60B8974-617D-45B5-BD33-68A9F739DE4F}.SDL-Debug|x64.Build.0 = Debug|x64
		{F60B8974-617D-45B5-BD33-68A9F739DE4F}.SDL-Debug|x86.ActiveCfg = Debug|Any CPU
		{F60B8974-617D-45B5-BD33-68A9F739DE4F}.SDL-Debug|x86.Build.0 = Debug|Any CPU
		{F60B8974-617D-45B5-BD33-68A9F739DE4F}.Static lib - Debug|Any CPU.ActiveCfg = Debug|Any CPU
		{F60B8974-617D-45B5-BD33-68A9F739DE4F}.Static lib - Debug|Any CPU.Build.0 = Debug|Any CPU
		{F60B8974-617D-45B5-BD33-68A9F739DE4F}.Static lib - Debug|x64.ActiveCfg = Debug|x64
		{F60B8974-617D-45B5-BD33-68A9F739DE4F}.Static lib - Debug|x64.Build.0 = Debug|x64
		{F60B8974-617D-45B5-BD33-68A9F739DE4F}.Static lib - Debug|x86.ActiveCfg = Debug|Any CPU
		{F60B8974-617D-45B5-BD33-68A9F739DE4F}.Static lib - Debug|x86.Build.0 = Debug|Any CPU
		{F60B8974-617D-45B5-BD33-68A9F739DE4F}.Static lib - Release - Fast FPU|Any CPU.ActiveCfg = Release|Any CPU
		{F60B8974-617D-45B5-BD33-68A9F739DE4F}.Static lib - Release - Fast FPU|Any CPU.Build.0 = Release|Any CPU
		{F60B8974-617D-45B5-BD33-68A9F739DE4F}.Static lib - Release - Fast FPU|x64.ActiveCfg = Release|x64
		{F60B8974-617D-45B5-BD33-68A9F739DE4F}.Static lib - Release - Fast FPU|x64.Build.0 = Release|x64
		{F60B8974-617D-45B5-BD33-68A9F739DE4F}.Static lib - Release - Fast FPU|x86.ActiveCfg = Release|Any CPU
		{F60B8974-617D-45B5-BD33-68A9F739DE4F}.Static lib - Release - Fast FPU|x86.Build.0 = Release|Any CPU
		{F60B8974-617D-45B5-BD33-68A9F739DE4F}.Static lib - Release|Any CPU.ActiveCfg = Release|Any CPU
		{F60B8974-617D-45B5-BD33-68A9F739DE4F}.Static lib - Release|Any CPU.Build.0 = Release|Any CPU
		{F60B8974-617D-45B5-BD33-68A9F739DE4F}.Static lib - Release|x64.ActiveCfg = Release|x64
		{F60B8974-617D-45B5-BD33-68A9F739DE4F}.Static lib - Release|x64.Build.0 = Release|x64
		{F60B8974-617D-45B5-BD33-68A9F739DE4F}.Static lib - Release|x86.ActiveCfg = Release|Any CPU
		{F60B8974-617D-45B5-BD33-68A9F739DE4F}.Static lib - Release|x86.Build.0 = Release|Any CPU
		{D4D390BB-C14D-423A-861A-470BED6D40A9}.Debug|Any CPU.ActiveCfg = Debug|Any CPU
		{D4D390BB-C14D-423A-861A-470BED6D40A9}.Debug|Any CPU.Build.0 = Debug|Any CPU
		{D4D390BB-C14D-423A-861A-470BED6D40A9}.Debug|x64.ActiveCfg = Debug|x64
		{D4D390BB-C14D-423A-861A-470BED6D40A9}.Debug|x64.Build.0 = Debug|x64
		{D4D390BB-C14D-423A-861A-470BED6D40A9}.Debug|x86.ActiveCfg = Debug|Any CPU
		{D4D390BB-C14D-423A-861A-470BED6D40A9}.Debug|x86.Build.0 = Debug|Any CPU
		{D4D390BB-C14D-423A-861A-470BED6D40A9}.Release - Fast FPU|Any CPU.ActiveCfg = Release|Any CPU
		{D4D390BB-C14D-423A-861A-470BED6D40A9}.Release - Fast FPU|Any CPU.Build.0 = Release|Any CPU
		{D4D390BB-C14D-423A-861A-470BED6D40A9}.Release - Fast FPU|x64.ActiveCfg = Release|x64
		{D4D390BB-C14D-423A-861A-470BED6D40A9}.Release - Fast FPU|x64.Build.0 = Release|x64
		{D4D390BB-C14D-423A-861A-470BED6D40A9}.Release - Fast FPU|x86.ActiveCfg = Release|Any CPU
		{D4D390BB-C14D-423A-861A-470BED6D40A9}.Release - Fast FPU|x86.Build.0 = Release|Any CPU
		{D4D390BB-C14D-423A-861A-470BED6D40A9}.Release|Any CPU.ActiveCfg = Release|Any CPU
		{D4D390BB-C14D-423A-861A-470BED6D40A9}.Release|Any CPU.Build.0 = Release|Any CPU
		{D4D390BB-C14D-423A-861A-470BED6D40A9}.Release|x64.ActiveCfg = Release|x64
		{D4D390BB-C14D-423A-861A-470BED6D40A9}.Release|x64.Build.0 = Release|x64
		{D4D390BB-C14D-423A-861A-470BED6D40A9}.Release|x86.ActiveCfg = Release|Any CPU
		{D4D390BB-C14D-423A-861A-470BED6D40A9}.Release|x86.Build.0 = Release|Any CPU
		{D4D390BB-C14D-423A-861A-470BED6D40A9}.SDL-Debug|Any CPU.ActiveCfg = Debug|Any CPU
		{D4D390BB-C14D-423A-861A-470BED6D40A9}.SDL-Debug|Any CPU.Build.0 = Debug|Any CPU
		{D4D390BB-C14D-423A-861A-470BED6D40A9}.SDL-Debug|x64.ActiveCfg = Debug|x64
		{D4D390BB-C14D-423A-861A-470BED6D40A9}.SDL-Debug|x64.Build.0 = Debug|x64
		{D4D390BB-C14D-423A-861A-470BED6D40A9}.SDL-Debug|x86.ActiveCfg = Debug|Any CPU
		{D4D390BB-C14D-423A-861A-470BED6D40A9}.SDL-Debug|x86.Build.0 = Debug|Any CPU
		{D4D390BB-C14D-423A-861A-470BED6D40A9}.Static lib - Debug|Any CPU.ActiveCfg = Debug|Any CPU
		{D4D390BB-C14D-423A-861A-470BED6D40A9}.Static lib - Debug|Any CPU.Build.0 = Debug|Any CPU
		{D4D390BB-C14D-423A-861A-470BED6D40A9}.Static lib - Debug|x64.ActiveCfg = Debug|x64
		{D4D390BB-C14D-423A-861A-470BED6D40A9}.Static lib - Debug|x64.Build.0 = Debug|x64
		{D4D390BB-C14D-423A-861A-470BED6D40A9}.Static lib - Debug|x86.ActiveCfg = Debug|Any CPU
		{D4D390BB-C14D-423A-861A-470BED6D40A9}.Static lib - Debug|x86.Build.0 = Debug|Any CPU
		{D4D390BB-C14D-423A-861A-470BED6D40A9}.Static lib - Release - Fast FPU|Any CPU.ActiveCfg = Release|Any CPU
		{D4D390BB-C14D-423A-861A-470BED6D40A9}.Static lib - Release - Fast FPU|Any CPU.Build.0 = Release|Any CPU
		{D4D390BB-C14D-423A-861A-470BED6D40A9}.Static lib - Release - Fast FPU|x64.ActiveCfg = Release|x64
		{D4D390BB-C14D-423A-861A-470BED6D40A9}.Static lib - Release - Fast FPU|x64.Build.0 = Release|x64
		{D4D390BB-C14D-423A-861A-470BED6D40A9}.Static lib - Release - Fast FPU|x86.ActiveCfg = Release|Any CPU
		{D4D390BB-C14D-423A-861A-470BED6D40A9}.Static lib - Release - Fast FPU|x86.Build.0 = Release|Any CPU
		{D4D390BB-C14D-423A-861A-470BED6D40A9}.Static lib - Release|Any CPU.ActiveCfg = Release|Any CPU
		{D4D390BB-C14D-423A-861A-470BED6D40A9}.Static lib - Release|Any CPU.Build.0 = Release|Any CPU
		{D4D390BB-C14D-423A-861A-470BED6D40A9}.Static lib - Release|x64.ActiveCfg = Release|x64
		{D4D390BB-C14D-423A-861A-470BED6D40A9}.Static lib - Release|x64.Build.0 = Release|x64
		{D4D390BB-C14D-423A-861A-470BED6D40A9}.Static lib - Release|x86.ActiveCfg = Release|Any CPU
		{D4D390BB-C14D-423A-861A-470BED6D40A9}.Static lib - Release|x86.Build.0 = Release|Any CPU
		{99CAC070-176B-4176-A4FE-A815D1CA9BF0}.Debug|Any CPU.ActiveCfg = Debug|Any CPU
		{99CAC070-176B-4176-A4FE-A815D1CA9BF0}.Debug|Any CPU.Build.0 = Debug|Any CPU
		{99CAC070-176B-4176-A4FE-A815D1CA9BF0}.Debug|x64.ActiveCfg = Debug|Any CPU
		{99CAC070-176B-4176-A4FE-A815D1CA9BF0}.Debug|x64.Build.0 = Debug|Any CPU
		{99CAC070-176B-4176-A4FE-A815D1CA9BF0}.Debug|x86.ActiveCfg = Debug|Any CPU
		{99CAC070-176B-4176-A4FE-A815D1CA9BF0}.Debug|x86.Build.0 = Debug|Any CPU
		{99CAC070-176B-4176-A4FE-A815D1CA9BF0}.Release - Fast FPU|Any CPU.ActiveCfg = Release|Any CPU
		{99CAC070-176B-4176-A4FE-A815D1CA9BF0}.Release - Fast FPU|Any CPU.Build.0 = Release|Any CPU
		{99CAC070-176B-4176-A4FE-A815D1CA9BF0}.Release - Fast FPU|x64.ActiveCfg = Release|Any CPU
		{99CAC070-176B-4176-A4FE-A815D1CA9BF0}.Release - Fast FPU|x64.Build.0 = Release|Any CPU
		{99CAC070-176B-4176-A4FE-A815D1CA9BF0}.Release - Fast FPU|x86.ActiveCfg = Release|Any CPU
		{99CAC070-176B-4176-A4FE-A815D1CA9BF0}.Release - Fast FPU|x86.Build.0 = Release|Any CPU
		{99CAC070-176B-4176-A4FE-A815D1CA9BF0}.Release|Any CPU.ActiveCfg = Release|Any CPU
		{99CAC070-176B-4176-A4FE-A815D1CA9BF0}.Release|Any CPU.Build.0 = Release|Any CPU
		{99CAC070-176B-4176-A4FE-A815D1CA9BF0}.Release|x64.ActiveCfg = Release|Any CPU
		{99CAC070-176B-4176-A4FE-A815D1CA9BF0}.Release|x64.Build.0 = Release|Any CPU
		{99CAC070-176B-4176-A4FE-A815D1CA9BF0}.Release|x86.ActiveCfg = Release|Any CPU
		{99CAC070-176B-4176-A4FE-A815D1CA9BF0}.Release|x86.Build.0 = Release|Any CPU
		{99CAC070-176B-4176-A4FE-A815D1CA9BF0}.SDL-Debug|Any CPU.ActiveCfg = Debug|Any CPU
		{99CAC070-176B-4176-A4FE-A815D1CA9BF0}.SDL-Debug|Any CPU.Build.0 = Debug|Any CPU
		{99CAC070-176B-4176-A4FE-A815D1CA9BF0}.SDL-Debug|x64.ActiveCfg = Debug|Any CPU
		{99CAC070-176B-4176-A4FE-A815D1CA9BF0}.SDL-Debug|x64.Build.0 = Debug|Any CPU
		{99CAC070-176B-4176-A4FE-A815D1CA9BF0}.SDL-Debug|x86.ActiveCfg = Debug|Any CPU
		{99CAC070-176B-4176-A4FE-A815D1CA9BF0}.SDL-Debug|x86.Build.0 = Debug|Any CPU
		{99CAC070-176B-4176-A4FE-A815D1CA9BF0}.Static lib - Debug|Any CPU.ActiveCfg = Debug|Any CPU
		{99CAC070-176B-4176-A4FE-A815D1CA9BF0}.Static lib - Debug|Any CPU.Build.0 = Debug|Any CPU
		{99CAC070-176B-4176-A4FE-A815D1CA9BF0}.Static lib - Debug|x64.ActiveCfg = Debug|Any CPU
		{99CAC070-176B-4176-A4FE-A815D1CA9BF0}.Static lib - Debug|x64.Build.0 = Debug|Any CPU
		{99CAC070-176B-4176-A4FE-A815D1CA9BF0}.Static lib - Debug|x86.ActiveCfg = Debug|Any CPU
		{99CAC070-176B-4176-A4FE-A815D1CA9BF0}.Static lib - Debug|x86.Build.0 = Debug|Any CPU
		{99CAC070-176B-4176-A4FE-A815D1CA9BF0}.Static lib - Release - Fast FPU|Any CPU.ActiveCfg = Release|Any CPU
		{99CAC070-176B-4176-A4FE-A815D1CA9BF0}.Static lib - Release - Fast FPU|Any CPU.Build.0 = Release|Any CPU
		{99CAC070-176B-4176-A4FE-A815D1CA9BF0}.Static lib - Release - Fast FPU|x64.ActiveCfg = Release|Any CPU
		{99CAC070-176B-4176-A4FE-A815D1CA9BF0}.Static lib - Release - Fast FPU|x64.Build.0 = Release|Any CPU
		{99CAC070-176B-4176-A4FE-A815D1CA9BF0}.Static lib - Release - Fast FPU|x86.ActiveCfg = Release|Any CPU
		{99CAC070-176B-4176-A4FE-A815D1CA9BF0}.Static lib - Release - Fast FPU|x86.Build.0 = Release|Any CPU
		{99CAC070-176B-4176-A4FE-A815D1CA9BF0}.Static lib - Release|Any CPU.ActiveCfg = Release|Any CPU
		{99CAC070-176B-4176-A4FE-A815D1CA9BF0}.Static lib - Release|Any CPU.Build.0 = Release|Any CPU
		{99CAC070-176B-4176-A4FE-A815D1CA9BF0}.Static lib - Release|x64.ActiveCfg = Release|Any CPU
		{99CAC070-176B-4176-A4FE-A815D1CA9BF0}.Static lib - Release|x64.Build.0 = Release|Any CPU
		{99CAC070-176B-4176-A4FE-A815D1CA9BF0}.Static lib - Release|x86.ActiveCfg = Release|Any CPU
		{99CAC070-176B-4176-A4FE-A815D1CA9BF0}.Static lib - Release|x86.Build.0 = Release|Any CPU
		{B5404EF5-0F52-4B2B-9AA2-4B35864E8B2F}.Debug|Any CPU.ActiveCfg = Debug|Any CPU
		{B5404EF5-0F52-4B2B-9AA2-4B35864E8B2F}.Debug|Any CPU.Build.0 = Debug|Any CPU
		{B5404EF5-0F52-4B2B-9AA2-4B35864E8B2F}.Debug|x64.ActiveCfg = Debug|x64
		{B5404EF5-0F52-4B2B-9AA2-4B35864E8B2F}.Debug|x64.Build.0 = Debug|x64
		{B5404EF5-0F52-4B2B-9AA2-4B35864E8B2F}.Debug|x86.ActiveCfg = Debug|Any CPU
		{B5404EF5-0F52-4B2B-9AA2-4B35864E8B2F}.Debug|x86.Build.0 = Debug|Any CPU
		{B5404EF5-0F52-4B2B-9AA2-4B35864E8B2F}.Release - Fast FPU|Any CPU.ActiveCfg = Release|Any CPU
		{B5404EF5-0F52-4B2B-9AA2-4B35864E8B2F}.Release - Fast FPU|Any CPU.Build.0 = Release|Any CPU
		{B5404EF5-0F52-4B2B-9AA2-4B35864E8B2F}.Release - Fast FPU|x64.ActiveCfg = Release|x64
		{B5404EF5-0F52-4B2B-9AA2-4B35864E8B2F}.Release - Fast FPU|x64.Build.0 = Release|x64
		{B5404EF5-0F52-4B2B-9AA2-4B35864E8B2F}.Release - Fast FPU|x86.ActiveCfg = Release|Any CPU
		{B5404EF5-0F52-4B2B-9AA2-4B35864E8B2F}.Release - Fast FPU|x86.Build.0 = Release|Any CPU
		{B5404EF5-0F52-4B2B-9AA2-4B35864E8B2F}.Release|Any CPU.ActiveCfg = Release|Any CPU
		{B5404EF5-0F52-4B2B-9AA2-4B35864E8B2F}.Release|Any CPU.Build.0 = Release|Any CPU
		{B5404EF5-0F52-4B2B-9AA2-4B35864E8B2F}.Release|x64.ActiveCfg = Release|x64
		{B5404EF5-0F52-4B2B-9AA2-4B35864E8B2F}.Release|x64.Build.0 = Release|x64
		{B5404EF5-0F52-4B2B-9AA2-4B35864E8B2F}.Release|x86.ActiveCfg = Release|Any CPU
		{B5404EF5-0F52-4B2B-9AA2-4B35864E8B2F}.Release|x86.Build.0 = Release|Any CPU
		{B5404EF5-0F52-4B2B-9AA2-4B35864E8B2F}.SDL-Debug|Any CPU.ActiveCfg = Debug|Any CPU
		{B5404EF5-0F52-4B2B-9AA2-4B35864E8B2F}.SDL-Debug|Any CPU.Build.0 = Debug|Any CPU
		{B5404EF5-0F52-4B2B-9AA2-4B35864E8B2F}.SDL-Debug|x64.ActiveCfg = Debug|x64
		{B5404EF5-0F52-4B2B-9AA2-4B35864E8B2F}.SDL-Debug|x64.Build.0 = Debug|x64
		{B5404EF5-0F52-4B2B-9AA2-4B35864E8B2F}.SDL-Debug|x86.ActiveCfg = Debug|Any CPU
		{B5404EF5-0F52-4B2B-9AA2-4B35864E8B2F}.SDL-Debug|x86.Build.0 = Debug|Any CPU
		{B5404EF5-0F52-4B2B-9AA2-4B35864E8B2F}.Static lib - Debug|Any CPU.ActiveCfg = Debug|Any CPU
		{B5404EF5-0F52-4B2B-9AA2-4B35864E8B2F}.Static lib - Debug|Any CPU.Build.0 = Debug|Any CPU
		{B5404EF5-0F52-4B2B-9AA2-4B35864E8B2F}.Static lib - Debug|x64.ActiveCfg = Debug|x64
		{B5404EF5-0F52-4B2B-9AA2-4B35864E8B2F}.Static lib - Debug|x64.Build.0 = Debug|x64
		{B5404EF5-0F52-4B2B-9AA2-4B35864E8B2F}.Static lib - Debug|x86.ActiveCfg = Debug|Any CPU
		{B5404EF5-0F52-4B2B-9AA2-4B35864E8B2F}.Static lib - Debug|x86.Build.0 = Debug|Any CPU
		{B5404EF5-0F52-4B2B-9AA2-4B35864E8B2F}.Static lib - Release - Fast FPU|Any CPU.ActiveCfg = Release|Any CPU
		{B5404EF5-0F52-4B2B-9AA2-4B35864E8B2F}.Static lib - Release - Fast FPU|Any CPU.Build.0 = Release|Any CPU
		{B5404EF5-0F52-4B2B-9AA2-4B35864E8B2F}.Static lib - Release - Fast FPU|x64.ActiveCfg = Release|x64
		{B5404EF5-0F52-4B2B-9AA2-4B35864E8B2F}.Static lib - Release - Fast FPU|x64.Build.0 = Release|x64
		{B5404EF5-0F52-4B2B-9AA2-4B35864E8B2F}.Static lib - Release - Fast FPU|x86.ActiveCfg = Release|Any CPU
		{B5404EF5-0F52-4B2B-9AA2-4B35864E8B2F}.Static lib - Release - Fast FPU|x86.Build.0 = Release|Any CPU
		{B5404EF5-0F52-4B2B-9AA2-4B35864E8B2F}.Static lib - Release|Any CPU.ActiveCfg = Release|Any CPU
		{B5404EF5-0F52-4B2B-9AA2-4B35864E8B2F}.Static lib - Release|Any CPU.Build.0 = Release|Any CPU
		{B5404EF5-0F52-4B2B-9AA2-4B35864E8B2F}.Static lib - Release|x64.ActiveCfg = Release|x64
		{B5404EF5-0F52-4B2B-9AA2-4B35864E8B2F}.Static lib - Release|x64.Build.0 = Release|x64
		{B5404EF5-0F52-4B2B-9AA2-4B35864E8B2F}.Static lib - Release|x86.ActiveCfg = Release|Any CPU
		{B5404EF5-0F52-4B2B-9AA2-4B35864E8B2F}.Static lib - Release|x86.Build.0 = Release|Any CPU
		{283EA282-F15F-4978-8FF4-43EFE7A9EF69}.Debug|Any CPU.ActiveCfg = Debug|Any CPU
		{283EA282-F15F-4978-8FF4-43EFE7A9EF69}.Debug|Any CPU.Build.0 = Debug|Any CPU
		{283EA282-F15F-4978-8FF4-43EFE7A9EF69}.Debug|x64.ActiveCfg = Debug|Any CPU
		{283EA282-F15F-4978-8FF4-43EFE7A9EF69}.Debug|x64.Build.0 = Debug|Any CPU
		{283EA282-F15F-4978-8FF4-43EFE7A9EF69}.Debug|x86.ActiveCfg = Debug|Any CPU
		{283EA282-F15F-4978-8FF4-43EFE7A9EF69}.Debug|x86.Build.0 = Debug|Any CPU
		{283EA282-F15F-4978-8FF4-43EFE7A9EF69}.Release - Fast FPU|Any CPU.ActiveCfg = Release|Any CPU
		{283EA282-F15F-4978-8FF4-43EFE7A9EF69}.Release - Fast FPU|Any CPU.Build.0 = Release|Any CPU
		{283EA282-F15F-4978-8FF4-43EFE7A9EF69}.Release - Fast FPU|x64.ActiveCfg = Release|Any CPU
		{283EA282-F15F-4978-8FF4-43EFE7A9EF69}.Release - Fast FPU|x64.Build.0 = Release|Any CPU
		{283EA282-F15F-4978-8FF4-43EFE7A9EF69}.Release - Fast FPU|x86.ActiveCfg = Release|Any CPU
		{283EA282-F15F-4978-8FF4-43EFE7A9EF69}.Release - Fast FPU|x86.Build.0 = Release|Any CPU
		{283EA282-F15F-4978-8FF4-43EFE7A9EF69}.Release|Any CPU.ActiveCfg = Release|Any CPU
		{283EA282-F15F-4978-8FF4-43EFE7A9EF69}.Release|Any CPU.Build.0 = Release|Any CPU
		{283EA282-F15F-4978-8FF4-43EFE7A9EF69}.Release|x64.ActiveCfg = Release|Any CPU
		{283EA282-F15F-4978-8FF4-43EFE7A9EF69}.Release|x64.Build.0 = Release|Any CPU
		{283EA282-F15F-4978-8FF4-43EFE7A9EF69}.Release|x86.ActiveCfg = Release|Any CPU
		{283EA282-F15F-4978-8FF4-43EFE7A9EF69}.Release|x86.Build.0 = Release|Any CPU
		{283EA282-F15F-4978-8FF4-43EFE7A9EF69}.SDL-Debug|Any CPU.ActiveCfg = Debug|Any CPU
		{283EA282-F15F-4978-8FF4-43EFE7A9EF69}.SDL-Debug|Any CPU.Build.0 = Debug|Any CPU
		{283EA282-F15F-4978-8FF4-43EFE7A9EF69}.SDL-Debug|x64.ActiveCfg = Debug|Any CPU
		{283EA282-F15F-4978-8FF4-43EFE7A9EF69}.SDL-Debug|x64.Build.0 = Debug|Any CPU
		{283EA282-F15F-4978-8FF4-43EFE7A9EF69}.SDL-Debug|x86.ActiveCfg = Debug|Any CPU
		{283EA282-F15F-4978-8FF4-43EFE7A9EF69}.SDL-Debug|x86.Build.0 = Debug|Any CPU
		{283EA282-F15F-4978-8FF4-43EFE7A9EF69}.Static lib - Debug|Any CPU.ActiveCfg = Debug|Any CPU
		{283EA282-F15F-4978-8FF4-43EFE7A9EF69}.Static lib - Debug|Any CPU.Build.0 = Debug|Any CPU
		{283EA282-F15F-4978-8FF4-43EFE7A9EF69}.Static lib - Debug|x64.ActiveCfg = Debug|Any CPU
		{283EA282-F15F-4978-8FF4-43EFE7A9EF69}.Static lib - Debug|x64.Build.0 = Debug|Any CPU
		{283EA282-F15F-4978-8FF4-43EFE7A9EF69}.Static lib - Debug|x86.ActiveCfg = Debug|Any CPU
		{283EA282-F15F-4978-8FF4-43EFE7A9EF69}.Static lib - Debug|x86.Build.0 = Debug|Any CPU
		{283EA282-F15F-4978-8FF4-43EFE7A9EF69}.Static lib - Release - Fast FPU|Any CPU.ActiveCfg = Release|Any CPU
		{283EA282-F15F-4978-8FF4-43EFE7A9EF69}.Static lib - Release - Fast FPU|Any CPU.Build.0 = Release|Any CPU
		{283EA282-F15F-4978-8FF4-43EFE7A9EF69}.Static lib - Release - Fast FPU|x64.ActiveCfg = Release|Any CPU
		{283EA282-F15F-4978-8FF4-43EFE7A9EF69}.Static lib - Release - Fast FPU|x64.Build.0 = Release|Any CPU
		{283EA282-F15F-4978-8FF4-43EFE7A9EF69}.Static lib - Release - Fast FPU|x86.ActiveCfg = Release|Any CPU
		{283EA282-F15F-4978-8FF4-43EFE7A9EF69}.Static lib - Release - Fast FPU|x86.Build.0 = Release|Any CPU
		{283EA282-F15F-4978-8FF4-43EFE7A9EF69}.Static lib - Release|Any CPU.ActiveCfg = Release|Any CPU
		{283EA282-F15F-4978-8FF4-43EFE7A9EF69}.Static lib - Release|Any CPU.Build.0 = Release|Any CPU
		{283EA282-F15F-4978-8FF4-43EFE7A9EF69}.Static lib - Release|x64.ActiveCfg = Release|Any CPU
		{283EA282-F15F-4978-8FF4-43EFE7A9EF69}.Static lib - Release|x64.Build.0 = Release|Any CPU
		{283EA282-F15F-4978-8FF4-43EFE7A9EF69}.Static lib - Release|x86.ActiveCfg = Release|Any CPU
		{283EA282-F15F-4978-8FF4-43EFE7A9EF69}.Static lib - Release|x86.Build.0 = Release|Any CPU
		{B850C5FC-1B02-4735-854F-2D45778B856C}.Debug|Any CPU.ActiveCfg = Debug|Any CPU
		{B850C5FC-1B02-4735-854F-2D45778B856C}.Debug|Any CPU.Build.0 = Debug|Any CPU
		{B850C5FC-1B02-4735-854F-2D45778B856C}.Debug|x64.ActiveCfg = Debug|Any CPU
		{B850C5FC-1B02-4735-854F-2D45778B856C}.Debug|x64.Build.0 = Debug|Any CPU
		{B850C5FC-1B02-4735-854F-2D45778B856C}.Debug|x86.ActiveCfg = Debug|Any CPU
		{B850C5FC-1B02-4735-854F-2D45778B856C}.Debug|x86.Build.0 = Debug|Any CPU
		{B850C5FC-1B02-4735-854F-2D45778B856C}.Release - Fast FPU|Any CPU.ActiveCfg = Release|Any CPU
		{B850C5FC-1B02-4735-854F-2D45778B856C}.Release - Fast FPU|Any CPU.Build.0 = Release|Any CPU
		{B850C5FC-1B02-4735-854F-2D45778B856C}.Release - Fast FPU|x64.ActiveCfg = Release|Any CPU
		{B850C5FC-1B02-4735-854F-2D45778B856C}.Release - Fast FPU|x64.Build.0 = Release|Any CPU
		{B850C5FC-1B02-4735-854F-2D45778B856C}.Release - Fast FPU|x86.ActiveCfg = Release|Any CPU
		{B850C5FC-1B02-4735-854F-2D45778B856C}.Release - Fast FPU|x86.Build.0 = Release|Any CPU
		{B850C5FC-1B02-4735-854F-2D45778B856C}.Release|Any CPU.ActiveCfg = Release|Any CPU
		{B850C5FC-1B02-4735-854F-2D45778B856C}.Release|Any CPU.Build.0 = Release|Any CPU
		{B850C5FC-1B02-4735-854F-2D45778B856C}.Release|x64.ActiveCfg = Release|Any CPU
		{B850C5FC-1B02-4735-854F-2D45778B856C}.Release|x64.Build.0 = Release|Any CPU
		{B850C5FC-1B02-4735-854F-2D45778B856C}.Release|x86.ActiveCfg = Release|Any CPU
		{B850C5FC-1B02-4735-854F-2D45778B856C}.Release|x86.Build.0 = Release|Any CPU
		{B850C5FC-1B02-4735-854F-2D45778B856C}.SDL-Debug|Any CPU.ActiveCfg = Debug|Any CPU
		{B850C5FC-1B02-4735-854F-2D45778B856C}.SDL-Debug|Any CPU.Build.0 = Debug|Any CPU
		{B850C5FC-1B02-4735-854F-2D45778B856C}.SDL-Debug|x64.ActiveCfg = Debug|Any CPU
		{B850C5FC-1B02-4735-854F-2D45778B856C}.SDL-Debug|x64.Build.0 = Debug|Any CPU
		{B850C5FC-1B02-4735-854F-2D45778B856C}.SDL-Debug|x86.ActiveCfg = Debug|Any CPU
		{B850C5FC-1B02-4735-854F-2D45778B856C}.SDL-Debug|x86.Build.0 = Debug|Any CPU
		{B850C5FC-1B02-4735-854F-2D45778B856C}.Static lib - Debug|Any CPU.ActiveCfg = Debug|Any CPU
		{B850C5FC-1B02-4735-854F-2D45778B856C}.Static lib - Debug|Any CPU.Build.0 = Debug|Any CPU
		{B850C5FC-1B02-4735-854F-2D45778B856C}.Static lib - Debug|x64.ActiveCfg = Debug|Any CPU
		{B850C5FC-1B02-4735-854F-2D45778B856C}.Static lib - Debug|x64.Build.0 = Debug|Any CPU
		{B850C5FC-1B02-4735-854F-2D45778B856C}.Static lib - Debug|x86.ActiveCfg = Debug|Any CPU
		{B850C5FC-1B02-4735-854F-2D45778B856C}.Static lib - Debug|x86.Build.0 = Debug|Any CPU
		{B850C5FC-1B02-4735-854F-2D45778B856C}.Static lib - Release - Fast FPU|Any CPU.ActiveCfg = Release|Any CPU
		{B850C5FC-1B02-4735-854F-2D45778B856C}.Static lib - Release - Fast FPU|Any CPU.Build.0 = Release|Any CPU
		{B850C5FC-1B02-4735-854F-2D45778B856C}.Static lib - Release - Fast FPU|x64.ActiveCfg = Release|Any CPU
		{B850C5FC-1B02-4735-854F-2D45778B856C}.Static lib - Release - Fast FPU|x64.Build.0 = Release|Any CPU
		{B850C5FC-1B02-4735-854F-2D45778B856C}.Static lib - Release - Fast FPU|x86.ActiveCfg = Release|Any CPU
		{B850C5FC-1B02-4735-854F-2D45778B856C}.Static lib - Release - Fast FPU|x86.Build.0 = Release|Any CPU
		{B850C5FC-1B02-4735-854F-2D45778B856C}.Static lib - Release|Any CPU.ActiveCfg = Release|Any CPU
		{B850C5FC-1B02-4735-854F-2D45778B856C}.Static lib - Release|Any CPU.Build.0 = Release|Any CPU
		{B850C5FC-1B02-4735-854F-2D45778B856C}.Static lib - Release|x64.ActiveCfg = Release|Any CPU
		{B850C5FC-1B02-4735-854F-2D45778B856C}.Static lib - Release|x64.Build.0 = Release|Any CPU
		{B850C5FC-1B02-4735-854F-2D45778B856C}.Static lib - Release|x86.ActiveCfg = Release|Any CPU
		{B850C5FC-1B02-4735-854F-2D45778B856C}.Static lib - Release|x86.Build.0 = Release|Any CPU
		{4EDAC86D-A012-4ECA-9CAE-B3036FBC2BB9}.Debug|Any CPU.ActiveCfg = Debug|Any CPU
		{4EDAC86D-A012-4ECA-9CAE-B3036FBC2BB9}.Debug|Any CPU.Build.0 = Debug|Any CPU
		{4EDAC86D-A012-4ECA-9CAE-B3036FBC2BB9}.Debug|x64.ActiveCfg = Debug|Any CPU
		{4EDAC86D-A012-4ECA-9CAE-B3036FBC2BB9}.Debug|x64.Build.0 = Debug|Any CPU
		{4EDAC86D-A012-4ECA-9CAE-B3036FBC2BB9}.Debug|x86.ActiveCfg = Debug|Any CPU
		{4EDAC86D-A012-4ECA-9CAE-B3036FBC2BB9}.Debug|x86.Build.0 = Debug|Any CPU
		{4EDAC86D-A012-4ECA-9CAE-B3036FBC2BB9}.Release - Fast FPU|Any CPU.ActiveCfg = Release|Any CPU
		{4EDAC86D-A012-4ECA-9CAE-B3036FBC2BB9}.Release - Fast FPU|Any CPU.Build.0 = Release|Any CPU
		{4EDAC86D-A012-4ECA-9CAE-B3036FBC2BB9}.Release - Fast FPU|x64.ActiveCfg = Release|Any CPU
		{4EDAC86D-A012-4ECA-9CAE-B3036FBC2BB9}.Release - Fast FPU|x64.Build.0 = Release|Any CPU
		{4EDAC86D-A012-4ECA-9CAE-B3036FBC2BB9}.Release - Fast FPU|x86.ActiveCfg = Release|Any CPU
		{4EDAC86D-A012-4ECA-9CAE-B3036FBC2BB9}.Release - Fast FPU|x86.Build.0 = Release|Any CPU
		{4EDAC86D-A012-4ECA-9CAE-B3036FBC2BB9}.Release|Any CPU.ActiveCfg = Release|Any CPU
		{4EDAC86D-A012-4ECA-9CAE-B3036FBC2BB9}.Release|Any CPU.Build.0 = Release|Any CPU
		{4EDAC86D-A012-4ECA-9CAE-B3036FBC2BB9}.Release|x64.ActiveCfg = Release|Any CPU
		{4EDAC86D-A012-4ECA-9CAE-B3036FBC2BB9}.Release|x64.Build.0 = Release|Any CPU
		{4EDAC86D-A012-4ECA-9CAE-B3036FBC2BB9}.Release|x86.ActiveCfg = Release|Any CPU
		{4EDAC86D-A012-4ECA-9CAE-B3036FBC2BB9}.Release|x86.Build.0 = Release|Any CPU
		{4EDAC86D-A012-4ECA-9CAE-B3036FBC2BB9}.SDL-Debug|Any CPU.ActiveCfg = Debug|Any CPU
		{4EDAC86D-A012-4ECA-9CAE-B3036FBC2BB9}.SDL-Debug|Any CPU.Build.0 = Debug|Any CPU
		{4EDAC86D-A012-4ECA-9CAE-B3036FBC2BB9}.SDL-Debug|x64.ActiveCfg = Debug|Any CPU
		{4EDAC86D-A012-4ECA-9CAE-B3036FBC2BB9}.SDL-Debug|x64.Build.0 = Debug|Any CPU
		{4EDAC86D-A012-4ECA-9CAE-B3036FBC2BB9}.SDL-Debug|x86.ActiveCfg = Debug|Any CPU
		{4EDAC86D-A012-4ECA-9CAE-B3036FBC2BB9}.SDL-Debug|x86.Build.0 = Debug|Any CPU
		{4EDAC86D-A012-4ECA-9CAE-B3036FBC2BB9}.Static lib - Debug|Any CPU.ActiveCfg = Debug|Any CPU
		{4EDAC86D-A012-4ECA-9CAE-B3036FBC2BB9}.Static lib - Debug|Any CPU.Build.0 = Debug|Any CPU
		{4EDAC86D-A012-4ECA-9CAE-B3036FBC2BB9}.Static lib - Debug|x64.ActiveCfg = Debug|Any CPU
		{4EDAC86D-A012-4ECA-9CAE-B3036FBC2BB9}.Static lib - Debug|x64.Build.0 = Debug|Any CPU
		{4EDAC86D-A012-4ECA-9CAE-B3036FBC2BB9}.Static lib - Debug|x86.ActiveCfg = Debug|Any CPU
		{4EDAC86D-A012-4ECA-9CAE-B3036FBC2BB9}.Static lib - Debug|x86.Build.0 = Debug|Any CPU
		{4EDAC86D-A012-4ECA-9CAE-B3036FBC2BB9}.Static lib - Release - Fast FPU|Any CPU.ActiveCfg = Release|Any CPU
		{4EDAC86D-A012-4ECA-9CAE-B3036FBC2BB9}.Static lib - Release - Fast FPU|Any CPU.Build.0 = Release|Any CPU
		{4EDAC86D-A012-4ECA-9CAE-B3036FBC2BB9}.Static lib - Release - Fast FPU|x64.ActiveCfg = Release|Any CPU
		{4EDAC86D-A012-4ECA-9CAE-B3036FBC2BB9}.Static lib - Release - Fast FPU|x64.Build.0 = Release|Any CPU
		{4EDAC86D-A012-4ECA-9CAE-B3036FBC2BB9}.Static lib - Release - Fast FPU|x86.ActiveCfg = Release|Any CPU
		{4EDAC86D-A012-4ECA-9CAE-B3036FBC2BB9}.Static lib - Release - Fast FPU|x86.Build.0 = Release|Any CPU
		{4EDAC86D-A012-4ECA-9CAE-B3036FBC2BB9}.Static lib - Release|Any CPU.ActiveCfg = Release|Any CPU
		{4EDAC86D-A012-4ECA-9CAE-B3036FBC2BB9}.Static lib - Release|Any CPU.Build.0 = Release|Any CPU
		{4EDAC86D-A012-4ECA-9CAE-B3036FBC2BB9}.Static lib - Release|x64.ActiveCfg = Release|Any CPU
		{4EDAC86D-A012-4ECA-9CAE-B3036FBC2BB9}.Static lib - Release|x64.Build.0 = Release|Any CPU
		{4EDAC86D-A012-4ECA-9CAE-B3036FBC2BB9}.Static lib - Release|x86.ActiveCfg = Release|Any CPU
		{4EDAC86D-A012-4ECA-9CAE-B3036FBC2BB9}.Static lib - Release|x86.Build.0 = Release|Any CPU
		{EC148C12-0D84-45A9-9EB7-68DB7ABC0574}.Debug|Any CPU.ActiveCfg = Debug|Any CPU
		{EC148C12-0D84-45A9-9EB7-68DB7ABC0574}.Debug|Any CPU.Build.0 = Debug|Any CPU
		{EC148C12-0D84-45A9-9EB7-68DB7ABC0574}.Debug|x64.ActiveCfg = Debug|Any CPU
		{EC148C12-0D84-45A9-9EB7-68DB7ABC0574}.Debug|x64.Build.0 = Debug|Any CPU
		{EC148C12-0D84-45A9-9EB7-68DB7ABC0574}.Debug|x86.ActiveCfg = Debug|Any CPU
		{EC148C12-0D84-45A9-9EB7-68DB7ABC0574}.Debug|x86.Build.0 = Debug|Any CPU
		{EC148C12-0D84-45A9-9EB7-68DB7ABC0574}.Release - Fast FPU|Any CPU.ActiveCfg = Release|Any CPU
		{EC148C12-0D84-45A9-9EB7-68DB7ABC0574}.Release - Fast FPU|Any CPU.Build.0 = Release|Any CPU
		{EC148C12-0D84-45A9-9EB7-68DB7ABC0574}.Release - Fast FPU|x64.ActiveCfg = Release|Any CPU
		{EC148C12-0D84-45A9-9EB7-68DB7ABC0574}.Release - Fast FPU|x64.Build.0 = Release|Any CPU
		{EC148C12-0D84-45A9-9EB7-68DB7ABC0574}.Release - Fast FPU|x86.ActiveCfg = Release|Any CPU
		{EC148C12-0D84-45A9-9EB7-68DB7ABC0574}.Release - Fast FPU|x86.Build.0 = Release|Any CPU
		{EC148C12-0D84-45A9-9EB7-68DB7ABC0574}.Release|Any CPU.ActiveCfg = Release|Any CPU
		{EC148C12-0D84-45A9-9EB7-68DB7ABC0574}.Release|Any CPU.Build.0 = Release|Any CPU
		{EC148C12-0D84-45A9-9EB7-68DB7ABC0574}.Release|x64.ActiveCfg = Release|Any CPU
		{EC148C12-0D84-45A9-9EB7-68DB7ABC0574}.Release|x64.Build.0 = Release|Any CPU
		{EC148C12-0D84-45A9-9EB7-68DB7ABC0574}.Release|x86.ActiveCfg = Release|Any CPU
		{EC148C12-0D84-45A9-9EB7-68DB7ABC0574}.Release|x86.Build.0 = Release|Any CPU
		{EC148C12-0D84-45A9-9EB7-68DB7ABC0574}.SDL-Debug|Any CPU.ActiveCfg = Debug|Any CPU
		{EC148C12-0D84-45A9-9EB7-68DB7ABC0574}.SDL-Debug|Any CPU.Build.0 = Debug|Any CPU
		{EC148C12-0D84-45A9-9EB7-68DB7ABC0574}.SDL-Debug|x64.ActiveCfg = Debug|Any CPU
		{EC148C12-0D84-45A9-9EB7-68DB7ABC0574}.SDL-Debug|x64.Build.0 = Debug|Any CPU
		{EC148C12-0D84-45A9-9EB7-68DB7ABC0574}.SDL-Debug|x86.ActiveCfg = Debug|Any CPU
		{EC148C12-0D84-45A9-9EB7-68DB7ABC0574}.SDL-Debug|x86.Build.0 = Debug|Any CPU
		{EC148C12-0D84-45A9-9EB7-68DB7ABC0574}.Static lib - Debug|Any CPU.ActiveCfg = Debug|Any CPU
		{EC148C12-0D84-45A9-9EB7-68DB7ABC0574}.Static lib - Debug|Any CPU.Build.0 = Debug|Any CPU
		{EC148C12-0D84-45A9-9EB7-68DB7ABC0574}.Static lib - Debug|x64.ActiveCfg = Debug|Any CPU
		{EC148C12-0D84-45A9-9EB7-68DB7ABC0574}.Static lib - Debug|x64.Build.0 = Debug|Any CPU
		{EC148C12-0D84-45A9-9EB7-68DB7ABC0574}.Static lib - Debug|x86.ActiveCfg = Debug|Any CPU
		{EC148C12-0D84-45A9-9EB7-68DB7ABC0574}.Static lib - Debug|x86.Build.0 = Debug|Any CPU
		{EC148C12-0D84-45A9-9EB7-68DB7ABC0574}.Static lib - Release - Fast FPU|Any CPU.ActiveCfg = Release|Any CPU
		{EC148C12-0D84-45A9-9EB7-68DB7ABC0574}.Static lib - Release - Fast FPU|Any CPU.Build.0 = Release|Any CPU
		{EC148C12-0D84-45A9-9EB7-68DB7ABC0574}.Static lib - Release - Fast FPU|x64.ActiveCfg = Release|Any CPU
		{EC148C12-0D84-45A9-9EB7-68DB7ABC0574}.Static lib - Release - Fast FPU|x64.Build.0 = Release|Any CPU
		{EC148C12-0D84-45A9-9EB7-68DB7ABC0574}.Static lib - Release - Fast FPU|x86.ActiveCfg = Release|Any CPU
		{EC148C12-0D84-45A9-9EB7-68DB7ABC0574}.Static lib - Release - Fast FPU|x86.Build.0 = Release|Any CPU
		{EC148C12-0D84-45A9-9EB7-68DB7ABC0574}.Static lib - Release|Any CPU.ActiveCfg = Release|Any CPU
		{EC148C12-0D84-45A9-9EB7-68DB7ABC0574}.Static lib - Release|Any CPU.Build.0 = Release|Any CPU
		{EC148C12-0D84-45A9-9EB7-68DB7ABC0574}.Static lib - Release|x64.ActiveCfg = Release|Any CPU
		{EC148C12-0D84-45A9-9EB7-68DB7ABC0574}.Static lib - Release|x64.Build.0 = Release|Any CPU
		{EC148C12-0D84-45A9-9EB7-68DB7ABC0574}.Static lib - Release|x86.ActiveCfg = Release|Any CPU
		{EC148C12-0D84-45A9-9EB7-68DB7ABC0574}.Static lib - Release|x86.Build.0 = Release|Any CPU
		{1785D77D-7AEB-4F7E-BBC5-B19B26BBFD79}.Debug|Any CPU.ActiveCfg = Debug|Any CPU
		{1785D77D-7AEB-4F7E-BBC5-B19B26BBFD79}.Debug|Any CPU.Build.0 = Debug|Any CPU
		{1785D77D-7AEB-4F7E-BBC5-B19B26BBFD79}.Debug|x64.ActiveCfg = Debug|Any CPU
		{1785D77D-7AEB-4F7E-BBC5-B19B26BBFD79}.Debug|x64.Build.0 = Debug|Any CPU
		{1785D77D-7AEB-4F7E-BBC5-B19B26BBFD79}.Debug|x86.ActiveCfg = Debug|Any CPU
		{1785D77D-7AEB-4F7E-BBC5-B19B26BBFD79}.Debug|x86.Build.0 = Debug|Any CPU
		{1785D77D-7AEB-4F7E-BBC5-B19B26BBFD79}.Release - Fast FPU|Any CPU.ActiveCfg = Release|Any CPU
		{1785D77D-7AEB-4F7E-BBC5-B19B26BBFD79}.Release - Fast FPU|Any CPU.Build.0 = Release|Any CPU
		{1785D77D-7AEB-4F7E-BBC5-B19B26BBFD79}.Release - Fast FPU|x64.ActiveCfg = Release|Any CPU
		{1785D77D-7AEB-4F7E-BBC5-B19B26BBFD79}.Release - Fast FPU|x64.Build.0 = Release|Any CPU
		{1785D77D-7AEB-4F7E-BBC5-B19B26BBFD79}.Release - Fast FPU|x86.ActiveCfg = Release|Any CPU
		{1785D77D-7AEB-4F7E-BBC5-B19B26BBFD79}.Release - Fast FPU|x86.Build.0 = Release|Any CPU
		{1785D77D-7AEB-4F7E-BBC5-B19B26BBFD79}.Release|Any CPU.ActiveCfg = Release|Any CPU
		{1785D77D-7AEB-4F7E-BBC5-B19B26BBFD79}.Release|Any CPU.Build.0 = Release|Any CPU
		{1785D77D-7AEB-4F7E-BBC5-B19B26BBFD79}.Release|x64.ActiveCfg = Release|Any CPU
		{1785D77D-7AEB-4F7E-BBC5-B19B26BBFD79}.Release|x64.Build.0 = Release|Any CPU
		{1785D77D-7AEB-4F7E-BBC5-B19B26BBFD79}.Release|x86.ActiveCfg = Release|Any CPU
		{1785D77D-7AEB-4F7E-BBC5-B19B26BBFD79}.Release|x86.Build.0 = Release|Any CPU
		{1785D77D-7AEB-4F7E-BBC5-B19B26BBFD79}.SDL-Debug|Any CPU.ActiveCfg = Debug|Any CPU
		{1785D77D-7AEB-4F7E-BBC5-B19B26BBFD79}.SDL-Debug|Any CPU.Build.0 = Debug|Any CPU
		{1785D77D-7AEB-4F7E-BBC5-B19B26BBFD79}.SDL-Debug|x64.ActiveCfg = Debug|Any CPU
		{1785D77D-7AEB-4F7E-BBC5-B19B26BBFD79}.SDL-Debug|x64.Build.0 = Debug|Any CPU
		{1785D77D-7AEB-4F7E-BBC5-B19B26BBFD79}.SDL-Debug|x86.ActiveCfg = Debug|Any CPU
		{1785D77D-7AEB-4F7E-BBC5-B19B26BBFD79}.SDL-Debug|x86.Build.0 = Debug|Any CPU
		{1785D77D-7AEB-4F7E-BBC5-B19B26BBFD79}.Static lib - Debug|Any CPU.ActiveCfg = Debug|Any CPU
		{1785D77D-7AEB-4F7E-BBC5-B19B26BBFD79}.Static lib - Debug|Any CPU.Build.0 = Debug|Any CPU
		{1785D77D-7AEB-4F7E-BBC5-B19B26BBFD79}.Static lib - Debug|x64.ActiveCfg = Debug|Any CPU
		{1785D77D-7AEB-4F7E-BBC5-B19B26BBFD79}.Static lib - Debug|x64.Build.0 = Debug|Any CPU
		{1785D77D-7AEB-4F7E-BBC5-B19B26BBFD79}.Static lib - Debug|x86.ActiveCfg = Debug|Any CPU
		{1785D77D-7AEB-4F7E-BBC5-B19B26BBFD79}.Static lib - Debug|x86.Build.0 = Debug|Any CPU
		{1785D77D-7AEB-4F7E-BBC5-B19B26BBFD79}.Static lib - Release - Fast FPU|Any CPU.ActiveCfg = Release|Any CPU
		{1785D77D-7AEB-4F7E-BBC5-B19B26BBFD79}.Static lib - Release - Fast FPU|Any CPU.Build.0 = Release|Any CPU
		{1785D77D-7AEB-4F7E-BBC5-B19B26BBFD79}.Static lib - Release - Fast FPU|x64.ActiveCfg = Release|Any CPU
		{1785D77D-7AEB-4F7E-BBC5-B19B26BBFD79}.Static lib - Release - Fast FPU|x64.Build.0 = Release|Any CPU
		{1785D77D-7AEB-4F7E-BBC5-B19B26BBFD79}.Static lib - Release - Fast FPU|x86.ActiveCfg = Release|Any CPU
		{1785D77D-7AEB-4F7E-BBC5-B19B26BBFD79}.Static lib - Release - Fast FPU|x86.Build.0 = Release|Any CPU
		{1785D77D-7AEB-4F7E-BBC5-B19B26BBFD79}.Static lib - Release|Any CPU.ActiveCfg = Release|Any CPU
		{1785D77D-7AEB-4F7E-BBC5-B19B26BBFD79}.Static lib - Release|Any CPU.Build.0 = Release|Any CPU
		{1785D77D-7AEB-4F7E-BBC5-B19B26BBFD79}.Static lib - Release|x64.ActiveCfg = Release|Any CPU
		{1785D77D-7AEB-4F7E-BBC5-B19B26BBFD79}.Static lib - Release|x64.Build.0 = Release|Any CPU
		{1785D77D-7AEB-4F7E-BBC5-B19B26BBFD79}.Static lib - Release|x86.ActiveCfg = Release|Any CPU
		{1785D77D-7AEB-4F7E-BBC5-B19B26BBFD79}.Static lib - Release|x86.Build.0 = Release|Any CPU
	EndGlobalSection
	GlobalSection(SolutionProperties) = preSolution
		HideSolutionNode = FALSE
	EndGlobalSection
	GlobalSection(NestedProjects) = preSolution
		{9C026DA7-481D-43C6-8C18-635D69FDB423} = {2EA6F0B1-7000-4E49-8629-97F69A30142C}
		{031DD6DA-B643-4C2A-A30D-A2E2212724C2} = {2EA6F0B1-7000-4E49-8629-97F69A30142C}
		{F60B8974-617D-45B5-BD33-68A9F739DE4F} = {D3683074-E94B-4B29-B898-63672E4AD752}
		{D4D390BB-C14D-423A-861A-470BED6D40A9} = {487EA06E-77DB-4964-BE28-76141D241E06}
		{ED8884AB-9F02-41C6-AF28-F901AE924A3F} = {7EF84774-B230-4947-AD95-B262BA3F78D1}
		{99CAC070-176B-4176-A4FE-A815D1CA9BF0} = {ED8884AB-9F02-41C6-AF28-F901AE924A3F}
		{B5404EF5-0F52-4B2B-9AA2-4B35864E8B2F} = {7DED2833-D255-4CAA-A82F-8DC2D32E9F4F}
		{283EA282-F15F-4978-8FF4-43EFE7A9EF69} = {13670C98-1505-4617-89CF-65B5F7217369}
		{7DED2833-D255-4CAA-A82F-8DC2D32E9F4F} = {B0D24D17-3F30-4E38-808F-491B25F437DA}
		{2EA6F0B1-7000-4E49-8629-97F69A30142C} = {B0D24D17-3F30-4E38-808F-491B25F437DA}
		{D3683074-E94B-4B29-B898-63672E4AD752} = {B0D24D17-3F30-4E38-808F-491B25F437DA}
		{487EA06E-77DB-4964-BE28-76141D241E06} = {B0D24D17-3F30-4E38-808F-491B25F437DA}
		{B850C5FC-1B02-4735-854F-2D45778B856C} = {13670C98-1505-4617-89CF-65B5F7217369}
		{4EDAC86D-A012-4ECA-9CAE-B3036FBC2BB9} = {5752F9DD-6CAD-47EF-8786-93A1F19D74D7}
		{EC148C12-0D84-45A9-9EB7-68DB7ABC0574} = {2EA6F0B1-7000-4E49-8629-97F69A30142C}
		{1785D77D-7AEB-4F7E-BBC5-B19B26BBFD79} = {13670C98-1505-4617-89CF-65B5F7217369}
	EndGlobalSection
	GlobalSection(ExtensibilityGlobals) = postSolution
		SolutionGuid = {7E26A334-EB40-465D-85F1-2AEE9D65F46A}
	EndGlobalSection
EndGlobal
