<?xml version="1.0" encoding="utf-8"?>
<Project ToolsVersion="4.0" xmlns="http://schemas.microsoft.com/developer/msbuild/2003">
  <ItemGroup>
    <Filter Include="Video">
      <UniqueIdentifier>{79265958-7641-4e64-9f46-27a953687e36}</UniqueIdentifier>
    </Filter>
    <Filter Include="Core">
      <UniqueIdentifier>{5c39c9d2-9546-4f6a-ad82-341de56739d1}</UniqueIdentifier>
    </Filter>
    <Filter Include="Scene">
      <UniqueIdentifier>{63ccf941-190b-4a86-a186-5b8cac2396e1}</UniqueIdentifier>
    </Filter>
    <Filter Include="GUI">
      <UniqueIdentifier>{610a5ea8-9fe5-4f5e-bfd0-e3844f2406f4}</UniqueIdentifier>
    </Filter>
    <Filter Include="IO">
      <UniqueIdentifier>{878544ac-5868-401d-9d80-0030f76eec8a}</UniqueIdentifier>
    </Filter>
  </ItemGroup>
  <ItemGroup>
    <ClInclude Include="AntiAliasingMode.h">
      <Filter>Video</Filter>
    </ClInclude>
    <ClInclude Include="Color.h">
      <Filter>Video</Filter>
    </ClInclude>
    <ClInclude Include="ColorFormat.h">
      <Filter>Video</Filter>
    </ClInclude>
    <ClInclude Include="ColorMaterial.h">
      <Filter>Video</Filter>
    </ClInclude>
    <ClInclude Include="ColorPlane.h">
      <Filter>Video</Filter>
    </ClInclude>
    <ClInclude Include="DriverType.h">
      <Filter>Video</Filter>
    </ClInclude>
    <ClInclude Include="ExposedVideoData.h">
      <Filter>Video</Filter>
    </ClInclude>
    <ClInclude Include="Fog.h">
      <Filter>Video</Filter>
    </ClInclude>
    <ClInclude Include="FogType.h">
      <Filter>Video</Filter>
    </ClInclude>
    <ClInclude Include="GeometryShaderType.h">
      <Filter>Video</Filter>
    </ClInclude>
    <ClInclude Include="GPUProgrammingServices.h">
      <Filter>Video</Filter>
    </ClInclude>
    <ClInclude Include="Image.h">
      <Filter>Video</Filter>
    </ClInclude>
    <ClInclude Include="ImageLoader.h">
      <Filter>Video</Filter>
    </ClInclude>
    <ClInclude Include="IndexType.h">
      <Filter>Video</Filter>
    </ClInclude>
    <ClInclude Include="Light.h">
      <Filter>Video</Filter>
    </ClInclude>
    <ClInclude Include="LightType.h">
      <Filter>Video</Filter>
    </ClInclude>
    <ClInclude Include="Material.h">
      <Filter>Video</Filter>
    </ClInclude>
    <ClInclude Include="MaterialFlag.h">
      <Filter>Video</Filter>
    </ClInclude>
    <ClInclude Include="MaterialLayer.h">
      <Filter>Video</Filter>
    </ClInclude>
    <ClInclude Include="MaterialRenderer.h">
      <Filter>Video</Filter>
    </ClInclude>
    <ClInclude Include="MaterialRendererServices.h">
      <Filter>Video</Filter>
    </ClInclude>
    <ClInclude Include="PixelShaderType.h">
      <Filter>Video</Filter>
    </ClInclude>
    <ClInclude Include="ShaderCallBackInheritor.h">
      <Filter>Video</Filter>
    </ClInclude>
    <ClInclude Include="Texture.h">
      <Filter>Video</Filter>
    </ClInclude>
    <ClInclude Include="TextureClamp.h">
      <Filter>Video</Filter>
    </ClInclude>
    <ClInclude Include="TextureCreationFlag.h">
      <Filter>Video</Filter>
    </ClInclude>
    <ClInclude Include="TextureLockMode.h">
      <Filter>Video</Filter>
    </ClInclude>
    <ClInclude Include="TexturePainter.h">
      <Filter>Video</Filter>
    </ClInclude>
    <ClInclude Include="TransformationState.h">
      <Filter>Video</Filter>
    </ClInclude>
    <ClInclude Include="Vertex.h">
      <Filter>Video</Filter>
    </ClInclude>
    <ClInclude Include="Vertex_template.h">
      <Filter>Video</Filter>
    </ClInclude>
    <ClInclude Include="VertexShaderType.h">
      <Filter>Video</Filter>
    </ClInclude>
    <ClInclude Include="VertexType.h">
      <Filter>Video</Filter>
    </ClInclude>
    <ClInclude Include="VideoDriver.h">
      <Filter>Video</Filter>
    </ClInclude>
    <ClInclude Include="VideoDriverFeature.h">
      <Filter>Video</Filter>
    </ClInclude>
    <ClInclude Include="VideoMode.h">
      <Filter>Video</Filter>
    </ClInclude>
    <ClInclude Include="VideoModeAspectRatio.h">
      <Filter>Video</Filter>
    </ClInclude>
    <ClInclude Include="VideoModeList.h">
      <Filter>Video</Filter>
    </ClInclude>
    <ClInclude Include="AABBox.h">
      <Filter>Core</Filter>
    </ClInclude>
    <ClInclude Include="Dimension.h">
      <Filter>Core</Filter>
    </ClInclude>
    <ClInclude Include="Dimension2D_template.h">
      <Filter>Core</Filter>
    </ClInclude>
    <ClInclude Include="Dimension2Df.h">
      <Filter>Core</Filter>
    </ClInclude>
    <ClInclude Include="Dimension2Di.h">
      <Filter>Core</Filter>
    </ClInclude>
    <ClInclude Include="Line.h">
      <Filter>Core</Filter>
    </ClInclude>
    <ClInclude Include="Matrix.h">
      <Filter>Core</Filter>
    </ClInclude>
    <ClInclude Include="Plane.h">
      <Filter>Core</Filter>
    </ClInclude>
    <ClInclude Include="Quaternion.h">
      <Filter>Core</Filter>
    </ClInclude>
    <ClInclude Include="Rect.h">
      <Filter>Core</Filter>
    </ClInclude>
    <ClInclude Include="Rect_template.h">
      <Filter>Core</Filter>
    </ClInclude>
    <ClInclude Include="Triangle.h">
      <Filter>Core</Filter>
    </ClInclude>
    <ClInclude Include="Vector.h">
      <Filter>Core</Filter>
    </ClInclude>
    <ClInclude Include="AnimatedMesh.h">
      <Filter>Scene</Filter>
    </ClInclude>
    <ClInclude Include="AnimatedMeshSceneNode.h">
      <Filter>Scene</Filter>
    </ClInclude>
    <ClInclude Include="AnimatedMeshType.h">
      <Filter>Scene</Filter>
    </ClInclude>
    <ClInclude Include="AnimationTypeMD2.h">
      <Filter>Scene</Filter>
    </ClInclude>
    <ClInclude Include="BillboardSceneNode.h">
      <Filter>Scene</Filter>
    </ClInclude>
    <ClInclude Include="BillboardTextSceneNode.h">
      <Filter>Scene</Filter>
    </ClInclude>
    <ClInclude Include="BoneAnimationMode.h">
      <Filter>Scene</Filter>
    </ClInclude>
    <ClInclude Include="BoneSceneNode.h">
      <Filter>Scene</Filter>
    </ClInclude>
    <ClInclude Include="BoneSkinningSpace.h">
      <Filter>Scene</Filter>
    </ClInclude>
    <ClInclude Include="CameraFPSSceneNodeAnimator.h">
      <Filter>Scene</Filter>
    </ClInclude>
    <ClInclude Include="CameraMayaSceneNodeAnimator.h">
      <Filter>Scene</Filter>
    </ClInclude>
    <ClInclude Include="CameraSceneNode.h">
      <Filter>Scene</Filter>
    </ClInclude>
    <ClInclude Include="CollisionResponseSceneNodeAnimator.h">
      <Filter>Scene</Filter>
    </ClInclude>
    <ClInclude Include="CullingType.h">
      <Filter>Scene</Filter>
    </ClInclude>
    <ClInclude Include="DebugSceneType.h">
      <Filter>Scene</Filter>
    </ClInclude>
    <ClInclude Include="DummyTransformationSceneNode.h">
      <Filter>Scene</Filter>
    </ClInclude>
    <ClInclude Include="DynamicMeshBuffer.h">
      <Filter>Scene</Filter>
    </ClInclude>
    <ClInclude Include="GeometryCreator.h">
      <Filter>Scene</Filter>
    </ClInclude>
    <ClInclude Include="HardwareBufferType.h">
      <Filter>Scene</Filter>
    </ClInclude>
    <ClInclude Include="HardwareMappingHint.h">
      <Filter>Scene</Filter>
    </ClInclude>
    <ClInclude Include="IndexBuffer.h">
      <Filter>Scene</Filter>
    </ClInclude>
    <ClInclude Include="InterpolationMode.h">
      <Filter>Scene</Filter>
    </ClInclude>
    <ClInclude Include="JointUpdateOnRender.h">
      <Filter>Scene</Filter>
    </ClInclude>
    <ClInclude Include="LightSceneNode.h">
      <Filter>Scene</Filter>
    </ClInclude>
    <ClInclude Include="Mesh.h">
      <Filter>Scene</Filter>
    </ClInclude>
    <ClInclude Include="MeshBuffer.h">
      <Filter>Scene</Filter>
    </ClInclude>
    <ClInclude Include="MeshCache.h">
      <Filter>Scene</Filter>
    </ClInclude>
    <ClInclude Include="MeshLoader.h">
      <Filter>Scene</Filter>
    </ClInclude>
    <ClInclude Include="MeshManipulator.h">
      <Filter>Scene</Filter>
    </ClInclude>
    <ClInclude Include="MeshSceneNode.h">
      <Filter>Scene</Filter>
    </ClInclude>
    <ClInclude Include="MetaTriangleSelector.h">
      <Filter>Scene</Filter>
    </ClInclude>
    <ClInclude Include="Particle.h">
      <Filter>Scene</Filter>
    </ClInclude>
    <ClInclude Include="ParticleAffector.h">
      <Filter>Scene</Filter>
    </ClInclude>
    <ClInclude Include="ParticleAffectorType.h">
      <Filter>Scene</Filter>
    </ClInclude>
    <ClInclude Include="ParticleAnimatedMeshSceneNodeEmitter.h">
      <Filter>Scene</Filter>
    </ClInclude>
    <ClInclude Include="ParticleAttractionAffector.h">
      <Filter>Scene</Filter>
    </ClInclude>
    <ClInclude Include="ParticleBoxEmitter.h">
      <Filter>Scene</Filter>
    </ClInclude>
    <ClInclude Include="ParticleCylinderEmitter.h">
      <Filter>Scene</Filter>
    </ClInclude>
    <ClInclude Include="ParticleEmitter.h">
      <Filter>Scene</Filter>
    </ClInclude>
    <ClInclude Include="ParticleEmitterType.h">
      <Filter>Scene</Filter>
    </ClInclude>
    <ClInclude Include="ParticleFadeOutAffector.h">
      <Filter>Scene</Filter>
    </ClInclude>
    <ClInclude Include="ParticleGravityAffector.h">
      <Filter>Scene</Filter>
    </ClInclude>
    <ClInclude Include="ParticleMeshEmitter.h">
      <Filter>Scene</Filter>
    </ClInclude>
    <ClInclude Include="ParticleRingEmitter.h">
      <Filter>Scene</Filter>
    </ClInclude>
    <ClInclude Include="ParticleRotationAffector.h">
      <Filter>Scene</Filter>
    </ClInclude>
    <ClInclude Include="ParticleSphereEmitter.h">
      <Filter>Scene</Filter>
    </ClInclude>
    <ClInclude Include="ParticleSystemSceneNode.h">
      <Filter>Scene</Filter>
    </ClInclude>
    <ClInclude Include="PrimitiveType.h">
      <Filter>Scene</Filter>
    </ClInclude>
    <ClInclude Include="SceneCollisionManager.h">
      <Filter>Scene</Filter>
    </ClInclude>
    <ClInclude Include="SceneLoader.h">
      <Filter>Scene</Filter>
    </ClInclude>
    <ClInclude Include="SceneManager.h">
      <Filter>Scene</Filter>
    </ClInclude>
    <ClInclude Include="SceneNode.h">
      <Filter>Scene</Filter>
    </ClInclude>
    <ClInclude Include="SceneNodeAnimator.h">
      <Filter>Scene</Filter>
    </ClInclude>
    <ClInclude Include="SceneNodeAnimatorType.h">
      <Filter>Scene</Filter>
    </ClInclude>
    <ClInclude Include="SceneNodeInheritor.h">
      <Filter>Scene</Filter>
    </ClInclude>
    <ClInclude Include="SceneNodeRenderPass.h">
      <Filter>Scene</Filter>
    </ClInclude>
    <ClInclude Include="SceneNodeType.h">
      <Filter>Scene</Filter>
    </ClInclude>
    <ClInclude Include="ShadowVolumeSceneNode.h">
      <Filter>Scene</Filter>
    </ClInclude>
    <ClInclude Include="SkinnedMesh.h">
      <Filter>Scene</Filter>
    </ClInclude>
    <ClInclude Include="TerrainPatchSize.h">
      <Filter>Scene</Filter>
    </ClInclude>
    <ClInclude Include="TerrainSceneNode.h">
      <Filter>Scene</Filter>
    </ClInclude>
    <ClInclude Include="TextSceneNode.h">
      <Filter>Scene</Filter>
    </ClInclude>
    <ClInclude Include="TriangleSelector.h">
      <Filter>Scene</Filter>
    </ClInclude>
    <ClInclude Include="VertexBuffer.h">
      <Filter>Scene</Filter>
    </ClInclude>
    <ClInclude Include="ViewFrustum.h">
      <Filter>Scene</Filter>
    </ClInclude>
    <ClInclude Include="VolumeLightSceneNode.h">
      <Filter>Scene</Filter>
    </ClInclude>
    <ClInclude Include="CursorControl.h">
      <Filter>GUI</Filter>
    </ClInclude>
    <ClInclude Include="GUIAlignment.h">
      <Filter>GUI</Filter>
    </ClInclude>
    <ClInclude Include="GUIButton.h">
      <Filter>GUI</Filter>
    </ClInclude>
    <ClInclude Include="GUIButtonState.h">
      <Filter>GUI</Filter>
    </ClInclude>
    <ClInclude Include="GUICheckBox.h">
      <Filter>GUI</Filter>
    </ClInclude>
    <ClInclude Include="GUIColorSelectDialog.h">
      <Filter>GUI</Filter>
    </ClInclude>
    <ClInclude Include="GUIColumnOrdering.h">
      <Filter>GUI</Filter>
    </ClInclude>
    <ClInclude Include="GUIComboBox.h">
      <Filter>GUI</Filter>
    </ClInclude>
    <ClInclude Include="GUIContextMenu.h">
      <Filter>GUI</Filter>
    </ClInclude>
    <ClInclude Include="GUIContextMenuClose.h">
      <Filter>GUI</Filter>
    </ClInclude>
    <ClInclude Include="GUIDefaultColor.h">
      <Filter>GUI</Filter>
    </ClInclude>
    <ClInclude Include="GUIDefaultFont.h">
      <Filter>GUI</Filter>
    </ClInclude>
    <ClInclude Include="GUIDefaultIcon.h">
      <Filter>GUI</Filter>
    </ClInclude>
    <ClInclude Include="GUIDefaultSize.h">
      <Filter>GUI</Filter>
    </ClInclude>
    <ClInclude Include="GUIDefaultText.h">
      <Filter>GUI</Filter>
    </ClInclude>
    <ClInclude Include="GUIEditBox.h">
      <Filter>GUI</Filter>
    </ClInclude>
    <ClInclude Include="GUIElement.h">
      <Filter>GUI</Filter>
    </ClInclude>
    <ClInclude Include="GUIElementType.h">
      <Filter>GUI</Filter>
    </ClInclude>
    <ClInclude Include="GUIEnvironment.h">
      <Filter>GUI</Filter>
    </ClInclude>
    <ClInclude Include="GUIEventType.h">
      <Filter>GUI</Filter>
    </ClInclude>
    <ClInclude Include="GUIFileOpenDialog.h">
      <Filter>GUI</Filter>
    </ClInclude>
    <ClInclude Include="GUIFont.h">
      <Filter>GUI</Filter>
    </ClInclude>
    <ClInclude Include="GUIFontType.h">
      <Filter>GUI</Filter>
    </ClInclude>
    <ClInclude Include="GUIImage.h">
      <Filter>GUI</Filter>
    </ClInclude>
    <ClInclude Include="GUIImageList.h">
      <Filter>GUI</Filter>
    </ClInclude>
    <ClInclude Include="GUIInOutFader.h">
      <Filter>GUI</Filter>
    </ClInclude>
    <ClInclude Include="GUIListBox.h">
      <Filter>GUI</Filter>
    </ClInclude>
    <ClInclude Include="GUIListBoxColor.h">
      <Filter>GUI</Filter>
    </ClInclude>
    <ClInclude Include="GUIMeshViewer.h">
      <Filter>GUI</Filter>
    </ClInclude>
    <ClInclude Include="GUIMessageBoxFlag.h">
      <Filter>GUI</Filter>
    </ClInclude>
    <ClInclude Include="GUIOrderingMode.h">
      <Filter>GUI</Filter>
    </ClInclude>
    <ClInclude Include="GUIScrollBar.h">
      <Filter>GUI</Filter>
    </ClInclude>
    <ClInclude Include="GUISkin.h">
      <Filter>GUI</Filter>
    </ClInclude>
    <ClInclude Include="GUISkinType.h">
      <Filter>GUI</Filter>
    </ClInclude>
    <ClInclude Include="GUISpinBox.h">
      <Filter>GUI</Filter>
    </ClInclude>
    <ClInclude Include="GUISpriteBank.h">
      <Filter>GUI</Filter>
    </ClInclude>
    <ClInclude Include="GUIStaticText.h">
      <Filter>GUI</Filter>
    </ClInclude>
    <ClInclude Include="GUITab.h">
      <Filter>GUI</Filter>
    </ClInclude>
    <ClInclude Include="GUITabControl.h">
      <Filter>GUI</Filter>
    </ClInclude>
    <ClInclude Include="GUITable.h">
      <Filter>GUI</Filter>
    </ClInclude>
    <ClInclude Include="GUITableDrawFlag.h">
      <Filter>GUI</Filter>
    </ClInclude>
    <ClInclude Include="GUIToolBar.h">
      <Filter>GUI</Filter>
    </ClInclude>
    <ClInclude Include="GUITreeView.h">
      <Filter>GUI</Filter>
    </ClInclude>
    <ClInclude Include="GUITreeViewNode.h">
      <Filter>GUI</Filter>
    </ClInclude>
    <ClInclude Include="GUIWindow.h">
      <Filter>GUI</Filter>
    </ClInclude>
    <ClInclude Include="DeviceType.h" />
    <ClInclude Include="Event.h" />
    <ClInclude Include="EventReceiverInheritor.h" />
    <ClInclude Include="EventType.h" />
    <ClInclude Include="IrrlichtCreationParameters.h" />
    <ClInclude Include="IrrlichtDevice.h" />
    <ClInclude Include="JoystickInfo.h" />
    <ClInclude Include="KeyAction.h" />
    <ClInclude Include="KeyCode.h" />
    <ClInclude Include="KeyMap.h" />
    <ClInclude Include="Lime.h" />
    <ClInclude Include="Logger.h" />
    <ClInclude Include="LogLevel.h" />
    <ClInclude Include="MouseEventType.h" />
    <ClInclude Include="OSOperator.h" />
    <ClInclude Include="ReferenceCounted.h" />
    <ClInclude Include="stdafx.h" />
    <ClInclude Include="Timer.h" />
    <ClInclude Include="BlendFactor.h">
      <Filter>Video</Filter>
    </ClInclude>
    <ClInclude Include="BlendOperation.h">
      <Filter>Video</Filter>
    </ClInclude>
    <ClInclude Include="ModulateFunc.h">
      <Filter>Video</Filter>
    </ClInclude>
    <ClInclude Include="ComparisonFunc.h">
      <Filter>Video</Filter>
    </ClInclude>
    <ClInclude Include="AlphaSource.h">
      <Filter>Video</Filter>
    </ClInclude>
    <ClInclude Include="GUIElementInheritor.h">
      <Filter>GUI</Filter>
    </ClInclude>
    <ClInclude Include="Randomizer.h" />
    <ClInclude Include="GPUShadingLanguage.h">
      <Filter>Video</Filter>
    </ClInclude>
    <ClInclude Include="SceneParameters.h">
      <Filter>Scene</Filter>
    </ClInclude>
    <ClInclude Include="CursorPlatformBehavior.h">
      <Filter>GUI</Filter>
    </ClInclude>
    <ClInclude Include="GUISpinBoxValidation.h">
      <Filter>GUI</Filter>
    </ClInclude>
    <ClInclude Include="MaterialType.h">
      <Filter>Video</Filter>
    </ClInclude>
    <ClInclude Include="RenderTarget.h">
      <Filter>Video</Filter>
    </ClInclude>
    <ClInclude Include="Vector_common_template.h">
      <Filter>Core</Filter>
    </ClInclude>
    <ClInclude Include="Vector2D_template.h">
      <Filter>Core</Filter>
    </ClInclude>
    <ClInclude Include="Vector3D_template.h">
      <Filter>Core</Filter>
    </ClInclude>
    <ClInclude Include="ClearBufferFlag.h">
      <Filter>Video</Filter>
    </ClInclude>
    <ClInclude Include="ArchiveLoader.h">
      <Filter>IO</Filter>
    </ClInclude>
    <ClInclude Include="AttributeReadWriteOptions.h">
      <Filter>IO</Filter>
    </ClInclude>
    <ClInclude Include="AttributeExchangingObject.h">
      <Filter>IO</Filter>
    </ClInclude>
    <ClInclude Include="AttributeReadWriteFlag.h">
      <Filter>IO</Filter>
    </ClInclude>
    <ClInclude Include="AttributeType.h">
      <Filter>IO</Filter>
    </ClInclude>
    <ClInclude Include="Attributes.h">
      <Filter>IO</Filter>
    </ClInclude>
    <ClInclude Include="FileSystemType.h">
      <Filter>IO</Filter>
    </ClInclude>
    <ClInclude Include="FileArchive.h">
      <Filter>IO</Filter>
    </ClInclude>
    <ClInclude Include="FileArchiveType.h">
      <Filter>IO</Filter>
    </ClInclude>
    <ClInclude Include="FileList.h">
      <Filter>IO</Filter>
    </ClInclude>
    <ClInclude Include="FileSystem.h">
      <Filter>IO</Filter>
    </ClInclude>
    <ClInclude Include="NamedPath.h">
      <Filter>IO</Filter>
    </ClInclude>
    <ClInclude Include="ReadFile.h">
      <Filter>IO</Filter>
    </ClInclude>
    <ClInclude Include="WriteFile.h">
      <Filter>IO</Filter>
    </ClInclude>
    <ClInclude Include="SJoint.h">
      <Filter>Scene</Filter>
    </ClInclude>
    <ClInclude Include="SPositionKey.h">
      <Filter>Scene</Filter>
    </ClInclude>
    <ClInclude Include="SRotationKey.h">
      <Filter>Scene</Filter>
    </ClInclude>
    <ClInclude Include="SScaleKey.h">
      <Filter>Scene</Filter>
    </ClInclude>
    <ClInclude Include="SWeight.h">
      <Filter>Scene</Filter>
    </ClInclude>
    <ClInclude Include="MeshWriter.h">
      <Filter>Scene</Filter>
    </ClInclude>
    <ClInclude Include="MeshWriterFlag.h">
      <Filter>Scene</Filter>
    </ClInclude>
    <ClInclude Include="MeshWriterType.h">
      <Filter>Scene</Filter>
    </ClInclude>
    <ClInclude Include="StaticMesh.h">
      <Filter>Scene</Filter>
    </ClInclude>
    <ClInclude Include="MeshLoaderHelper.h">
      <Filter>Scene</Filter>
    </ClInclude>
    <ClInclude Include="MeshCombiner.h">
      <Filter>Scene</Filter>
    </ClInclude>
    <ClInclude Include="CameraWolvenKitSceneNodeAnimator.h">
      <Filter>Scene</Filter>
    </ClInclude>
    <ClInclude Include="TerrainSceneNodeWolvenKit.h">
      <Filter>Scene</Filter>
    </ClInclude>
    <ClInclude Include="SceneManagerWolvenKit.h">
      <Filter>Scene</Filter>
    </ClInclude>
  </ItemGroup>
  <ItemGroup>
    <ClCompile Include="GPUProgrammingServices.cpp">
      <Filter>Video</Filter>
    </ClCompile>
    <ClCompile Include="Image.cpp">
      <Filter>Video</Filter>
    </ClCompile>
    <ClCompile Include="ImageLoader.cpp">
      <Filter>Video</Filter>
    </ClCompile>
    <ClCompile Include="Light.cpp">
      <Filter>Video</Filter>
    </ClCompile>
    <ClCompile Include="Material.cpp">
      <Filter>Video</Filter>
    </ClCompile>
    <ClCompile Include="MaterialLayer.cpp">
      <Filter>Video</Filter>
    </ClCompile>
    <ClCompile Include="MaterialRenderer.cpp">
      <Filter>Video</Filter>
    </ClCompile>
    <ClCompile Include="MaterialRendererServices.cpp">
      <Filter>Video</Filter>
    </ClCompile>
    <ClCompile Include="Texture.cpp">
      <Filter>Video</Filter>
    </ClCompile>
    <ClCompile Include="TexturePainter.cpp">
      <Filter>Video</Filter>
    </ClCompile>
    <ClCompile Include="VideoDriver.cpp">
      <Filter>Video</Filter>
    </ClCompile>
    <ClCompile Include="VideoModeList.cpp">
      <Filter>Video</Filter>
    </ClCompile>
    <ClCompile Include="AnimatedMesh.cpp">
      <Filter>Scene</Filter>
    </ClCompile>
    <ClCompile Include="AnimatedMeshSceneNode.cpp">
      <Filter>Scene</Filter>
    </ClCompile>
    <ClCompile Include="BillboardSceneNode.cpp">
      <Filter>Scene</Filter>
    </ClCompile>
    <ClCompile Include="BillboardTextSceneNode.cpp">
      <Filter>Scene</Filter>
    </ClCompile>
    <ClCompile Include="BoneSceneNode.cpp">
      <Filter>Scene</Filter>
    </ClCompile>
    <ClCompile Include="CameraFPSSceneNodeAnimator.cpp">
      <Filter>Scene</Filter>
    </ClCompile>
    <ClCompile Include="CameraMayaSceneNodeAnimator.cpp">
      <Filter>Scene</Filter>
    </ClCompile>
    <ClCompile Include="CameraSceneNode.cpp">
      <Filter>Scene</Filter>
    </ClCompile>
    <ClCompile Include="CollisionResponseSceneNodeAnimator.cpp">
      <Filter>Scene</Filter>
    </ClCompile>
    <ClCompile Include="DummyTransformationSceneNode.cpp">
      <Filter>Scene</Filter>
    </ClCompile>
    <ClCompile Include="DynamicMeshBuffer.cpp">
      <Filter>Scene</Filter>
    </ClCompile>
    <ClCompile Include="GeometryCreator.cpp">
      <Filter>Scene</Filter>
    </ClCompile>
    <ClCompile Include="IndexBuffer.cpp">
      <Filter>Scene</Filter>
    </ClCompile>
    <ClCompile Include="LightSceneNode.cpp">
      <Filter>Scene</Filter>
    </ClCompile>
    <ClCompile Include="Mesh.cpp">
      <Filter>Scene</Filter>
    </ClCompile>
    <ClCompile Include="MeshBuffer.cpp">
      <Filter>Scene</Filter>
    </ClCompile>
    <ClCompile Include="MeshCache.cpp">
      <Filter>Scene</Filter>
    </ClCompile>
    <ClCompile Include="MeshLoader.cpp">
      <Filter>Scene</Filter>
    </ClCompile>
    <ClCompile Include="MeshManipulator.cpp">
      <Filter>Scene</Filter>
    </ClCompile>
    <ClCompile Include="MeshSceneNode.cpp">
      <Filter>Scene</Filter>
    </ClCompile>
    <ClCompile Include="MetaTriangleSelector.cpp">
      <Filter>Scene</Filter>
    </ClCompile>
    <ClCompile Include="Particle.cpp">
      <Filter>Scene</Filter>
    </ClCompile>
    <ClCompile Include="ParticleAffector.cpp">
      <Filter>Scene</Filter>
    </ClCompile>
    <ClCompile Include="ParticleAnimatedMeshSceneNodeEmitter.cpp">
      <Filter>Scene</Filter>
    </ClCompile>
    <ClCompile Include="ParticleAttractionAffector.cpp">
      <Filter>Scene</Filter>
    </ClCompile>
    <ClCompile Include="ParticleBoxEmitter.cpp">
      <Filter>Scene</Filter>
    </ClCompile>
    <ClCompile Include="ParticleCylinderEmitter.cpp">
      <Filter>Scene</Filter>
    </ClCompile>
    <ClCompile Include="ParticleEmitter.cpp">
      <Filter>Scene</Filter>
    </ClCompile>
    <ClCompile Include="ParticleFadeOutAffector.cpp">
      <Filter>Scene</Filter>
    </ClCompile>
    <ClCompile Include="ParticleGravityAffector.cpp">
      <Filter>Scene</Filter>
    </ClCompile>
    <ClCompile Include="ParticleMeshEmitter.cpp">
      <Filter>Scene</Filter>
    </ClCompile>
    <ClCompile Include="ParticleRingEmitter.cpp">
      <Filter>Scene</Filter>
    </ClCompile>
    <ClCompile Include="ParticleRotationAffector.cpp">
      <Filter>Scene</Filter>
    </ClCompile>
    <ClCompile Include="ParticleSphereEmitter.cpp">
      <Filter>Scene</Filter>
    </ClCompile>
    <ClCompile Include="ParticleSystemSceneNode.cpp">
      <Filter>Scene</Filter>
    </ClCompile>
    <ClCompile Include="SceneCollisionManager.cpp">
      <Filter>Scene</Filter>
    </ClCompile>
    <ClCompile Include="SceneLoader.cpp">
      <Filter>Scene</Filter>
    </ClCompile>
    <ClCompile Include="SceneManager.cpp">
      <Filter>Scene</Filter>
    </ClCompile>
    <ClCompile Include="SceneNode.cpp">
      <Filter>Scene</Filter>
    </ClCompile>
    <ClCompile Include="SceneNodeAnimator.cpp">
      <Filter>Scene</Filter>
    </ClCompile>
    <ClCompile Include="ShadowVolumeSceneNode.cpp">
      <Filter>Scene</Filter>
    </ClCompile>
    <ClCompile Include="SkinnedMesh.cpp">
      <Filter>Scene</Filter>
    </ClCompile>
    <ClCompile Include="TerrainSceneNode.cpp">
      <Filter>Scene</Filter>
    </ClCompile>
    <ClCompile Include="TextSceneNode.cpp">
      <Filter>Scene</Filter>
    </ClCompile>
    <ClCompile Include="TriangleSelector.cpp">
      <Filter>Scene</Filter>
    </ClCompile>
    <ClCompile Include="VertexBuffer.cpp">
      <Filter>Scene</Filter>
    </ClCompile>
    <ClCompile Include="VolumeLightSceneNode.cpp">
      <Filter>Scene</Filter>
    </ClCompile>
    <ClCompile Include="CursorControl.cpp">
      <Filter>GUI</Filter>
    </ClCompile>
    <ClCompile Include="GUIButton.cpp">
      <Filter>GUI</Filter>
    </ClCompile>
    <ClCompile Include="GUICheckBox.cpp">
      <Filter>GUI</Filter>
    </ClCompile>
    <ClCompile Include="GUIColorSelectDialog.cpp">
      <Filter>GUI</Filter>
    </ClCompile>
    <ClCompile Include="GUIComboBox.cpp">
      <Filter>GUI</Filter>
    </ClCompile>
    <ClCompile Include="GUIContextMenu.cpp">
      <Filter>GUI</Filter>
    </ClCompile>
    <ClCompile Include="GUIEditBox.cpp">
      <Filter>GUI</Filter>
    </ClCompile>
    <ClCompile Include="GUIElement.cpp">
      <Filter>GUI</Filter>
    </ClCompile>
    <ClCompile Include="GUIEnvironment.cpp">
      <Filter>GUI</Filter>
    </ClCompile>
    <ClCompile Include="GUIFileOpenDialog.cpp">
      <Filter>GUI</Filter>
    </ClCompile>
    <ClCompile Include="GUIFont.cpp">
      <Filter>GUI</Filter>
    </ClCompile>
    <ClCompile Include="GUIImage.cpp">
      <Filter>GUI</Filter>
    </ClCompile>
    <ClCompile Include="GUIImageList.cpp">
      <Filter>GUI</Filter>
    </ClCompile>
    <ClCompile Include="GUIInOutFader.cpp">
      <Filter>GUI</Filter>
    </ClCompile>
    <ClCompile Include="GUIListBox.cpp">
      <Filter>GUI</Filter>
    </ClCompile>
    <ClCompile Include="GUIMeshViewer.cpp">
      <Filter>GUI</Filter>
    </ClCompile>
    <ClCompile Include="GUIScrollBar.cpp">
      <Filter>GUI</Filter>
    </ClCompile>
    <ClCompile Include="GUISkin.cpp">
      <Filter>GUI</Filter>
    </ClCompile>
    <ClCompile Include="GUISpinBox.cpp">
      <Filter>GUI</Filter>
    </ClCompile>
    <ClCompile Include="GUISpriteBank.cpp">
      <Filter>GUI</Filter>
    </ClCompile>
    <ClCompile Include="GUIStaticText.cpp">
      <Filter>GUI</Filter>
    </ClCompile>
    <ClCompile Include="GUITab.cpp">
      <Filter>GUI</Filter>
    </ClCompile>
    <ClCompile Include="GUITabControl.cpp">
      <Filter>GUI</Filter>
    </ClCompile>
    <ClCompile Include="GUITable.cpp">
      <Filter>GUI</Filter>
    </ClCompile>
    <ClCompile Include="GUIToolBar.cpp">
      <Filter>GUI</Filter>
    </ClCompile>
    <ClCompile Include="GUITreeView.cpp">
      <Filter>GUI</Filter>
    </ClCompile>
    <ClCompile Include="GUITreeViewNode.cpp">
      <Filter>GUI</Filter>
    </ClCompile>
    <ClCompile Include="GUIWindow.cpp">
      <Filter>GUI</Filter>
    </ClCompile>
    <ClCompile Include="AssemblyInfo.cpp" />
    <ClCompile Include="Event.cpp" />
    <ClCompile Include="IrrlichtDevice.cpp" />
    <ClCompile Include="Logger.cpp" />
    <ClCompile Include="OSOperator.cpp" />
    <ClCompile Include="ReferenceCounted.cpp" />
    <ClCompile Include="stdafx.cpp" />
    <ClCompile Include="Timer.cpp" />
    <ClCompile Include="Randomizer.cpp" />
    <ClCompile Include="ArchiveLoader.cpp">
      <Filter>IO</Filter>
    </ClCompile>
    <ClCompile Include="AttributeExchangingObject.cpp">
      <Filter>IO</Filter>
    </ClCompile>
    <ClCompile Include="FileArchive.cpp">
      <Filter>IO</Filter>
    </ClCompile>
    <ClCompile Include="FileList.cpp">
      <Filter>IO</Filter>
    </ClCompile>
    <ClCompile Include="FileSystem.cpp">
      <Filter>IO</Filter>
    </ClCompile>
    <ClCompile Include="ReadFile.cpp">
      <Filter>IO</Filter>
    </ClCompile>
    <ClCompile Include="WriteFile.cpp">
      <Filter>IO</Filter>
    </ClCompile>
    <ClCompile Include="Attributes.cpp">
      <Filter>IO</Filter>
    </ClCompile>
    <ClCompile Include="SJoint.cpp">
      <Filter>Scene</Filter>
    </ClCompile>
    <ClCompile Include="SPositionKey.cpp">
      <Filter>Scene</Filter>
    </ClCompile>
    <ClCompile Include="SRotationKey.cpp">
      <Filter>Scene</Filter>
    </ClCompile>
    <ClCompile Include="SScaleKey.cpp">
      <Filter>Scene</Filter>
    </ClCompile>
    <ClCompile Include="SWeight.cpp">
      <Filter>Scene</Filter>
    </ClCompile>
    <ClCompile Include="MeshWriter.cpp">
      <Filter>Scene</Filter>
    </ClCompile>
    <ClCompile Include="StaticMesh.cpp">
      <Filter>Scene</Filter>
    </ClCompile>
    <ClCompile Include="MeshLoaderHelper.cpp">
      <Filter>Scene</Filter>
    </ClCompile>
    <ClCompile Include="MeshCombiner.cpp">
      <Filter>Scene</Filter>
    </ClCompile>
    <ClCompile Include="CameraWolvenKitSceneNodeAnimator.cpp">
      <Filter>Scene</Filter>
    </ClCompile>
    <ClCompile Include="TerrainSceneNodeWolvenKit.cpp">
      <Filter>Scene</Filter>
    </ClCompile>
    <ClCompile Include="SceneManagerWolvenKit.cpp">
      <Filter>Scene</Filter>
    </ClCompile>
  </ItemGroup>
</Project>