// !$*UTF8*$!
{
	archiveVersion = 1;
	classes = {
	};
	objectVersion = 46;
	objects = {

/* Begin PBXBuildFile section */
		5E34CC751B7F8EEF00F212E8 /* main.cpp in Sources */ = {isa = PBXBuildFile; fileRef = 5E34CC741B7F8EEF00F212E8 /* main.cpp */; };
		5E8570B61B7F9A3200B267D2 /* Cocoa.framework in Frameworks */ = {isa = PBXBuildFile; fileRef = 5E8570B01B7F99F500B267D2 /* Cocoa.framework */; };
		5E8570B71B7F9A3200B267D2 /* IOKit.framework in Frameworks */ = {isa = PBXBuildFile; fileRef = 5E8570B41B7F9A0700B267D2 /* IOKit.framework */; };
		5E8570B81B7F9A3200B267D2 /* OpenGL.framework in Frameworks */ = {isa = PBXBuildFile; fileRef = 5E8570B21B7F99FE00B267D2 /* OpenGL.framework */; };
		5E8570BF1B7F9D3A00B267D2 /* media in Resources */ = {isa = PBXBuildFile; fileRef = 5E8570BE1B7F9D3A00B267D2 /* media */; };
		5E8571181B7FBE8D00B267D2 /* libIrrlicht.a in Frameworks */ = {isa = PBXBuildFile; fileRef = 5E34CC781B7F90A000F212E8 /* libIrrlicht.a */; };
/* End PBXBuildFile section */

/* Begin PBXFileReference section */
		5E34CC511B7F8E6E00F212E8 /* 15.LoadIrrFile.app */ = {isa = PBXFileReference; explicitFileType = wrapper.application; includeInIndex = 0; path = 15.LoadIrrFile.app; sourceTree = BUILT_PRODUCTS_DIR; };
		5E34CC741B7F8EEF00F212E8 /* main.cpp */ = {isa = PBXFileReference; fileEncoding = 4; lastKnownFileType = sourcecode.cpp.cpp; path = main.cpp; sourceTree = "<group>"; };
		5E34CC781B7F90A000F212E8 /* libIrrlicht.a */ = {isa = PBXFileReference; lastKnownFileType = archive.ar; name = libIrrlicht.a; path = ../../lib/OSX/libIrrlicht.a; sourceTree = "<group>"; };
		5E8570B01B7F99F500B267D2 /* Cocoa.framework */ = {isa = PBXFileReference; lastKnownFileType = wrapper.framework; name = Cocoa.framework; path = System/Library/Frameworks/Cocoa.framework; sourceTree = SDKROOT; };
		5E8570B21B7F99FE00B267D2 /* OpenGL.framework */ = {isa = PBXFileReference; lastKnownFileType = wrapper.framework; name = OpenGL.framework; path = System/Library/Frameworks/OpenGL.framework; sourceTree = SDKROOT; };
		5E8570B41B7F9A0700B267D2 /* IOKit.framework */ = {isa = PBXFileReference; lastKnownFileType = wrapper.framework; name = IOKit.framework; path = System/Library/Frameworks/IOKit.framework; sourceTree = SDKROOT; };
		5E8570BE1B7F9D3A00B267D2 /* media */ = {isa = PBXFileReference; lastKnownFileType = folder; name = media; path = ../../media; sourceTree = "<group>"; };
/* End PBXFileReference section */

/* Begin PBXFrameworksBuildPhase section */
		5E34CC4E1B7F8E6E00F212E8 /* Frameworks */ = {
			isa = PBXFrameworksBuildPhase;
			buildActionMask = 2147483647;
			files = (
				5E8570B61B7F9A3200B267D2 /* Cocoa.framework in Frameworks */,
				5E8570B71B7F9A3200B267D2 /* IOKit.framework in Frameworks */,
				5E8570B81B7F9A3200B267D2 /* OpenGL.framework in Frameworks */,
				5E8571181B7FBE8D00B267D2 /* libIrrlicht.a in Frameworks */,
			);
			runOnlyForDeploymentPostprocessing = 0;
		};
/* End PBXFrameworksBuildPhase section */

/* Begin PBXGroup section */
		5E34C6D81B7F4A0C00F212E8 = {
			isa = PBXGroup;
			children = (
				5E34CC741B7F8EEF00F212E8 /* main.cpp */,
				5E34CC761B7F905600F212E8 /* Libraries */,
				5E34CC521B7F8E6E00F212E8 /* Products */,
				5E34CC771B7F906D00F212E8 /* Resources */,
			);
			sourceTree = "<group>";
		};
		5E34CC521B7F8E6E00F212E8 /* Products */ = {
			isa = PBXGroup;
			children = (
				5E34CC511B7F8E6E00F212E8 /* 15.LoadIrrFile.app */,
			);
			name = Products;
			sourceTree = "<group>";
		};
		5E34CC761B7F905600F212E8 /* Libraries */ = {
			isa = PBXGroup;
			children = (
				5E8570B01B7F99F500B267D2 /* Cocoa.framework */,
				5E8570B41B7F9A0700B267D2 /* IOKit.framework */,
				5E8570B21B7F99FE00B267D2 /* OpenGL.framework */,
				5E34CC781B7F90A000F212E8 /* libIrrlicht.a */,
			);
			name = Libraries;
			sourceTree = "<group>";
		};
		5E34CC771B7F906D00F212E8 /* Resources */ = {
			isa = PBXGroup;
			children = (
				5E8570BE1B7F9D3A00B267D2 /* media */,
			);
			name = Resources;
			sourceTree = "<group>";
		};
/* End PBXGroup section */

/* Begin PBXNativeTarget section */
		5E34CC501B7F8E6E00F212E8 /* 15.LoadIrrFile */ = {
			isa = PBXNativeTarget;
			buildConfigurationList = 5E34CC701B7F8E6E00F212E8 /* Build configuration list for PBXNativeTarget "15.LoadIrrFile" */;
			buildPhases = (
				5E34CC4D1B7F8E6E00F212E8 /* Sources */,
				5E34CC4E1B7F8E6E00F212E8 /* Frameworks */,
				5E34CC4F1B7F8E6E00F212E8 /* Resources */,
			);
			buildRules = (
			);
			dependencies = (
			);
			name = 15.LoadIrrFile;
			productName = 01.HelloWorld;
			productReference = 5E34CC511B7F8E6E00F212E8 /* 15.LoadIrrFile.app */;
			productType = "com.apple.product-type.application";
		};
/* End PBXNativeTarget section */

/* Begin PBXProject section */
		5E34C6D91B7F4A0C00F212E8 /* Project object */ = {
			isa = PBXProject;
			attributes = {
				LastUpgradeCheck = 0710;
				TargetAttributes = {
					5E34CC501B7F8E6E00F212E8 = {
						CreatedOnToolsVersion = 6.1;
					};
				};
			};
			buildConfigurationList = 5E34C6DC1B7F4A0C00F212E8 /* Build configuration list for PBXProject "LoadIrrFile" */;
			compatibilityVersion = "Xcode 3.2";
			developmentRegion = English;
			hasScannedForEncodings = 0;
			knownRegions = (
				en,
				Base,
			);
			mainGroup = 5E34C6D81B7F4A0C00F212E8;
			productRefGroup = 5E34CC521B7F8E6E00F212E8 /* Products */;
			projectDirPath = "";
			projectRoot = "";
			targets = (
				5E34CC501B7F8E6E00F212E8 /* 15.LoadIrrFile */,
			);
		};
/* End PBXProject section */

/* Begin PBXResourcesBuildPhase section */
		5E34CC4F1B7F8E6E00F212E8 /* Resources */ = {
			isa = PBXResourcesBuildPhase;
			buildActionMask = 2147483647;
			files = (
				5E8570BF1B7F9D3A00B267D2 /* media in Resources */,
			);
			runOnlyForDeploymentPostprocessing = 0;
		};
/* End PBXResourcesBuildPhase section */

/* Begin PBXSourcesBuildPhase section */
		5E34CC4D1B7F8E6E00F212E8 /* Sources */ = {
			isa = PBXSourcesBuildPhase;
			buildActionMask = 2147483647;
			files = (
				5E34CC751B7F8EEF00F212E8 /* main.cpp in Sources */,
			);
			runOnlyForDeploymentPostprocessing = 0;
		};
/* End PBXSourcesBuildPhase section */

/* Begin XCBuildConfiguration section */
		5E34C6DD1B7F4A0C00F212E8 /* Debug */ = {
			isa = XCBuildConfiguration;
			buildSettings = {
				ENABLE_TESTABILITY = YES;
				MACOSX_DEPLOYMENT_TARGET = 10.7;
				ONLY_ACTIVE_ARCH = YES;
			};
			name = Debug;
		};
		5E34C6DE1B7F4A0C00F212E8 /* Release */ = {
			isa = XCBuildConfiguration;
			buildSettings = {
				MACOSX_DEPLOYMENT_TARGET = 10.7;
			};
			name = Release;
		};
		5E34CC6C1B7F8E6E00F212E8 /* Debug */ = {
			isa = XCBuildConfiguration;
			buildSettings = {
				ALWAYS_SEARCH_USER_PATHS = NO;
				CLANG_WARN_BOOL_CONVERSION = YES;
				CLANG_WARN_CONSTANT_CONVERSION = YES;
				CLANG_WARN_DIRECT_OBJC_ISA_USAGE = YES_ERROR;
				CLANG_WARN_EMPTY_BODY = YES;
				CLANG_WARN_ENUM_CONVERSION = YES;
				CLANG_WARN_INT_CONVERSION = YES;
				CLANG_WARN_OBJC_ROOT_CLASS = YES_ERROR;
				CLANG_WARN_UNREACHABLE_CODE = YES;
				CLANG_WARN__DUPLICATE_METHOD_MATCH = YES;
				CODE_SIGN_IDENTITY = "-";
				COMBINE_HIDPI_IMAGES = YES;
				COPY_PHASE_STRIP = NO;
				DEPLOYMENT_LOCATION = YES;
				DSTROOT = "$(SRCROOT)/../../bin/OSX";
				ENABLE_STRICT_OBJC_MSGSEND = YES;
				GCC_DYNAMIC_NO_PIC = NO;
				GCC_OPTIMIZATION_LEVEL = 0;
				GCC_PREPROCESSOR_DEFINITIONS = (
					"DEBUG=1",
					"$(inherited)",
				);
				GCC_SYMBOLS_PRIVATE_EXTERN = NO;
				GCC_WARN_64_TO_32_BIT_CONVERSION = YES;
				GCC_WARN_ABOUT_RETURN_TYPE = YES_ERROR;
				GCC_WARN_UNDECLARED_SELECTOR = YES;
				GCC_WARN_UNINITIALIZED_AUTOS = YES_AGGRESSIVE;
				GCC_WARN_UNUSED_FUNCTION = YES;
				GCC_WARN_UNUSED_VARIABLE = YES;
				HEADER_SEARCH_PATHS = (
					"$(inherited)",
					/Applications/Xcode.app/Contents/Developer/Toolchains/XcodeDefault.xctoolchain/usr/include,
					"$(SRCROOT)/../../include",
				);
				INFOPLIST_FILE = "$(SRCROOT)/../../media/info_osx.plist";
				INSTALL_PATH = /;
				LD_RUNPATH_SEARCH_PATHS = "$(inherited) @executable_path/../Frameworks";
				LIBRARY_SEARCH_PATHS = (
					"$(SRCROOT)/../../lib/OSX",
				);
				MACOSX_DEPLOYMENT_TARGET = 10.7;
				MTL_ENABLE_DEBUG_INFO = YES;
				ONLY_ACTIVE_ARCH = YES;
				PRODUCT_NAME = "$(TARGET_NAME)";
				SDKROOT = macosx;
			};
			name = Debug;
		};
		5E34CC6D1B7F8E6E00F212E8 /* Release */ = {
			isa = XCBuildConfiguration;
			buildSettings = {
				ALWAYS_SEARCH_USER_PATHS = NO;
				CLANG_WARN_BOOL_CONVERSION = YES;
				CLANG_WARN_CONSTANT_CONVERSION = YES;
				CLANG_WARN_DIRECT_OBJC_ISA_USAGE = YES_ERROR;
				CLANG_WARN_EMPTY_BODY = YES;
				CLANG_WARN_ENUM_CONVERSION = YES;
				CLANG_WARN_INT_CONVERSION = YES;
				CLANG_WARN_OBJC_ROOT_CLASS = YES_ERROR;
				CLANG_WARN_UNREACHABLE_CODE = YES;
				CLANG_WARN__DUPLICATE_METHOD_MATCH = YES;
				CODE_SIGN_IDENTITY = "-";
				COMBINE_HIDPI_IMAGES = YES;
				COPY_PHASE_STRIP = YES;
				DEBUG_INFORMATION_FORMAT = "dwarf-with-dsym";
				DEPLOYMENT_LOCATION = YES;
				DSTROOT = "$(SRCROOT)/../../bin/OSX";
				ENABLE_NS_ASSERTIONS = NO;
				ENABLE_STRICT_OBJC_MSGSEND = YES;
				GCC_WARN_64_TO_32_BIT_CONVERSION = YES;
				GCC_WARN_ABOUT_RETURN_TYPE = YES_ERROR;
				GCC_WARN_UNDECLARED_SELECTOR = YES;
				GCC_WARN_UNINITIALIZED_AUTOS = YES_AGGRESSIVE;
				GCC_WARN_UNUSED_FUNCTION = YES;
				GCC_WARN_UNUSED_VARIABLE = YES;
				HEADER_SEARCH_PATHS = (
					"$(inherited)",
					/Applications/Xcode.app/Contents/Developer/Toolchains/XcodeDefault.xctoolchain/usr/include,
					"$(SRCROOT)/../../include",
				);
				INFOPLIST_FILE = "$(SRCROOT)/../../media/info_osx.plist";
				INSTALL_PATH = /;
				LD_RUNPATH_SEARCH_PATHS = "$(inherited) @executable_path/../Frameworks";
				LIBRARY_SEARCH_PATHS = (
					"$(SRCROOT)/../../lib/OSX",
				);
				MACOSX_DEPLOYMENT_TARGET = 10.7;
				MTL_ENABLE_DEBUG_INFO = NO;
				PRODUCT_NAME = "$(TARGET_NAME)";
				SDKROOT = macosx;
			};
			name = Release;
		};
/* End XCBuildConfiguration section */

/* Begin XCConfigurationList section */
		5E34C6DC1B7F4A0C00F212E8 /* Build configuration list for PBXProject "LoadIrrFile" */ = {
			isa = XCConfigurationList;
			buildConfigurations = (
				5E34C6DD1B7F4A0C00F212E8 /* Debug */,
				5E34C6DE1B7F4A0C00F212E8 /* Release */,
			);
			defaultConfigurationIsVisible = 0;
			defaultConfigurationName = Release;
		};
		5E34CC701B7F8E6E00F212E8 /* Build configuration list for PBXNativeTarget "15.LoadIrrFile" */ = {
			isa = XCConfigurationList;
			buildConfigurations = (
				5E34CC6C1B7F8E6E00F212E8 /* Debug */,
				5E34CC6D1B7F8E6E00F212E8 /* Release */,
			);
			defaultConfigurationIsVisible = 0;
			defaultConfigurationName = Release;
		};
/* End XCConfigurationList section */
	};
	rootObject = 5E34C6D91B7F4A0C00F212E8 /* Project object */;
}
