
Microsoft Visual Studio Solution File, Format Version 12.00
# Visual Studio Version 16
VisualStudioVersion = 16.0.29911.84
MinimumVisualStudioVersion = 10.0.40219.1
Project("{8BC9CEB8-8B4A-11D0-8D11-00A0C91BC942}") = "01.HelloWorld", "01.HelloWorld\HelloWorld_vc14.vcxproj", "{5AD4C95C-BA38-4692-BA4B-8C25A86208F9}"
EndProject
Project("{8BC9CEB8-8B4A-11D0-8D11-00A0C91BC942}") = "02.Quake3Map", "02.Quake3Map\Quake3Map_vc14.vcxproj", "{D1A464A2-D479-458C-98A2-60965D823CD1}"
EndProject
Project("{8BC9CEB8-8B4A-11D0-8D11-00A0C91BC942}") = "03.CustomSceneNode", "03.CustomSceneNode\CustomSceneNode_vc14.vcxproj", "{171CCDFA-C140-4956-8EB7-F0168F4521D3}"
EndProject
Project("{8BC9CEB8-8B4A-11D0-8D11-00A0C91BC942}") = "04.Movement", "04.Movement\Movement_vc14.vcxproj", "{7BDBB7E8-E0C9-4A0D-83C1-D389D6140FEF}"
EndProject
Project("{8BC9CEB8-8B4A-11D0-8D11-00A0C91BC942}") = "05.UserInterface", "05.UserInterface\UserInterface_vc14.vcxproj", "{622C9DD7-0391-49FF-AF53-24F9D5A8EC53}"
EndProject
Project("{8BC9CEB8-8B4A-11D0-8D11-00A0C91BC942}") = "06.2DGraphics", "06.2DGraphics\2DGraphics_vc14.vcxproj", "{E71B6F18-10DC-4101-A541-F6D33F71B2BD}"
EndProject
Project("{8BC9CEB8-8B4A-11D0-8D11-00A0C91BC942}") = "07.Collision", "07.Collision\Collision_vc14.vcxproj", "{3E30297B-5BE3-4A5C-B31E-08A28ADDB29E}"
EndProject
Project("{8BC9CEB8-8B4A-11D0-8D11-00A0C91BC942}") = "08.SpecialFX", "08.SpecialFX\SpecialFX_vc14.vcxproj", "{C869BF55-B9D6-4980-BC92-60FA0CF8411A}"
EndProject
Project("{8BC9CEB8-8B4A-11D0-8D11-00A0C91BC942}") = "09.Meshviewer", "09.Meshviewer\Meshviewer_vc14.vcxproj", "{2AE24484-22FC-481B-9A40-7CD0DA5C8E06}"
EndProject
Project("{8BC9CEB8-8B4A-11D0-8D11-00A0C91BC942}") = "10.Shaders", "10.Shaders\Shaders_vc14.vcxproj", "{27158C82-CD15-4A9B-9848-35E7065B209F}"
EndProject
Project("{8BC9CEB8-8B4A-11D0-8D11-00A0C91BC942}") = "11.PerPixelLighting", "11.PerPixelLighting\PerPixelLighting_vc14.vcxproj", "{C4B42409-542D-4EFC-9E6B-44713FD47A33}"
EndProject
Project("{8BC9CEB8-8B4A-11D0-8D11-00A0C91BC942}") = "12.TerrainRendering", "12.TerrainRendering\TerrainRendering_vc14.vcxproj", "{3A5B74E5-6390-43B0-A459-2793B81FFD31}"
EndProject
Project("{8BC9CEB8-8B4A-11D0-8D11-00A0C91BC942}") = "13.RenderToTexture", "13.RenderToTexture\RenderToTexture_vc14.vcxproj", "{0914E5C8-5352-467B-8421-C9EB35BD5596}"
EndProject
Project("{8BC9CEB8-8B4A-11D0-8D11-00A0C91BC942}") = "14.Win32Window", "14.Win32Window\Win32Window_vc14.vcxproj", "{772FBE05-D05A-467B-9842-BEC409EEA8D0}"
EndProject
Project("{8BC9CEB8-8B4A-11D0-8D11-00A0C91BC942}") = "15.LoadIrrFile", "15.LoadIrrFile\LoadIrrFile_vc14.vcxproj", "{78C9F424-523C-49AC-94B7-823AA4A26BF9}"
EndProject
Project("{8BC9CEB8-8B4A-11D0-8D11-00A0C91BC942}") = "16.Quake3MapShader", "16.Quake3MapShader\Quake3MapShader_vc14.vcxproj", "{EB3B38EA-5CE7-4983-845B-880661E69D09}"
EndProject
Project("{8BC9CEB8-8B4A-11D0-8D11-00A0C91BC942}") = "18.SplitScreen", "18.SplitScreen\SplitScreen_vc14.vcxproj", "{1AB9413E-4F53-42A3-8CB2-CB4BE22336D0}"
EndProject
Project("{8BC9CEB8-8B4A-11D0-8D11-00A0C91BC942}") = "19.MouseAndJoystick", "19.MouseAndJoystick\MouseAndJoystick_vc14.vcxproj", "{FE853A36-E0D1-4AC5-A792-B643E70D2953}"
EndProject
Project("{8BC9CEB8-8B4A-11D0-8D11-00A0C91BC942}") = "20.ManagedLights", "20.ManagedLights\ManagedLights_vc14.vcxproj", "{16007FE2-142B-47F8-93E1-519BA3F39E71}"
EndProject
Project("{8BC9CEB8-8B4A-11D0-8D11-00A0C91BC942}") = "21.Quake3Explorer", "21.Quake3Explorer\Quake3Explorer_vc14.vcxproj", "{CDC4AAA9-72E1-4FFA-A04D-7EF59D8B97CD}"
EndProject
Project("{8BC9CEB8-8B4A-11D0-8D11-00A0C91BC942}") = "22.MaterialViewer", "22.MaterialViewer\MaterialViewer_vc14.vcxproj", "{4E6C2F8D-BA92-4C5B-96FD-72D4FE8BD7FA}"
EndProject
Project("{8BC9CEB8-8B4A-11D0-8D11-00A0C91BC942}") = "23.SMeshHandling", "23.SMeshHandling\SMeshHandling_vc14.vcxproj", "{6AEC2AA2-C9FF-4B7D-B07A-94A9D34B41D7}"
EndProject
Project("{8BC9CEB8-8B4A-11D0-8D11-00A0C91BC942}") = "24.CursorControl", "24.CursorControl\CursorControl_vc14.vcxproj", "{02B67A37-50E1-49DB-BECF-905BC029C2FE}"
EndProject
Project("{8BC9CEB8-8B4A-11D0-8D11-00A0C91BC942}") = "25.XmlHandling", "25.XmlHandling\XmlHandling_vc14.vcxproj", "{8FDA260E-EF27-4F8C-8720-7AF707DD0D9E}"
EndProject
Project("{8BC9CEB8-8B4A-11D0-8D11-00A0C91BC942}") = "26.OcclusionQuery", "26.OcclusionQuery\OcclusionQuery_vc14.vcxproj", "{5CE0E2E7-879D-4152-B61D-24E7D0707B45}"
EndProject
Project("{8BC9CEB8-8B4A-11D0-8D11-00A0C91BC942}") = "30.Profiling", "30.Profiling\Profiling_vc14.vcxproj", "{65D9DE2E-B73E-4ADF-96D1-BF4A8B7F4F97}"
EndProject
Project("{8BC9CEB8-8B4A-11D0-8D11-00A0C91BC942}") = "GUIEditor", "..\tools\GUIEditor\GUI Editor_vc14.vcxproj", "{853A396E-C031-4C26-A716-5B4E176BE11D}"
EndProject
Project("{8BC9CEB8-8B4A-11D0-8D11-00A0C91BC942}") = "FontTool", "..\tools\IrrFontTool\newFontTool\irrFontTool_vc14.vcxproj", "{4D53E40F-37E3-42B1-8848-F4C6F8313A17}"
EndProject
Project("{8BC9CEB8-8B4A-11D0-8D11-00A0C91BC942}") = "MeshConverter", "..\tools\MeshConverter\MeshConverter_vc14.vcxproj", "{E72B637E-4AA6-46F3-885F-AC67B4B470ED}"
EndProject
Project("{8BC9CEB8-8B4A-11D0-8D11-00A0C91BC942}") = "Demo", "Demo\Demo_vc14.vcxproj", "{6F076455-D955-45D4-9C68-4AD4E45F2D47}"
EndProject
Project("{8BC9CEB8-8B4A-11D0-8D11-00A0C91BC942}") = "Irrlicht", "..\source\Irrlicht\Irrlicht15.0.vcxproj", "{DD5C43CB-34A8-409B-9010-5A5A52787552}"
EndProject
Project("{8BC9CEB8-8B4A-11D0-8D11-00A0C91BC942}") = "WitcherRender", "WitcherRender\WitcherRender.vcxproj", "{EDB5A489-256F-4FB1-A3F5-FC7EC00ECF9C}"
EndProject
Global
	GlobalSection(SolutionConfigurationPlatforms) = preSolution
		Debug|Win32 = Debug|Win32
		Debug|x64 = Debug|x64
		Release - Fast FPU|Win32 = Release - Fast FPU|Win32
		Release - Fast FPU|x64 = Release - Fast FPU|x64
		Release|Win32 = Release|Win32
		Release|x64 = Release|x64
		SDL-Debug|Win32 = SDL-Debug|Win32
		SDL-Debug|x64 = SDL-Debug|x64
		Static lib - Debug|Win32 = Static lib - Debug|Win32
		Static lib - Debug|x64 = Static lib - Debug|x64
		Static lib - Release - Fast FPU|Win32 = Static lib - Release - Fast FPU|Win32
		Static lib - Release - Fast FPU|x64 = Static lib - Release - Fast FPU|x64
		Static lib - Release|Win32 = Static lib - Release|Win32
		Static lib - Release|x64 = Static lib - Release|x64
	EndGlobalSection
	GlobalSection(ProjectConfigurationPlatforms) = postSolution
		{5AD4C95C-BA38-4692-BA4B-8C25A86208F9}.Debug|Win32.ActiveCfg = Debug|Win32
		{5AD4C95C-BA38-4692-BA4B-8C25A86208F9}.Debug|x64.ActiveCfg = Debug|x64
		{5AD4C95C-BA38-4692-BA4B-8C25A86208F9}.Release - Fast FPU|Win32.ActiveCfg = Release|Win32
		{5AD4C95C-BA38-4692-BA4B-8C25A86208F9}.Release - Fast FPU|Win32.Build.0 = Release|Win32
		{5AD4C95C-BA38-4692-BA4B-8C25A86208F9}.Release - Fast FPU|x64.ActiveCfg = Release|x64
		{5AD4C95C-BA38-4692-BA4B-8C25A86208F9}.Release - Fast FPU|x64.Build.0 = Release|x64
		{5AD4C95C-BA38-4692-BA4B-8C25A86208F9}.Release|Win32.ActiveCfg = Release|Win32
		{5AD4C95C-BA38-4692-BA4B-8C25A86208F9}.Release|x64.ActiveCfg = Release|x64
		{5AD4C95C-BA38-4692-BA4B-8C25A86208F9}.SDL-Debug|Win32.ActiveCfg = Debug|Win32
		{5AD4C95C-BA38-4692-BA4B-8C25A86208F9}.SDL-Debug|Win32.Build.0 = Debug|Win32
		{5AD4C95C-BA38-4692-BA4B-8C25A86208F9}.SDL-Debug|x64.ActiveCfg = Debug|x64
		{5AD4C95C-BA38-4692-BA4B-8C25A86208F9}.SDL-Debug|x64.Build.0 = Debug|x64
		{5AD4C95C-BA38-4692-BA4B-8C25A86208F9}.Static lib - Debug|Win32.ActiveCfg = Debug|Win32
		{5AD4C95C-BA38-4692-BA4B-8C25A86208F9}.Static lib - Debug|Win32.Build.0 = Debug|Win32
		{5AD4C95C-BA38-4692-BA4B-8C25A86208F9}.Static lib - Debug|x64.ActiveCfg = Debug|x64
		{5AD4C95C-BA38-4692-BA4B-8C25A86208F9}.Static lib - Debug|x64.Build.0 = Debug|x64
		{5AD4C95C-BA38-4692-BA4B-8C25A86208F9}.Static lib - Release - Fast FPU|Win32.ActiveCfg = Release|Win32
		{5AD4C95C-BA38-4692-BA4B-8C25A86208F9}.Static lib - Release - Fast FPU|Win32.Build.0 = Release|Win32
		{5AD4C95C-BA38-4692-BA4B-8C25A86208F9}.Static lib - Release - Fast FPU|x64.ActiveCfg = Release|x64
		{5AD4C95C-BA38-4692-BA4B-8C25A86208F9}.Static lib - Release - Fast FPU|x64.Build.0 = Release|x64
		{5AD4C95C-BA38-4692-BA4B-8C25A86208F9}.Static lib - Release|Win32.ActiveCfg = Release|Win32
		{5AD4C95C-BA38-4692-BA4B-8C25A86208F9}.Static lib - Release|Win32.Build.0 = Release|Win32
		{5AD4C95C-BA38-4692-BA4B-8C25A86208F9}.Static lib - Release|x64.ActiveCfg = Release|x64
		{5AD4C95C-BA38-4692-BA4B-8C25A86208F9}.Static lib - Release|x64.Build.0 = Release|x64
		{D1A464A2-D479-458C-98A2-60965D823CD1}.Debug|Win32.ActiveCfg = Debug|Win32
		{D1A464A2-D479-458C-98A2-60965D823CD1}.Debug|x64.ActiveCfg = Debug|x64
		{D1A464A2-D479-458C-98A2-60965D823CD1}.Release - Fast FPU|Win32.ActiveCfg = Release|Win32
		{D1A464A2-D479-458C-98A2-60965D823CD1}.Release - Fast FPU|Win32.Build.0 = Release|Win32
		{D1A464A2-D479-458C-98A2-60965D823CD1}.Release - Fast FPU|x64.ActiveCfg = Release|x64
		{D1A464A2-D479-458C-98A2-60965D823CD1}.Release - Fast FPU|x64.Build.0 = Release|x64
		{D1A464A2-D479-458C-98A2-60965D823CD1}.Release|Win32.ActiveCfg = Release|Win32
		{D1A464A2-D479-458C-98A2-60965D823CD1}.Release|x64.ActiveCfg = Release|x64
		{D1A464A2-D479-458C-98A2-60965D823CD1}.SDL-Debug|Win32.ActiveCfg = Debug|Win32
		{D1A464A2-D479-458C-98A2-60965D823CD1}.SDL-Debug|Win32.Build.0 = Debug|Win32
		{D1A464A2-D479-458C-98A2-60965D823CD1}.SDL-Debug|x64.ActiveCfg = Debug|x64
		{D1A464A2-D479-458C-98A2-60965D823CD1}.SDL-Debug|x64.Build.0 = Debug|x64
		{D1A464A2-D479-458C-98A2-60965D823CD1}.Static lib - Debug|Win32.ActiveCfg = Debug|Win32
		{D1A464A2-D479-458C-98A2-60965D823CD1}.Static lib - Debug|Win32.Build.0 = Debug|Win32
		{D1A464A2-D479-458C-98A2-60965D823CD1}.Static lib - Debug|x64.ActiveCfg = Debug|x64
		{D1A464A2-D479-458C-98A2-60965D823CD1}.Static lib - Debug|x64.Build.0 = Debug|x64
		{D1A464A2-D479-458C-98A2-60965D823CD1}.Static lib - Release - Fast FPU|Win32.ActiveCfg = Release|Win32
		{D1A464A2-D479-458C-98A2-60965D823CD1}.Static lib - Release - Fast FPU|Win32.Build.0 = Release|Win32
		{D1A464A2-D479-458C-98A2-60965D823CD1}.Static lib - Release - Fast FPU|x64.ActiveCfg = Release|x64
		{D1A464A2-D479-458C-98A2-60965D823CD1}.Static lib - Release - Fast FPU|x64.Build.0 = Release|x64
		{D1A464A2-D479-458C-98A2-60965D823CD1}.Static lib - Release|Win32.ActiveCfg = Release|Win32
		{D1A464A2-D479-458C-98A2-60965D823CD1}.Static lib - Release|Win32.Build.0 = Release|Win32
		{D1A464A2-D479-458C-98A2-60965D823CD1}.Static lib - Release|x64.ActiveCfg = Release|x64
		{D1A464A2-D479-458C-98A2-60965D823CD1}.Static lib - Release|x64.Build.0 = Release|x64
		{171CCDFA-C140-4956-8EB7-F0168F4521D3}.Debug|Win32.ActiveCfg = Debug|Win32
		{171CCDFA-C140-4956-8EB7-F0168F4521D3}.Debug|x64.ActiveCfg = Debug|x64
		{171CCDFA-C140-4956-8EB7-F0168F4521D3}.Release - Fast FPU|Win32.ActiveCfg = Release|Win32
		{171CCDFA-C140-4956-8EB7-F0168F4521D3}.Release - Fast FPU|Win32.Build.0 = Release|Win32
		{171CCDFA-C140-4956-8EB7-F0168F4521D3}.Release - Fast FPU|x64.ActiveCfg = Release|x64
		{171CCDFA-C140-4956-8EB7-F0168F4521D3}.Release - Fast FPU|x64.Build.0 = Release|x64
		{171CCDFA-C140-4956-8EB7-F0168F4521D3}.Release|Win32.ActiveCfg = Release|Win32
		{171CCDFA-C140-4956-8EB7-F0168F4521D3}.Release|x64.ActiveCfg = Release|x64
		{171CCDFA-C140-4956-8EB7-F0168F4521D3}.SDL-Debug|Win32.ActiveCfg = Debug|Win32
		{171CCDFA-C140-4956-8EB7-F0168F4521D3}.SDL-Debug|Win32.Build.0 = Debug|Win32
		{171CCDFA-C140-4956-8EB7-F0168F4521D3}.SDL-Debug|x64.ActiveCfg = Debug|x64
		{171CCDFA-C140-4956-8EB7-F0168F4521D3}.SDL-Debug|x64.Build.0 = Debug|x64
		{171CCDFA-C140-4956-8EB7-F0168F4521D3}.Static lib - Debug|Win32.ActiveCfg = Debug|Win32
		{171CCDFA-C140-4956-8EB7-F0168F4521D3}.Static lib - Debug|Win32.Build.0 = Debug|Win32
		{171CCDFA-C140-4956-8EB7-F0168F4521D3}.Static lib - Debug|x64.ActiveCfg = Debug|x64
		{171CCDFA-C140-4956-8EB7-F0168F4521D3}.Static lib - Debug|x64.Build.0 = Debug|x64
		{171CCDFA-C140-4956-8EB7-F0168F4521D3}.Static lib - Release - Fast FPU|Win32.ActiveCfg = Release|Win32
		{171CCDFA-C140-4956-8EB7-F0168F4521D3}.Static lib - Release - Fast FPU|Win32.Build.0 = Release|Win32
		{171CCDFA-C140-4956-8EB7-F0168F4521D3}.Static lib - Release - Fast FPU|x64.ActiveCfg = Release|x64
		{171CCDFA-C140-4956-8EB7-F0168F4521D3}.Static lib - Release - Fast FPU|x64.Build.0 = Release|x64
		{171CCDFA-C140-4956-8EB7-F0168F4521D3}.Static lib - Release|Win32.ActiveCfg = Release|Win32
		{171CCDFA-C140-4956-8EB7-F0168F4521D3}.Static lib - Release|Win32.Build.0 = Release|Win32
		{171CCDFA-C140-4956-8EB7-F0168F4521D3}.Static lib - Release|x64.ActiveCfg = Release|x64
		{171CCDFA-C140-4956-8EB7-F0168F4521D3}.Static lib - Release|x64.Build.0 = Release|x64
		{7BDBB7E8-E0C9-4A0D-83C1-D389D6140FEF}.Debug|Win32.ActiveCfg = Debug|Win32
		{7BDBB7E8-E0C9-4A0D-83C1-D389D6140FEF}.Debug|x64.ActiveCfg = Debug|x64
		{7BDBB7E8-E0C9-4A0D-83C1-D389D6140FEF}.Release - Fast FPU|Win32.ActiveCfg = Release|Win32
		{7BDBB7E8-E0C9-4A0D-83C1-D389D6140FEF}.Release - Fast FPU|Win32.Build.0 = Release|Win32
		{7BDBB7E8-E0C9-4A0D-83C1-D389D6140FEF}.Release - Fast FPU|x64.ActiveCfg = Release|x64
		{7BDBB7E8-E0C9-4A0D-83C1-D389D6140FEF}.Release - Fast FPU|x64.Build.0 = Release|x64
		{7BDBB7E8-E0C9-4A0D-83C1-D389D6140FEF}.Release|Win32.ActiveCfg = Release|Win32
		{7BDBB7E8-E0C9-4A0D-83C1-D389D6140FEF}.Release|x64.ActiveCfg = Release|x64
		{7BDBB7E8-E0C9-4A0D-83C1-D389D6140FEF}.SDL-Debug|Win32.ActiveCfg = Debug|Win32
		{7BDBB7E8-E0C9-4A0D-83C1-D389D6140FEF}.SDL-Debug|Win32.Build.0 = Debug|Win32
		{7BDBB7E8-E0C9-4A0D-83C1-D389D6140FEF}.SDL-Debug|x64.ActiveCfg = Debug|x64
		{7BDBB7E8-E0C9-4A0D-83C1-D389D6140FEF}.SDL-Debug|x64.Build.0 = Debug|x64
		{7BDBB7E8-E0C9-4A0D-83C1-D389D6140FEF}.Static lib - Debug|Win32.ActiveCfg = Debug|Win32
		{7BDBB7E8-E0C9-4A0D-83C1-D389D6140FEF}.Static lib - Debug|Win32.Build.0 = Debug|Win32
		{7BDBB7E8-E0C9-4A0D-83C1-D389D6140FEF}.Static lib - Debug|x64.ActiveCfg = Debug|x64
		{7BDBB7E8-E0C9-4A0D-83C1-D389D6140FEF}.Static lib - Debug|x64.Build.0 = Debug|x64
		{7BDBB7E8-E0C9-4A0D-83C1-D389D6140FEF}.Static lib - Release - Fast FPU|Win32.ActiveCfg = Release|Win32
		{7BDBB7E8-E0C9-4A0D-83C1-D389D6140FEF}.Static lib - Release - Fast FPU|Win32.Build.0 = Release|Win32
		{7BDBB7E8-E0C9-4A0D-83C1-D389D6140FEF}.Static lib - Release - Fast FPU|x64.ActiveCfg = Release|x64
		{7BDBB7E8-E0C9-4A0D-83C1-D389D6140FEF}.Static lib - Release - Fast FPU|x64.Build.0 = Release|x64
		{7BDBB7E8-E0C9-4A0D-83C1-D389D6140FEF}.Static lib - Release|Win32.ActiveCfg = Release|Win32
		{7BDBB7E8-E0C9-4A0D-83C1-D389D6140FEF}.Static lib - Release|Win32.Build.0 = Release|Win32
		{7BDBB7E8-E0C9-4A0D-83C1-D389D6140FEF}.Static lib - Release|x64.ActiveCfg = Release|x64
		{7BDBB7E8-E0C9-4A0D-83C1-D389D6140FEF}.Static lib - Release|x64.Build.0 = Release|x64
		{622C9DD7-0391-49FF-AF53-24F9D5A8EC53}.Debug|Win32.ActiveCfg = Debug|Win32
		{622C9DD7-0391-49FF-AF53-24F9D5A8EC53}.Debug|x64.ActiveCfg = Debug|x64
		{622C9DD7-0391-49FF-AF53-24F9D5A8EC53}.Release - Fast FPU|Win32.ActiveCfg = Release|Win32
		{622C9DD7-0391-49FF-AF53-24F9D5A8EC53}.Release - Fast FPU|Win32.Build.0 = Release|Win32
		{622C9DD7-0391-49FF-AF53-24F9D5A8EC53}.Release - Fast FPU|x64.ActiveCfg = Release|x64
		{622C9DD7-0391-49FF-AF53-24F9D5A8EC53}.Release - Fast FPU|x64.Build.0 = Release|x64
		{622C9DD7-0391-49FF-AF53-24F9D5A8EC53}.Release|Win32.ActiveCfg = Release|Win32
		{622C9DD7-0391-49FF-AF53-24F9D5A8EC53}.Release|x64.ActiveCfg = Release|x64
		{622C9DD7-0391-49FF-AF53-24F9D5A8EC53}.SDL-Debug|Win32.ActiveCfg = Debug|Win32
		{622C9DD7-0391-49FF-AF53-24F9D5A8EC53}.SDL-Debug|Win32.Build.0 = Debug|Win32
		{622C9DD7-0391-49FF-AF53-24F9D5A8EC53}.SDL-Debug|x64.ActiveCfg = Debug|x64
		{622C9DD7-0391-49FF-AF53-24F9D5A8EC53}.SDL-Debug|x64.Build.0 = Debug|x64
		{622C9DD7-0391-49FF-AF53-24F9D5A8EC53}.Static lib - Debug|Win32.ActiveCfg = Debug|Win32
		{622C9DD7-0391-49FF-AF53-24F9D5A8EC53}.Static lib - Debug|Win32.Build.0 = Debug|Win32
		{622C9DD7-0391-49FF-AF53-24F9D5A8EC53}.Static lib - Debug|x64.ActiveCfg = Debug|x64
		{622C9DD7-0391-49FF-AF53-24F9D5A8EC53}.Static lib - Debug|x64.Build.0 = Debug|x64
		{622C9DD7-0391-49FF-AF53-24F9D5A8EC53}.Static lib - Release - Fast FPU|Win32.ActiveCfg = Release|Win32
		{622C9DD7-0391-49FF-AF53-24F9D5A8EC53}.Static lib - Release - Fast FPU|Win32.Build.0 = Release|Win32
		{622C9DD7-0391-49FF-AF53-24F9D5A8EC53}.Static lib - Release - Fast FPU|x64.ActiveCfg = Release|x64
		{622C9DD7-0391-49FF-AF53-24F9D5A8EC53}.Static lib - Release - Fast FPU|x64.Build.0 = Release|x64
		{622C9DD7-0391-49FF-AF53-24F9D5A8EC53}.Static lib - Release|Win32.ActiveCfg = Release|Win32
		{622C9DD7-0391-49FF-AF53-24F9D5A8EC53}.Static lib - Release|Win32.Build.0 = Release|Win32
		{622C9DD7-0391-49FF-AF53-24F9D5A8EC53}.Static lib - Release|x64.ActiveCfg = Release|x64
		{622C9DD7-0391-49FF-AF53-24F9D5A8EC53}.Static lib - Release|x64.Build.0 = Release|x64
		{E71B6F18-10DC-4101-A541-F6D33F71B2BD}.Debug|Win32.ActiveCfg = Debug|Win32
		{E71B6F18-10DC-4101-A541-F6D33F71B2BD}.Debug|x64.ActiveCfg = Debug|x64
		{E71B6F18-10DC-4101-A541-F6D33F71B2BD}.Release - Fast FPU|Win32.ActiveCfg = Release|Win32
		{E71B6F18-10DC-4101-A541-F6D33F71B2BD}.Release - Fast FPU|Win32.Build.0 = Release|Win32
		{E71B6F18-10DC-4101-A541-F6D33F71B2BD}.Release - Fast FPU|x64.ActiveCfg = Release|x64
		{E71B6F18-10DC-4101-A541-F6D33F71B2BD}.Release - Fast FPU|x64.Build.0 = Release|x64
		{E71B6F18-10DC-4101-A541-F6D33F71B2BD}.Release|Win32.ActiveCfg = Release|Win32
		{E71B6F18-10DC-4101-A541-F6D33F71B2BD}.Release|x64.ActiveCfg = Release|x64
		{E71B6F18-10DC-4101-A541-F6D33F71B2BD}.SDL-Debug|Win32.ActiveCfg = Debug|Win32
		{E71B6F18-10DC-4101-A541-F6D33F71B2BD}.SDL-Debug|Win32.Build.0 = Debug|Win32
		{E71B6F18-10DC-4101-A541-F6D33F71B2BD}.SDL-Debug|x64.ActiveCfg = Debug|x64
		{E71B6F18-10DC-4101-A541-F6D33F71B2BD}.SDL-Debug|x64.Build.0 = Debug|x64
		{E71B6F18-10DC-4101-A541-F6D33F71B2BD}.Static lib - Debug|Win32.ActiveCfg = Debug|Win32
		{E71B6F18-10DC-4101-A541-F6D33F71B2BD}.Static lib - Debug|Win32.Build.0 = Debug|Win32
		{E71B6F18-10DC-4101-A541-F6D33F71B2BD}.Static lib - Debug|x64.ActiveCfg = Debug|x64
		{E71B6F18-10DC-4101-A541-F6D33F71B2BD}.Static lib - Debug|x64.Build.0 = Debug|x64
		{E71B6F18-10DC-4101-A541-F6D33F71B2BD}.Static lib - Release - Fast FPU|Win32.ActiveCfg = Release|Win32
		{E71B6F18-10DC-4101-A541-F6D33F71B2BD}.Static lib - Release - Fast FPU|Win32.Build.0 = Release|Win32
		{E71B6F18-10DC-4101-A541-F6D33F71B2BD}.Static lib - Release - Fast FPU|x64.ActiveCfg = Release|x64
		{E71B6F18-10DC-4101-A541-F6D33F71B2BD}.Static lib - Release - Fast FPU|x64.Build.0 = Release|x64
		{E71B6F18-10DC-4101-A541-F6D33F71B2BD}.Static lib - Release|Win32.ActiveCfg = Release|Win32
		{E71B6F18-10DC-4101-A541-F6D33F71B2BD}.Static lib - Release|Win32.Build.0 = Release|Win32
		{E71B6F18-10DC-4101-A541-F6D33F71B2BD}.Static lib - Release|x64.ActiveCfg = Release|x64
		{E71B6F18-10DC-4101-A541-F6D33F71B2BD}.Static lib - Release|x64.Build.0 = Release|x64
		{3E30297B-5BE3-4A5C-B31E-08A28ADDB29E}.Debug|Win32.ActiveCfg = Debug|Win32
		{3E30297B-5BE3-4A5C-B31E-08A28ADDB29E}.Debug|x64.ActiveCfg = Debug|x64
		{3E30297B-5BE3-4A5C-B31E-08A28ADDB29E}.Release - Fast FPU|Win32.ActiveCfg = Release|Win32
		{3E30297B-5BE3-4A5C-B31E-08A28ADDB29E}.Release - Fast FPU|Win32.Build.0 = Release|Win32
		{3E30297B-5BE3-4A5C-B31E-08A28ADDB29E}.Release - Fast FPU|x64.ActiveCfg = Release|x64
		{3E30297B-5BE3-4A5C-B31E-08A28ADDB29E}.Release - Fast FPU|x64.Build.0 = Release|x64
		{3E30297B-5BE3-4A5C-B31E-08A28ADDB29E}.Release|Win32.ActiveCfg = Release|Win32
		{3E30297B-5BE3-4A5C-B31E-08A28ADDB29E}.Release|x64.ActiveCfg = Release|x64
		{3E30297B-5BE3-4A5C-B31E-08A28ADDB29E}.SDL-Debug|Win32.ActiveCfg = Debug|Win32
		{3E30297B-5BE3-4A5C-B31E-08A28ADDB29E}.SDL-Debug|Win32.Build.0 = Debug|Win32
		{3E30297B-5BE3-4A5C-B31E-08A28ADDB29E}.SDL-Debug|x64.ActiveCfg = Debug|x64
		{3E30297B-5BE3-4A5C-B31E-08A28ADDB29E}.SDL-Debug|x64.Build.0 = Debug|x64
		{3E30297B-5BE3-4A5C-B31E-08A28ADDB29E}.Static lib - Debug|Win32.ActiveCfg = Debug|Win32
		{3E30297B-5BE3-4A5C-B31E-08A28ADDB29E}.Static lib - Debug|Win32.Build.0 = Debug|Win32
		{3E30297B-5BE3-4A5C-B31E-08A28ADDB29E}.Static lib - Debug|x64.ActiveCfg = Debug|x64
		{3E30297B-5BE3-4A5C-B31E-08A28ADDB29E}.Static lib - Debug|x64.Build.0 = Debug|x64
		{3E30297B-5BE3-4A5C-B31E-08A28ADDB29E}.Static lib - Release - Fast FPU|Win32.ActiveCfg = Release|Win32
		{3E30297B-5BE3-4A5C-B31E-08A28ADDB29E}.Static lib - Release - Fast FPU|Win32.Build.0 = Release|Win32
		{3E30297B-5BE3-4A5C-B31E-08A28ADDB29E}.Static lib - Release - Fast FPU|x64.ActiveCfg = Release|x64
		{3E30297B-5BE3-4A5C-B31E-08A28ADDB29E}.Static lib - Release - Fast FPU|x64.Build.0 = Release|x64
		{3E30297B-5BE3-4A5C-B31E-08A28ADDB29E}.Static lib - Release|Win32.ActiveCfg = Release|Win32
		{3E30297B-5BE3-4A5C-B31E-08A28ADDB29E}.Static lib - Release|Win32.Build.0 = Release|Win32
		{3E30297B-5BE3-4A5C-B31E-08A28ADDB29E}.Static lib - Release|x64.ActiveCfg = Release|x64
		{3E30297B-5BE3-4A5C-B31E-08A28ADDB29E}.Static lib - Release|x64.Build.0 = Release|x64
		{C869BF55-B9D6-4980-BC92-60FA0CF8411A}.Debug|Win32.ActiveCfg = Debug|Win32
		{C869BF55-B9D6-4980-BC92-60FA0CF8411A}.Debug|x64.ActiveCfg = Debug|x64
		{C869BF55-B9D6-4980-BC92-60FA0CF8411A}.Release - Fast FPU|Win32.ActiveCfg = Release|Win32
		{C869BF55-B9D6-4980-BC92-60FA0CF8411A}.Release - Fast FPU|Win32.Build.0 = Release|Win32
		{C869BF55-B9D6-4980-BC92-60FA0CF8411A}.Release - Fast FPU|x64.ActiveCfg = Release|x64
		{C869BF55-B9D6-4980-BC92-60FA0CF8411A}.Release - Fast FPU|x64.Build.0 = Release|x64
		{C869BF55-B9D6-4980-BC92-60FA0CF8411A}.Release|Win32.ActiveCfg = Release|Win32
		{C869BF55-B9D6-4980-BC92-60FA0CF8411A}.Release|x64.ActiveCfg = Release|x64
		{C869BF55-B9D6-4980-BC92-60FA0CF8411A}.SDL-Debug|Win32.ActiveCfg = Debug|Win32
		{C869BF55-B9D6-4980-BC92-60FA0CF8411A}.SDL-Debug|Win32.Build.0 = Debug|Win32
		{C869BF55-B9D6-4980-BC92-60FA0CF8411A}.SDL-Debug|x64.ActiveCfg = Debug|x64
		{C869BF55-B9D6-4980-BC92-60FA0CF8411A}.SDL-Debug|x64.Build.0 = Debug|x64
		{C869BF55-B9D6-4980-BC92-60FA0CF8411A}.Static lib - Debug|Win32.ActiveCfg = Debug|Win32
		{C869BF55-B9D6-4980-BC92-60FA0CF8411A}.Static lib - Debug|Win32.Build.0 = Debug|Win32
		{C869BF55-B9D6-4980-BC92-60FA0CF8411A}.Static lib - Debug|x64.ActiveCfg = Debug|x64
		{C869BF55-B9D6-4980-BC92-60FA0CF8411A}.Static lib - Debug|x64.Build.0 = Debug|x64
		{C869BF55-B9D6-4980-BC92-60FA0CF8411A}.Static lib - Release - Fast FPU|Win32.ActiveCfg = Release|Win32
		{C869BF55-B9D6-4980-BC92-60FA0CF8411A}.Static lib - Release - Fast FPU|Win32.Build.0 = Release|Win32
		{C869BF55-B9D6-4980-BC92-60FA0CF8411A}.Static lib - Release - Fast FPU|x64.ActiveCfg = Release|x64
		{C869BF55-B9D6-4980-BC92-60FA0CF8411A}.Static lib - Release - Fast FPU|x64.Build.0 = Release|x64
		{C869BF55-B9D6-4980-BC92-60FA0CF8411A}.Static lib - Release|Win32.ActiveCfg = Release|Win32
		{C869BF55-B9D6-4980-BC92-60FA0CF8411A}.Static lib - Release|Win32.Build.0 = Release|Win32
		{C869BF55-B9D6-4980-BC92-60FA0CF8411A}.Static lib - Release|x64.ActiveCfg = Release|x64
		{C869BF55-B9D6-4980-BC92-60FA0CF8411A}.Static lib - Release|x64.Build.0 = Release|x64
		{2AE24484-22FC-481B-9A40-7CD0DA5C8E06}.Debug|Win32.ActiveCfg = Debug|Win32
		{2AE24484-22FC-481B-9A40-7CD0DA5C8E06}.Debug|x64.ActiveCfg = Debug|x64
		{2AE24484-22FC-481B-9A40-7CD0DA5C8E06}.Release - Fast FPU|Win32.ActiveCfg = Release|Win32
		{2AE24484-22FC-481B-9A40-7CD0DA5C8E06}.Release - Fast FPU|Win32.Build.0 = Release|Win32
		{2AE24484-22FC-481B-9A40-7CD0DA5C8E06}.Release - Fast FPU|x64.ActiveCfg = Release|x64
		{2AE24484-22FC-481B-9A40-7CD0DA5C8E06}.Release - Fast FPU|x64.Build.0 = Release|x64
		{2AE24484-22FC-481B-9A40-7CD0DA5C8E06}.Release|Win32.ActiveCfg = Release|Win32
		{2AE24484-22FC-481B-9A40-7CD0DA5C8E06}.Release|x64.ActiveCfg = Release|x64
		{2AE24484-22FC-481B-9A40-7CD0DA5C8E06}.SDL-Debug|Win32.ActiveCfg = Debug|Win32
		{2AE24484-22FC-481B-9A40-7CD0DA5C8E06}.SDL-Debug|Win32.Build.0 = Debug|Win32
		{2AE24484-22FC-481B-9A40-7CD0DA5C8E06}.SDL-Debug|x64.ActiveCfg = Debug|x64
		{2AE24484-22FC-481B-9A40-7CD0DA5C8E06}.SDL-Debug|x64.Build.0 = Debug|x64
		{2AE24484-22FC-481B-9A40-7CD0DA5C8E06}.Static lib - Debug|Win32.ActiveCfg = Debug|Win32
		{2AE24484-22FC-481B-9A40-7CD0DA5C8E06}.Static lib - Debug|Win32.Build.0 = Debug|Win32
		{2AE24484-22FC-481B-9A40-7CD0DA5C8E06}.Static lib - Debug|x64.ActiveCfg = Debug|x64
		{2AE24484-22FC-481B-9A40-7CD0DA5C8E06}.Static lib - Debug|x64.Build.0 = Debug|x64
		{2AE24484-22FC-481B-9A40-7CD0DA5C8E06}.Static lib - Release - Fast FPU|Win32.ActiveCfg = Release|Win32
		{2AE24484-22FC-481B-9A40-7CD0DA5C8E06}.Static lib - Release - Fast FPU|Win32.Build.0 = Release|Win32
		{2AE24484-22FC-481B-9A40-7CD0DA5C8E06}.Static lib - Release - Fast FPU|x64.ActiveCfg = Release|x64
		{2AE24484-22FC-481B-9A40-7CD0DA5C8E06}.Static lib - Release - Fast FPU|x64.Build.0 = Release|x64
		{2AE24484-22FC-481B-9A40-7CD0DA5C8E06}.Static lib - Release|Win32.ActiveCfg = Release|Win32
		{2AE24484-22FC-481B-9A40-7CD0DA5C8E06}.Static lib - Release|Win32.Build.0 = Release|Win32
		{2AE24484-22FC-481B-9A40-7CD0DA5C8E06}.Static lib - Release|x64.ActiveCfg = Release|x64
		{2AE24484-22FC-481B-9A40-7CD0DA5C8E06}.Static lib - Release|x64.Build.0 = Release|x64
		{27158C82-CD15-4A9B-9848-35E7065B209F}.Debug|Win32.ActiveCfg = Debug|Win32
		{27158C82-CD15-4A9B-9848-35E7065B209F}.Debug|x64.ActiveCfg = Debug|x64
		{27158C82-CD15-4A9B-9848-35E7065B209F}.Release - Fast FPU|Win32.ActiveCfg = Release|Win32
		{27158C82-CD15-4A9B-9848-35E7065B209F}.Release - Fast FPU|Win32.Build.0 = Release|Win32
		{27158C82-CD15-4A9B-9848-35E7065B209F}.Release - Fast FPU|x64.ActiveCfg = Release|x64
		{27158C82-CD15-4A9B-9848-35E7065B209F}.Release - Fast FPU|x64.Build.0 = Release|x64
		{27158C82-CD15-4A9B-9848-35E7065B209F}.Release|Win32.ActiveCfg = Release|Win32
		{27158C82-CD15-4A9B-9848-35E7065B209F}.Release|x64.ActiveCfg = Release|x64
		{27158C82-CD15-4A9B-9848-35E7065B209F}.SDL-Debug|Win32.ActiveCfg = Debug|Win32
		{27158C82-CD15-4A9B-9848-35E7065B209F}.SDL-Debug|Win32.Build.0 = Debug|Win32
		{27158C82-CD15-4A9B-9848-35E7065B209F}.SDL-Debug|x64.ActiveCfg = Debug|x64
		{27158C82-CD15-4A9B-9848-35E7065B209F}.SDL-Debug|x64.Build.0 = Debug|x64
		{27158C82-CD15-4A9B-9848-35E7065B209F}.Static lib - Debug|Win32.ActiveCfg = Debug|Win32
		{27158C82-CD15-4A9B-9848-35E7065B209F}.Static lib - Debug|Win32.Build.0 = Debug|Win32
		{27158C82-CD15-4A9B-9848-35E7065B209F}.Static lib - Debug|x64.ActiveCfg = Debug|x64
		{27158C82-CD15-4A9B-9848-35E7065B209F}.Static lib - Debug|x64.Build.0 = Debug|x64
		{27158C82-CD15-4A9B-9848-35E7065B209F}.Static lib - Release - Fast FPU|Win32.ActiveCfg = Release|Win32
		{27158C82-CD15-4A9B-9848-35E7065B209F}.Static lib - Release - Fast FPU|Win32.Build.0 = Release|Win32
		{27158C82-CD15-4A9B-9848-35E7065B209F}.Static lib - Release - Fast FPU|x64.ActiveCfg = Release|x64
		{27158C82-CD15-4A9B-9848-35E7065B209F}.Static lib - Release - Fast FPU|x64.Build.0 = Release|x64
		{27158C82-CD15-4A9B-9848-35E7065B209F}.Static lib - Release|Win32.ActiveCfg = Release|Win32
		{27158C82-CD15-4A9B-9848-35E7065B209F}.Static lib - Release|Win32.Build.0 = Release|Win32
		{27158C82-CD15-4A9B-9848-35E7065B209F}.Static lib - Release|x64.ActiveCfg = Release|x64
		{27158C82-CD15-4A9B-9848-35E7065B209F}.Static lib - Release|x64.Build.0 = Release|x64
		{C4B42409-542D-4EFC-9E6B-44713FD47A33}.Debug|Win32.ActiveCfg = Debug|Win32
		{C4B42409-542D-4EFC-9E6B-44713FD47A33}.Debug|x64.ActiveCfg = Debug|x64
		{C4B42409-542D-4EFC-9E6B-44713FD47A33}.Release - Fast FPU|Win32.ActiveCfg = Release|Win32
		{C4B42409-542D-4EFC-9E6B-44713FD47A33}.Release - Fast FPU|Win32.Build.0 = Release|Win32
		{C4B42409-542D-4EFC-9E6B-44713FD47A33}.Release - Fast FPU|x64.ActiveCfg = Release|x64
		{C4B42409-542D-4EFC-9E6B-44713FD47A33}.Release - Fast FPU|x64.Build.0 = Release|x64
		{C4B42409-542D-4EFC-9E6B-44713FD47A33}.Release|Win32.ActiveCfg = Release|Win32
		{C4B42409-542D-4EFC-9E6B-44713FD47A33}.Release|x64.ActiveCfg = Release|x64
		{C4B42409-542D-4EFC-9E6B-44713FD47A33}.SDL-Debug|Win32.ActiveCfg = Debug|Win32
		{C4B42409-542D-4EFC-9E6B-44713FD47A33}.SDL-Debug|Win32.Build.0 = Debug|Win32
		{C4B42409-542D-4EFC-9E6B-44713FD47A33}.SDL-Debug|x64.ActiveCfg = Debug|x64
		{C4B42409-542D-4EFC-9E6B-44713FD47A33}.SDL-Debug|x64.Build.0 = Debug|x64
		{C4B42409-542D-4EFC-9E6B-44713FD47A33}.Static lib - Debug|Win32.ActiveCfg = Debug|Win32
		{C4B42409-542D-4EFC-9E6B-44713FD47A33}.Static lib - Debug|Win32.Build.0 = Debug|Win32
		{C4B42409-542D-4EFC-9E6B-44713FD47A33}.Static lib - Debug|x64.ActiveCfg = Debug|x64
		{C4B42409-542D-4EFC-9E6B-44713FD47A33}.Static lib - Debug|x64.Build.0 = Debug|x64
		{C4B42409-542D-4EFC-9E6B-44713FD47A33}.Static lib - Release - Fast FPU|Win32.ActiveCfg = Release|Win32
		{C4B42409-542D-4EFC-9E6B-44713FD47A33}.Static lib - Release - Fast FPU|Win32.Build.0 = Release|Win32
		{C4B42409-542D-4EFC-9E6B-44713FD47A33}.Static lib - Release - Fast FPU|x64.ActiveCfg = Release|x64
		{C4B42409-542D-4EFC-9E6B-44713FD47A33}.Static lib - Release - Fast FPU|x64.Build.0 = Release|x64
		{C4B42409-542D-4EFC-9E6B-44713FD47A33}.Static lib - Release|Win32.ActiveCfg = Release|Win32
		{C4B42409-542D-4EFC-9E6B-44713FD47A33}.Static lib - Release|Win32.Build.0 = Release|Win32
		{C4B42409-542D-4EFC-9E6B-44713FD47A33}.Static lib - Release|x64.ActiveCfg = Release|x64
		{C4B42409-542D-4EFC-9E6B-44713FD47A33}.Static lib - Release|x64.Build.0 = Release|x64
		{3A5B74E5-6390-43B0-A459-2793B81FFD31}.Debug|Win32.ActiveCfg = Debug|Win32
		{3A5B74E5-6390-43B0-A459-2793B81FFD31}.Debug|x64.ActiveCfg = Debug|x64
		{3A5B74E5-6390-43B0-A459-2793B81FFD31}.Release - Fast FPU|Win32.ActiveCfg = Release|Win32
		{3A5B74E5-6390-43B0-A459-2793B81FFD31}.Release - Fast FPU|Win32.Build.0 = Release|Win32
		{3A5B74E5-6390-43B0-A459-2793B81FFD31}.Release - Fast FPU|x64.ActiveCfg = Release|x64
		{3A5B74E5-6390-43B0-A459-2793B81FFD31}.Release - Fast FPU|x64.Build.0 = Release|x64
		{3A5B74E5-6390-43B0-A459-2793B81FFD31}.Release|Win32.ActiveCfg = Release|Win32
		{3A5B74E5-6390-43B0-A459-2793B81FFD31}.Release|x64.ActiveCfg = Release|x64
		{3A5B74E5-6390-43B0-A459-2793B81FFD31}.SDL-Debug|Win32.ActiveCfg = Debug|Win32
		{3A5B74E5-6390-43B0-A459-2793B81FFD31}.SDL-Debug|Win32.Build.0 = Debug|Win32
		{3A5B74E5-6390-43B0-A459-2793B81FFD31}.SDL-Debug|x64.ActiveCfg = Debug|x64
		{3A5B74E5-6390-43B0-A459-2793B81FFD31}.SDL-Debug|x64.Build.0 = Debug|x64
		{3A5B74E5-6390-43B0-A459-2793B81FFD31}.Static lib - Debug|Win32.ActiveCfg = Debug|Win32
		{3A5B74E5-6390-43B0-A459-2793B81FFD31}.Static lib - Debug|Win32.Build.0 = Debug|Win32
		{3A5B74E5-6390-43B0-A459-2793B81FFD31}.Static lib - Debug|x64.ActiveCfg = Debug|x64
		{3A5B74E5-6390-43B0-A459-2793B81FFD31}.Static lib - Debug|x64.Build.0 = Debug|x64
		{3A5B74E5-6390-43B0-A459-2793B81FFD31}.Static lib - Release - Fast FPU|Win32.ActiveCfg = Release|Win32
		{3A5B74E5-6390-43B0-A459-2793B81FFD31}.Static lib - Release - Fast FPU|Win32.Build.0 = Release|Win32
		{3A5B74E5-6390-43B0-A459-2793B81FFD31}.Static lib - Release - Fast FPU|x64.ActiveCfg = Release|x64
		{3A5B74E5-6390-43B0-A459-2793B81FFD31}.Static lib - Release - Fast FPU|x64.Build.0 = Release|x64
		{3A5B74E5-6390-43B0-A459-2793B81FFD31}.Static lib - Release|Win32.ActiveCfg = Release|Win32
		{3A5B74E5-6390-43B0-A459-2793B81FFD31}.Static lib - Release|Win32.Build.0 = Release|Win32
		{3A5B74E5-6390-43B0-A459-2793B81FFD31}.Static lib - Release|x64.ActiveCfg = Release|x64
		{3A5B74E5-6390-43B0-A459-2793B81FFD31}.Static lib - Release|x64.Build.0 = Release|x64
		{0914E5C8-5352-467B-8421-C9EB35BD5596}.Debug|Win32.ActiveCfg = Debug|Win32
		{0914E5C8-5352-467B-8421-C9EB35BD5596}.Debug|x64.ActiveCfg = Debug|x64
		{0914E5C8-5352-467B-8421-C9EB35BD5596}.Release - Fast FPU|Win32.ActiveCfg = Release|Win32
		{0914E5C8-5352-467B-8421-C9EB35BD5596}.Release - Fast FPU|Win32.Build.0 = Release|Win32
		{0914E5C8-5352-467B-8421-C9EB35BD5596}.Release - Fast FPU|x64.ActiveCfg = Release|x64
		{0914E5C8-5352-467B-8421-C9EB35BD5596}.Release - Fast FPU|x64.Build.0 = Release|x64
		{0914E5C8-5352-467B-8421-C9EB35BD5596}.Release|Win32.ActiveCfg = Release|Win32
		{0914E5C8-5352-467B-8421-C9EB35BD5596}.Release|x64.ActiveCfg = Release|x64
		{0914E5C8-5352-467B-8421-C9EB35BD5596}.SDL-Debug|Win32.ActiveCfg = Debug|Win32
		{0914E5C8-5352-467B-8421-C9EB35BD5596}.SDL-Debug|Win32.Build.0 = Debug|Win32
		{0914E5C8-5352-467B-8421-C9EB35BD5596}.SDL-Debug|x64.ActiveCfg = Debug|x64
		{0914E5C8-5352-467B-8421-C9EB35BD5596}.SDL-Debug|x64.Build.0 = Debug|x64
		{0914E5C8-5352-467B-8421-C9EB35BD5596}.Static lib - Debug|Win32.ActiveCfg = Debug|Win32
		{0914E5C8-5352-467B-8421-C9EB35BD5596}.Static lib - Debug|Win32.Build.0 = Debug|Win32
		{0914E5C8-5352-467B-8421-C9EB35BD5596}.Static lib - Debug|x64.ActiveCfg = Debug|x64
		{0914E5C8-5352-467B-8421-C9EB35BD5596}.Static lib - Debug|x64.Build.0 = Debug|x64
		{0914E5C8-5352-467B-8421-C9EB35BD5596}.Static lib - Release - Fast FPU|Win32.ActiveCfg = Release|Win32
		{0914E5C8-5352-467B-8421-C9EB35BD5596}.Static lib - Release - Fast FPU|Win32.Build.0 = Release|Win32
		{0914E5C8-5352-467B-8421-C9EB35BD5596}.Static lib - Release - Fast FPU|x64.ActiveCfg = Release|x64
		{0914E5C8-5352-467B-8421-C9EB35BD5596}.Static lib - Release - Fast FPU|x64.Build.0 = Release|x64
		{0914E5C8-5352-467B-8421-C9EB35BD5596}.Static lib - Release|Win32.ActiveCfg = Release|Win32
		{0914E5C8-5352-467B-8421-C9EB35BD5596}.Static lib - Release|Win32.Build.0 = Release|Win32
		{0914E5C8-5352-467B-8421-C9EB35BD5596}.Static lib - Release|x64.ActiveCfg = Release|x64
		{0914E5C8-5352-467B-8421-C9EB35BD5596}.Static lib - Release|x64.Build.0 = Release|x64
		{772FBE05-D05A-467B-9842-BEC409EEA8D0}.Debug|Win32.ActiveCfg = Debug|Win32
		{772FBE05-D05A-467B-9842-BEC409EEA8D0}.Debug|x64.ActiveCfg = Debug|x64
		{772FBE05-D05A-467B-9842-BEC409EEA8D0}.Release - Fast FPU|Win32.ActiveCfg = Release|Win32
		{772FBE05-D05A-467B-9842-BEC409EEA8D0}.Release - Fast FPU|Win32.Build.0 = Release|Win32
		{772FBE05-D05A-467B-9842-BEC409EEA8D0}.Release - Fast FPU|x64.ActiveCfg = Release|x64
		{772FBE05-D05A-467B-9842-BEC409EEA8D0}.Release - Fast FPU|x64.Build.0 = Release|x64
		{772FBE05-D05A-467B-9842-BEC409EEA8D0}.Release|Win32.ActiveCfg = Release|Win32
		{772FBE05-D05A-467B-9842-BEC409EEA8D0}.Release|x64.ActiveCfg = Release|x64
		{772FBE05-D05A-467B-9842-BEC409EEA8D0}.SDL-Debug|Win32.ActiveCfg = Debug|Win32
		{772FBE05-D05A-467B-9842-BEC409EEA8D0}.SDL-Debug|Win32.Build.0 = Debug|Win32
		{772FBE05-D05A-467B-9842-BEC409EEA8D0}.SDL-Debug|x64.ActiveCfg = Debug|x64
		{772FBE05-D05A-467B-9842-BEC409EEA8D0}.SDL-Debug|x64.Build.0 = Debug|x64
		{772FBE05-D05A-467B-9842-BEC409EEA8D0}.Static lib - Debug|Win32.ActiveCfg = Debug|Win32
		{772FBE05-D05A-467B-9842-BEC409EEA8D0}.Static lib - Debug|Win32.Build.0 = Debug|Win32
		{772FBE05-D05A-467B-9842-BEC409EEA8D0}.Static lib - Debug|x64.ActiveCfg = Debug|x64
		{772FBE05-D05A-467B-9842-BEC409EEA8D0}.Static lib - Debug|x64.Build.0 = Debug|x64
		{772FBE05-D05A-467B-9842-BEC409EEA8D0}.Static lib - Release - Fast FPU|Win32.ActiveCfg = Release|Win32
		{772FBE05-D05A-467B-9842-BEC409EEA8D0}.Static lib - Release - Fast FPU|Win32.Build.0 = Release|Win32
		{772FBE05-D05A-467B-9842-BEC409EEA8D0}.Static lib - Release - Fast FPU|x64.ActiveCfg = Release|x64
		{772FBE05-D05A-467B-9842-BEC409EEA8D0}.Static lib - Release - Fast FPU|x64.Build.0 = Release|x64
		{772FBE05-D05A-467B-9842-BEC409EEA8D0}.Static lib - Release|Win32.ActiveCfg = Release|Win32
		{772FBE05-D05A-467B-9842-BEC409EEA8D0}.Static lib - Release|Win32.Build.0 = Release|Win32
		{772FBE05-D05A-467B-9842-BEC409EEA8D0}.Static lib - Release|x64.ActiveCfg = Release|x64
		{772FBE05-D05A-467B-9842-BEC409EEA8D0}.Static lib - Release|x64.Build.0 = Release|x64
		{78C9F424-523C-49AC-94B7-823AA4A26BF9}.Debug|Win32.ActiveCfg = Debug|Win32
		{78C9F424-523C-49AC-94B7-823AA4A26BF9}.Debug|x64.ActiveCfg = Debug|x64
		{78C9F424-523C-49AC-94B7-823AA4A26BF9}.Release - Fast FPU|Win32.ActiveCfg = Release|Win32
		{78C9F424-523C-49AC-94B7-823AA4A26BF9}.Release - Fast FPU|Win32.Build.0 = Release|Win32
		{78C9F424-523C-49AC-94B7-823AA4A26BF9}.Release - Fast FPU|x64.ActiveCfg = Release|x64
		{78C9F424-523C-49AC-94B7-823AA4A26BF9}.Release - Fast FPU|x64.Build.0 = Release|x64
		{78C9F424-523C-49AC-94B7-823AA4A26BF9}.Release|Win32.ActiveCfg = Release|Win32
		{78C9F424-523C-49AC-94B7-823AA4A26BF9}.Release|x64.ActiveCfg = Release|x64
		{78C9F424-523C-49AC-94B7-823AA4A26BF9}.SDL-Debug|Win32.ActiveCfg = Debug|Win32
		{78C9F424-523C-49AC-94B7-823AA4A26BF9}.SDL-Debug|Win32.Build.0 = Debug|Win32
		{78C9F424-523C-49AC-94B7-823AA4A26BF9}.SDL-Debug|x64.ActiveCfg = Debug|x64
		{78C9F424-523C-49AC-94B7-823AA4A26BF9}.SDL-Debug|x64.Build.0 = Debug|x64
		{78C9F424-523C-49AC-94B7-823AA4A26BF9}.Static lib - Debug|Win32.ActiveCfg = Debug|Win32
		{78C9F424-523C-49AC-94B7-823AA4A26BF9}.Static lib - Debug|Win32.Build.0 = Debug|Win32
		{78C9F424-523C-49AC-94B7-823AA4A26BF9}.Static lib - Debug|x64.ActiveCfg = Debug|x64
		{78C9F424-523C-49AC-94B7-823AA4A26BF9}.Static lib - Debug|x64.Build.0 = Debug|x64
		{78C9F424-523C-49AC-94B7-823AA4A26BF9}.Static lib - Release - Fast FPU|Win32.ActiveCfg = Release|Win32
		{78C9F424-523C-49AC-94B7-823AA4A26BF9}.Static lib - Release - Fast FPU|Win32.Build.0 = Release|Win32
		{78C9F424-523C-49AC-94B7-823AA4A26BF9}.Static lib - Release - Fast FPU|x64.ActiveCfg = Release|x64
		{78C9F424-523C-49AC-94B7-823AA4A26BF9}.Static lib - Release - Fast FPU|x64.Build.0 = Release|x64
		{78C9F424-523C-49AC-94B7-823AA4A26BF9}.Static lib - Release|Win32.ActiveCfg = Release|Win32
		{78C9F424-523C-49AC-94B7-823AA4A26BF9}.Static lib - Release|Win32.Build.0 = Release|Win32
		{78C9F424-523C-49AC-94B7-823AA4A26BF9}.Static lib - Release|x64.ActiveCfg = Release|x64
		{78C9F424-523C-49AC-94B7-823AA4A26BF9}.Static lib - Release|x64.Build.0 = Release|x64
		{EB3B38EA-5CE7-4983-845B-880661E69D09}.Debug|Win32.ActiveCfg = Debug|Win32
		{EB3B38EA-5CE7-4983-845B-880661E69D09}.Debug|x64.ActiveCfg = Debug|x64
		{EB3B38EA-5CE7-4983-845B-880661E69D09}.Release - Fast FPU|Win32.ActiveCfg = Release|Win32
		{EB3B38EA-5CE7-4983-845B-880661E69D09}.Release - Fast FPU|Win32.Build.0 = Release|Win32
		{EB3B38EA-5CE7-4983-845B-880661E69D09}.Release - Fast FPU|x64.ActiveCfg = Release|x64
		{EB3B38EA-5CE7-4983-845B-880661E69D09}.Release - Fast FPU|x64.Build.0 = Release|x64
		{EB3B38EA-5CE7-4983-845B-880661E69D09}.Release|Win32.ActiveCfg = Release|Win32
		{EB3B38EA-5CE7-4983-845B-880661E69D09}.Release|x64.ActiveCfg = Release|x64
		{EB3B38EA-5CE7-4983-845B-880661E69D09}.SDL-Debug|Win32.ActiveCfg = Debug|Win32
		{EB3B38EA-5CE7-4983-845B-880661E69D09}.SDL-Debug|Win32.Build.0 = Debug|Win32
		{EB3B38EA-5CE7-4983-845B-880661E69D09}.SDL-Debug|x64.ActiveCfg = Debug|x64
		{EB3B38EA-5CE7-4983-845B-880661E69D09}.SDL-Debug|x64.Build.0 = Debug|x64
		{EB3B38EA-5CE7-4983-845B-880661E69D09}.Static lib - Debug|Win32.ActiveCfg = Debug|Win32
		{EB3B38EA-5CE7-4983-845B-880661E69D09}.Static lib - Debug|Win32.Build.0 = Debug|Win32
		{EB3B38EA-5CE7-4983-845B-880661E69D09}.Static lib - Debug|x64.ActiveCfg = Debug|x64
		{EB3B38EA-5CE7-4983-845B-880661E69D09}.Static lib - Debug|x64.Build.0 = Debug|x64
		{EB3B38EA-5CE7-4983-845B-880661E69D09}.Static lib - Release - Fast FPU|Win32.ActiveCfg = Release|Win32
		{EB3B38EA-5CE7-4983-845B-880661E69D09}.Static lib - Release - Fast FPU|Win32.Build.0 = Release|Win32
		{EB3B38EA-5CE7-4983-845B-880661E69D09}.Static lib - Release - Fast FPU|x64.ActiveCfg = Release|x64
		{EB3B38EA-5CE7-4983-845B-880661E69D09}.Static lib - Release - Fast FPU|x64.Build.0 = Release|x64
		{EB3B38EA-5CE7-4983-845B-880661E69D09}.Static lib - Release|Win32.ActiveCfg = Release|Win32
		{EB3B38EA-5CE7-4983-845B-880661E69D09}.Static lib - Release|Win32.Build.0 = Release|Win32
		{EB3B38EA-5CE7-4983-845B-880661E69D09}.Static lib - Release|x64.ActiveCfg = Release|x64
		{EB3B38EA-5CE7-4983-845B-880661E69D09}.Static lib - Release|x64.Build.0 = Release|x64
		{1AB9413E-4F53-42A3-8CB2-CB4BE22336D0}.Debug|Win32.ActiveCfg = Debug|Win32
		{1AB9413E-4F53-42A3-8CB2-CB4BE22336D0}.Debug|x64.ActiveCfg = Debug|x64
		{1AB9413E-4F53-42A3-8CB2-CB4BE22336D0}.Release - Fast FPU|Win32.ActiveCfg = Release|Win32
		{1AB9413E-4F53-42A3-8CB2-CB4BE22336D0}.Release - Fast FPU|Win32.Build.0 = Release|Win32
		{1AB9413E-4F53-42A3-8CB2-CB4BE22336D0}.Release - Fast FPU|x64.ActiveCfg = Release|x64
		{1AB9413E-4F53-42A3-8CB2-CB4BE22336D0}.Release - Fast FPU|x64.Build.0 = Release|x64
		{1AB9413E-4F53-42A3-8CB2-CB4BE22336D0}.Release|Win32.ActiveCfg = Release|Win32
		{1AB9413E-4F53-42A3-8CB2-CB4BE22336D0}.Release|x64.ActiveCfg = Release|x64
		{1AB9413E-4F53-42A3-8CB2-CB4BE22336D0}.SDL-Debug|Win32.ActiveCfg = Debug|Win32
		{1AB9413E-4F53-42A3-8CB2-CB4BE22336D0}.SDL-Debug|Win32.Build.0 = Debug|Win32
		{1AB9413E-4F53-42A3-8CB2-CB4BE22336D0}.SDL-Debug|x64.ActiveCfg = Debug|x64
		{1AB9413E-4F53-42A3-8CB2-CB4BE22336D0}.SDL-Debug|x64.Build.0 = Debug|x64
		{1AB9413E-4F53-42A3-8CB2-CB4BE22336D0}.Static lib - Debug|Win32.ActiveCfg = Debug|Win32
		{1AB9413E-4F53-42A3-8CB2-CB4BE22336D0}.Static lib - Debug|Win32.Build.0 = Debug|Win32
		{1AB9413E-4F53-42A3-8CB2-CB4BE22336D0}.Static lib - Debug|x64.ActiveCfg = Debug|x64
		{1AB9413E-4F53-42A3-8CB2-CB4BE22336D0}.Static lib - Debug|x64.Build.0 = Debug|x64
		{1AB9413E-4F53-42A3-8CB2-CB4BE22336D0}.Static lib - Release - Fast FPU|Win32.ActiveCfg = Release|Win32
		{1AB9413E-4F53-42A3-8CB2-CB4BE22336D0}.Static lib - Release - Fast FPU|Win32.Build.0 = Release|Win32
		{1AB9413E-4F53-42A3-8CB2-CB4BE22336D0}.Static lib - Release - Fast FPU|x64.ActiveCfg = Release|x64
		{1AB9413E-4F53-42A3-8CB2-CB4BE22336D0}.Static lib - Release - Fast FPU|x64.Build.0 = Release|x64
		{1AB9413E-4F53-42A3-8CB2-CB4BE22336D0}.Static lib - Release|Win32.ActiveCfg = Release|Win32
		{1AB9413E-4F53-42A3-8CB2-CB4BE22336D0}.Static lib - Release|Win32.Build.0 = Release|Win32
		{1AB9413E-4F53-42A3-8CB2-CB4BE22336D0}.Static lib - Release|x64.ActiveCfg = Release|x64
		{1AB9413E-4F53-42A3-8CB2-CB4BE22336D0}.Static lib - Release|x64.Build.0 = Release|x64
		{FE853A36-E0D1-4AC5-A792-B643E70D2953}.Debug|Win32.ActiveCfg = Debug|Win32
		{FE853A36-E0D1-4AC5-A792-B643E70D2953}.Debug|x64.ActiveCfg = Debug|x64
		{FE853A36-E0D1-4AC5-A792-B643E70D2953}.Release - Fast FPU|Win32.ActiveCfg = Release|Win32
		{FE853A36-E0D1-4AC5-A792-B643E70D2953}.Release - Fast FPU|Win32.Build.0 = Release|Win32
		{FE853A36-E0D1-4AC5-A792-B643E70D2953}.Release - Fast FPU|x64.ActiveCfg = Release|x64
		{FE853A36-E0D1-4AC5-A792-B643E70D2953}.Release - Fast FPU|x64.Build.0 = Release|x64
		{FE853A36-E0D1-4AC5-A792-B643E70D2953}.Release|Win32.ActiveCfg = Release|Win32
		{FE853A36-E0D1-4AC5-A792-B643E70D2953}.Release|x64.ActiveCfg = Release|x64
		{FE853A36-E0D1-4AC5-A792-B643E70D2953}.SDL-Debug|Win32.ActiveCfg = Debug|Win32
		{FE853A36-E0D1-4AC5-A792-B643E70D2953}.SDL-Debug|Win32.Build.0 = Debug|Win32
		{FE853A36-E0D1-4AC5-A792-B643E70D2953}.SDL-Debug|x64.ActiveCfg = Debug|x64
		{FE853A36-E0D1-4AC5-A792-B643E70D2953}.SDL-Debug|x64.Build.0 = Debug|x64
		{FE853A36-E0D1-4AC5-A792-B643E70D2953}.Static lib - Debug|Win32.ActiveCfg = Debug|Win32
		{FE853A36-E0D1-4AC5-A792-B643E70D2953}.Static lib - Debug|Win32.Build.0 = Debug|Win32
		{FE853A36-E0D1-4AC5-A792-B643E70D2953}.Static lib - Debug|x64.ActiveCfg = Debug|x64
		{FE853A36-E0D1-4AC5-A792-B643E70D2953}.Static lib - Debug|x64.Build.0 = Debug|x64
		{FE853A36-E0D1-4AC5-A792-B643E70D2953}.Static lib - Release - Fast FPU|Win32.ActiveCfg = Release|Win32
		{FE853A36-E0D1-4AC5-A792-B643E70D2953}.Static lib - Release - Fast FPU|Win32.Build.0 = Release|Win32
		{FE853A36-E0D1-4AC5-A792-B643E70D2953}.Static lib - Release - Fast FPU|x64.ActiveCfg = Release|x64
		{FE853A36-E0D1-4AC5-A792-B643E70D2953}.Static lib - Release - Fast FPU|x64.Build.0 = Release|x64
		{FE853A36-E0D1-4AC5-A792-B643E70D2953}.Static lib - Release|Win32.ActiveCfg = Release|Win32
		{FE853A36-E0D1-4AC5-A792-B643E70D2953}.Static lib - Release|Win32.Build.0 = Release|Win32
		{FE853A36-E0D1-4AC5-A792-B643E70D2953}.Static lib - Release|x64.ActiveCfg = Release|x64
		{FE853A36-E0D1-4AC5-A792-B643E70D2953}.Static lib - Release|x64.Build.0 = Release|x64
		{16007FE2-142B-47F8-93E1-519BA3F39E71}.Debug|Win32.ActiveCfg = Debug|Win32
		{16007FE2-142B-47F8-93E1-519BA3F39E71}.Debug|x64.ActiveCfg = Debug|x64
		{16007FE2-142B-47F8-93E1-519BA3F39E71}.Release - Fast FPU|Win32.ActiveCfg = Release|Win32
		{16007FE2-142B-47F8-93E1-519BA3F39E71}.Release - Fast FPU|Win32.Build.0 = Release|Win32
		{16007FE2-142B-47F8-93E1-519BA3F39E71}.Release - Fast FPU|x64.ActiveCfg = Release|x64
		{16007FE2-142B-47F8-93E1-519BA3F39E71}.Release - Fast FPU|x64.Build.0 = Release|x64
		{16007FE2-142B-47F8-93E1-519BA3F39E71}.Release|Win32.ActiveCfg = Release|Win32
		{16007FE2-142B-47F8-93E1-519BA3F39E71}.Release|x64.ActiveCfg = Release|x64
		{16007FE2-142B-47F8-93E1-519BA3F39E71}.SDL-Debug|Win32.ActiveCfg = Debug|Win32
		{16007FE2-142B-47F8-93E1-519BA3F39E71}.SDL-Debug|Win32.Build.0 = Debug|Win32
		{16007FE2-142B-47F8-93E1-519BA3F39E71}.SDL-Debug|x64.ActiveCfg = Debug|x64
		{16007FE2-142B-47F8-93E1-519BA3F39E71}.SDL-Debug|x64.Build.0 = Debug|x64
		{16007FE2-142B-47F8-93E1-519BA3F39E71}.Static lib - Debug|Win32.ActiveCfg = Debug|Win32
		{16007FE2-142B-47F8-93E1-519BA3F39E71}.Static lib - Debug|Win32.Build.0 = Debug|Win32
		{16007FE2-142B-47F8-93E1-519BA3F39E71}.Static lib - Debug|x64.ActiveCfg = Debug|x64
		{16007FE2-142B-47F8-93E1-519BA3F39E71}.Static lib - Debug|x64.Build.0 = Debug|x64
		{16007FE2-142B-47F8-93E1-519BA3F39E71}.Static lib - Release - Fast FPU|Win32.ActiveCfg = Release|Win32
		{16007FE2-142B-47F8-93E1-519BA3F39E71}.Static lib - Release - Fast FPU|Win32.Build.0 = Release|Win32
		{16007FE2-142B-47F8-93E1-519BA3F39E71}.Static lib - Release - Fast FPU|x64.ActiveCfg = Release|x64
		{16007FE2-142B-47F8-93E1-519BA3F39E71}.Static lib - Release - Fast FPU|x64.Build.0 = Release|x64
		{16007FE2-142B-47F8-93E1-519BA3F39E71}.Static lib - Release|Win32.ActiveCfg = Release|Win32
		{16007FE2-142B-47F8-93E1-519BA3F39E71}.Static lib - Release|Win32.Build.0 = Release|Win32
		{16007FE2-142B-47F8-93E1-519BA3F39E71}.Static lib - Release|x64.ActiveCfg = Release|x64
		{16007FE2-142B-47F8-93E1-519BA3F39E71}.Static lib - Release|x64.Build.0 = Release|x64
		{CDC4AAA9-72E1-4FFA-A04D-7EF59D8B97CD}.Debug|Win32.ActiveCfg = Debug|Win32
		{CDC4AAA9-72E1-4FFA-A04D-7EF59D8B97CD}.Debug|x64.ActiveCfg = Debug|x64
		{CDC4AAA9-72E1-4FFA-A04D-7EF59D8B97CD}.Release - Fast FPU|Win32.ActiveCfg = Release|Win32
		{CDC4AAA9-72E1-4FFA-A04D-7EF59D8B97CD}.Release - Fast FPU|Win32.Build.0 = Release|Win32
		{CDC4AAA9-72E1-4FFA-A04D-7EF59D8B97CD}.Release - Fast FPU|x64.ActiveCfg = Release|x64
		{CDC4AAA9-72E1-4FFA-A04D-7EF59D8B97CD}.Release - Fast FPU|x64.Build.0 = Release|x64
		{CDC4AAA9-72E1-4FFA-A04D-7EF59D8B97CD}.Release|Win32.ActiveCfg = Release|Win32
		{CDC4AAA9-72E1-4FFA-A04D-7EF59D8B97CD}.Release|x64.ActiveCfg = Release|x64
		{CDC4AAA9-72E1-4FFA-A04D-7EF59D8B97CD}.SDL-Debug|Win32.ActiveCfg = Debug|Win32
		{CDC4AAA9-72E1-4FFA-A04D-7EF59D8B97CD}.SDL-Debug|Win32.Build.0 = Debug|Win32
		{CDC4AAA9-72E1-4FFA-A04D-7EF59D8B97CD}.SDL-Debug|x64.ActiveCfg = Debug|x64
		{CDC4AAA9-72E1-4FFA-A04D-7EF59D8B97CD}.SDL-Debug|x64.Build.0 = Debug|x64
		{CDC4AAA9-72E1-4FFA-A04D-7EF59D8B97CD}.Static lib - Debug|Win32.ActiveCfg = Debug|Win32
		{CDC4AAA9-72E1-4FFA-A04D-7EF59D8B97CD}.Static lib - Debug|Win32.Build.0 = Debug|Win32
		{CDC4AAA9-72E1-4FFA-A04D-7EF59D8B97CD}.Static lib - Debug|x64.ActiveCfg = Debug|x64
		{CDC4AAA9-72E1-4FFA-A04D-7EF59D8B97CD}.Static lib - Debug|x64.Build.0 = Debug|x64
		{CDC4AAA9-72E1-4FFA-A04D-7EF59D8B97CD}.Static lib - Release - Fast FPU|Win32.ActiveCfg = Release|Win32
		{CDC4AAA9-72E1-4FFA-A04D-7EF59D8B97CD}.Static lib - Release - Fast FPU|Win32.Build.0 = Release|Win32
		{CDC4AAA9-72E1-4FFA-A04D-7EF59D8B97CD}.Static lib - Release - Fast FPU|x64.ActiveCfg = Release|x64
		{CDC4AAA9-72E1-4FFA-A04D-7EF59D8B97CD}.Static lib - Release - Fast FPU|x64.Build.0 = Release|x64
		{CDC4AAA9-72E1-4FFA-A04D-7EF59D8B97CD}.Static lib - Release|Win32.ActiveCfg = Release|Win32
		{CDC4AAA9-72E1-4FFA-A04D-7EF59D8B97CD}.Static lib - Release|Win32.Build.0 = Release|Win32
		{CDC4AAA9-72E1-4FFA-A04D-7EF59D8B97CD}.Static lib - Release|x64.ActiveCfg = Release|x64
		{CDC4AAA9-72E1-4FFA-A04D-7EF59D8B97CD}.Static lib - Release|x64.Build.0 = Release|x64
		{4E6C2F8D-BA92-4C5B-96FD-72D4FE8BD7FA}.Debug|Win32.ActiveCfg = Debug|Win32
		{4E6C2F8D-BA92-4C5B-96FD-72D4FE8BD7FA}.Debug|x64.ActiveCfg = Debug|x64
		{4E6C2F8D-BA92-4C5B-96FD-72D4FE8BD7FA}.Release - Fast FPU|Win32.ActiveCfg = Release|Win32
		{4E6C2F8D-BA92-4C5B-96FD-72D4FE8BD7FA}.Release - Fast FPU|Win32.Build.0 = Release|Win32
		{4E6C2F8D-BA92-4C5B-96FD-72D4FE8BD7FA}.Release - Fast FPU|x64.ActiveCfg = Release|x64
		{4E6C2F8D-BA92-4C5B-96FD-72D4FE8BD7FA}.Release - Fast FPU|x64.Build.0 = Release|x64
		{4E6C2F8D-BA92-4C5B-96FD-72D4FE8BD7FA}.Release|Win32.ActiveCfg = Release|Win32
		{4E6C2F8D-BA92-4C5B-96FD-72D4FE8BD7FA}.Release|x64.ActiveCfg = Release|x64
		{4E6C2F8D-BA92-4C5B-96FD-72D4FE8BD7FA}.SDL-Debug|Win32.ActiveCfg = Debug|Win32
		{4E6C2F8D-BA92-4C5B-96FD-72D4FE8BD7FA}.SDL-Debug|Win32.Build.0 = Debug|Win32
		{4E6C2F8D-BA92-4C5B-96FD-72D4FE8BD7FA}.SDL-Debug|x64.ActiveCfg = Debug|x64
		{4E6C2F8D-BA92-4C5B-96FD-72D4FE8BD7FA}.SDL-Debug|x64.Build.0 = Debug|x64
		{4E6C2F8D-BA92-4C5B-96FD-72D4FE8BD7FA}.Static lib - Debug|Win32.ActiveCfg = Debug|Win32
		{4E6C2F8D-BA92-4C5B-96FD-72D4FE8BD7FA}.Static lib - Debug|Win32.Build.0 = Debug|Win32
		{4E6C2F8D-BA92-4C5B-96FD-72D4FE8BD7FA}.Static lib - Debug|x64.ActiveCfg = Debug|x64
		{4E6C2F8D-BA92-4C5B-96FD-72D4FE8BD7FA}.Static lib - Debug|x64.Build.0 = Debug|x64
		{4E6C2F8D-BA92-4C5B-96FD-72D4FE8BD7FA}.Static lib - Release - Fast FPU|Win32.ActiveCfg = Release|Win32
		{4E6C2F8D-BA92-4C5B-96FD-72D4FE8BD7FA}.Static lib - Release - Fast FPU|Win32.Build.0 = Release|Win32
		{4E6C2F8D-BA92-4C5B-96FD-72D4FE8BD7FA}.Static lib - Release - Fast FPU|x64.ActiveCfg = Release|x64
		{4E6C2F8D-BA92-4C5B-96FD-72D4FE8BD7FA}.Static lib - Release - Fast FPU|x64.Build.0 = Release|x64
		{4E6C2F8D-BA92-4C5B-96FD-72D4FE8BD7FA}.Static lib - Release|Win32.ActiveCfg = Release|Win32
		{4E6C2F8D-BA92-4C5B-96FD-72D4FE8BD7FA}.Static lib - Release|Win32.Build.0 = Release|Win32
		{4E6C2F8D-BA92-4C5B-96FD-72D4FE8BD7FA}.Static lib - Release|x64.ActiveCfg = Release|x64
		{4E6C2F8D-BA92-4C5B-96FD-72D4FE8BD7FA}.Static lib - Release|x64.Build.0 = Release|x64
		{6AEC2AA2-C9FF-4B7D-B07A-94A9D34B41D7}.Debug|Win32.ActiveCfg = Debug|Win32
		{6AEC2AA2-C9FF-4B7D-B07A-94A9D34B41D7}.Debug|x64.ActiveCfg = Debug|x64
		{6AEC2AA2-C9FF-4B7D-B07A-94A9D34B41D7}.Release - Fast FPU|Win32.ActiveCfg = Release|Win32
		{6AEC2AA2-C9FF-4B7D-B07A-94A9D34B41D7}.Release - Fast FPU|Win32.Build.0 = Release|Win32
		{6AEC2AA2-C9FF-4B7D-B07A-94A9D34B41D7}.Release - Fast FPU|x64.ActiveCfg = Release|x64
		{6AEC2AA2-C9FF-4B7D-B07A-94A9D34B41D7}.Release - Fast FPU|x64.Build.0 = Release|x64
		{6AEC2AA2-C9FF-4B7D-B07A-94A9D34B41D7}.Release|Win32.ActiveCfg = Release|Win32
		{6AEC2AA2-C9FF-4B7D-B07A-94A9D34B41D7}.Release|x64.ActiveCfg = Release|x64
		{6AEC2AA2-C9FF-4B7D-B07A-94A9D34B41D7}.SDL-Debug|Win32.ActiveCfg = Debug|Win32
		{6AEC2AA2-C9FF-4B7D-B07A-94A9D34B41D7}.SDL-Debug|Win32.Build.0 = Debug|Win32
		{6AEC2AA2-C9FF-4B7D-B07A-94A9D34B41D7}.SDL-Debug|x64.ActiveCfg = Debug|x64
		{6AEC2AA2-C9FF-4B7D-B07A-94A9D34B41D7}.SDL-Debug|x64.Build.0 = Debug|x64
		{6AEC2AA2-C9FF-4B7D-B07A-94A9D34B41D7}.Static lib - Debug|Win32.ActiveCfg = Debug|Win32
		{6AEC2AA2-C9FF-4B7D-B07A-94A9D34B41D7}.Static lib - Debug|Win32.Build.0 = Debug|Win32
		{6AEC2AA2-C9FF-4B7D-B07A-94A9D34B41D7}.Static lib - Debug|x64.ActiveCfg = Debug|x64
		{6AEC2AA2-C9FF-4B7D-B07A-94A9D34B41D7}.Static lib - Debug|x64.Build.0 = Debug|x64
		{6AEC2AA2-C9FF-4B7D-B07A-94A9D34B41D7}.Static lib - Release - Fast FPU|Win32.ActiveCfg = Release|Win32
		{6AEC2AA2-C9FF-4B7D-B07A-94A9D34B41D7}.Static lib - Release - Fast FPU|Win32.Build.0 = Release|Win32
		{6AEC2AA2-C9FF-4B7D-B07A-94A9D34B41D7}.Static lib - Release - Fast FPU|x64.ActiveCfg = Release|x64
		{6AEC2AA2-C9FF-4B7D-B07A-94A9D34B41D7}.Static lib - Release - Fast FPU|x64.Build.0 = Release|x64
		{6AEC2AA2-C9FF-4B7D-B07A-94A9D34B41D7}.Static lib - Release|Win32.ActiveCfg = Release|Win32
		{6AEC2AA2-C9FF-4B7D-B07A-94A9D34B41D7}.Static lib - Release|Win32.Build.0 = Release|Win32
		{6AEC2AA2-C9FF-4B7D-B07A-94A9D34B41D7}.Static lib - Release|x64.ActiveCfg = Release|x64
		{6AEC2AA2-C9FF-4B7D-B07A-94A9D34B41D7}.Static lib - Release|x64.Build.0 = Release|x64
		{02B67A37-50E1-49DB-BECF-905BC029C2FE}.Debug|Win32.ActiveCfg = Debug|Win32
		{02B67A37-50E1-49DB-BECF-905BC029C2FE}.Debug|x64.ActiveCfg = Debug|x64
		{02B67A37-50E1-49DB-BECF-905BC029C2FE}.Release - Fast FPU|Win32.ActiveCfg = Release|Win32
		{02B67A37-50E1-49DB-BECF-905BC029C2FE}.Release - Fast FPU|Win32.Build.0 = Release|Win32
		{02B67A37-50E1-49DB-BECF-905BC029C2FE}.Release - Fast FPU|x64.ActiveCfg = Release|x64
		{02B67A37-50E1-49DB-BECF-905BC029C2FE}.Release - Fast FPU|x64.Build.0 = Release|x64
		{02B67A37-50E1-49DB-BECF-905BC029C2FE}.Release|Win32.ActiveCfg = Release|Win32
		{02B67A37-50E1-49DB-BECF-905BC029C2FE}.Release|x64.ActiveCfg = Release|x64
		{02B67A37-50E1-49DB-BECF-905BC029C2FE}.SDL-Debug|Win32.ActiveCfg = Debug|Win32
		{02B67A37-50E1-49DB-BECF-905BC029C2FE}.SDL-Debug|Win32.Build.0 = Debug|Win32
		{02B67A37-50E1-49DB-BECF-905BC029C2FE}.SDL-Debug|x64.ActiveCfg = Debug|x64
		{02B67A37-50E1-49DB-BECF-905BC029C2FE}.SDL-Debug|x64.Build.0 = Debug|x64
		{02B67A37-50E1-49DB-BECF-905BC029C2FE}.Static lib - Debug|Win32.ActiveCfg = Debug|Win32
		{02B67A37-50E1-49DB-BECF-905BC029C2FE}.Static lib - Debug|Win32.Build.0 = Debug|Win32
		{02B67A37-50E1-49DB-BECF-905BC029C2FE}.Static lib - Debug|x64.ActiveCfg = Debug|x64
		{02B67A37-50E1-49DB-BECF-905BC029C2FE}.Static lib - Debug|x64.Build.0 = Debug|x64
		{02B67A37-50E1-49DB-BECF-905BC029C2FE}.Static lib - Release - Fast FPU|Win32.ActiveCfg = Release|Win32
		{02B67A37-50E1-49DB-BECF-905BC029C2FE}.Static lib - Release - Fast FPU|Win32.Build.0 = Release|Win32
		{02B67A37-50E1-49DB-BECF-905BC029C2FE}.Static lib - Release - Fast FPU|x64.ActiveCfg = Release|x64
		{02B67A37-50E1-49DB-BECF-905BC029C2FE}.Static lib - Release - Fast FPU|x64.Build.0 = Release|x64
		{02B67A37-50E1-49DB-BECF-905BC029C2FE}.Static lib - Release|Win32.ActiveCfg = Release|Win32
		{02B67A37-50E1-49DB-BECF-905BC029C2FE}.Static lib - Release|Win32.Build.0 = Release|Win32
		{02B67A37-50E1-49DB-BECF-905BC029C2FE}.Static lib - Release|x64.ActiveCfg = Release|x64
		{02B67A37-50E1-49DB-BECF-905BC029C2FE}.Static lib - Release|x64.Build.0 = Release|x64
		{8FDA260E-EF27-4F8C-8720-7AF707DD0D9E}.Debug|Win32.ActiveCfg = Debug|Win32
		{8FDA260E-EF27-4F8C-8720-7AF707DD0D9E}.Debug|x64.ActiveCfg = Debug|x64
		{8FDA260E-EF27-4F8C-8720-7AF707DD0D9E}.Release - Fast FPU|Win32.ActiveCfg = Release|Win32
		{8FDA260E-EF27-4F8C-8720-7AF707DD0D9E}.Release - Fast FPU|Win32.Build.0 = Release|Win32
		{8FDA260E-EF27-4F8C-8720-7AF707DD0D9E}.Release - Fast FPU|x64.ActiveCfg = Release|x64
		{8FDA260E-EF27-4F8C-8720-7AF707DD0D9E}.Release - Fast FPU|x64.Build.0 = Release|x64
		{8FDA260E-EF27-4F8C-8720-7AF707DD0D9E}.Release|Win32.ActiveCfg = Release|Win32
		{8FDA260E-EF27-4F8C-8720-7AF707DD0D9E}.Release|x64.ActiveCfg = Release|x64
		{8FDA260E-EF27-4F8C-8720-7AF707DD0D9E}.SDL-Debug|Win32.ActiveCfg = Debug|Win32
		{8FDA260E-EF27-4F8C-8720-7AF707DD0D9E}.SDL-Debug|Win32.Build.0 = Debug|Win32
		{8FDA260E-EF27-4F8C-8720-7AF707DD0D9E}.SDL-Debug|x64.ActiveCfg = Debug|x64
		{8FDA260E-EF27-4F8C-8720-7AF707DD0D9E}.SDL-Debug|x64.Build.0 = Debug|x64
		{8FDA260E-EF27-4F8C-8720-7AF707DD0D9E}.Static lib - Debug|Win32.ActiveCfg = Debug|Win32
		{8FDA260E-EF27-4F8C-8720-7AF707DD0D9E}.Static lib - Debug|Win32.Build.0 = Debug|Win32
		{8FDA260E-EF27-4F8C-8720-7AF707DD0D9E}.Static lib - Debug|x64.ActiveCfg = Debug|x64
		{8FDA260E-EF27-4F8C-8720-7AF707DD0D9E}.Static lib - Debug|x64.Build.0 = Debug|x64
		{8FDA260E-EF27-4F8C-8720-7AF707DD0D9E}.Static lib - Release - Fast FPU|Win32.ActiveCfg = Release|Win32
		{8FDA260E-EF27-4F8C-8720-7AF707DD0D9E}.Static lib - Release - Fast FPU|Win32.Build.0 = Release|Win32
		{8FDA260E-EF27-4F8C-8720-7AF707DD0D9E}.Static lib - Release - Fast FPU|x64.ActiveCfg = Release|x64
		{8FDA260E-EF27-4F8C-8720-7AF707DD0D9E}.Static lib - Release - Fast FPU|x64.Build.0 = Release|x64
		{8FDA260E-EF27-4F8C-8720-7AF707DD0D9E}.Static lib - Release|Win32.ActiveCfg = Release|Win32
		{8FDA260E-EF27-4F8C-8720-7AF707DD0D9E}.Static lib - Release|Win32.Build.0 = Release|Win32
		{8FDA260E-EF27-4F8C-8720-7AF707DD0D9E}.Static lib - Release|x64.ActiveCfg = Release|x64
		{8FDA260E-EF27-4F8C-8720-7AF707DD0D9E}.Static lib - Release|x64.Build.0 = Release|x64
		{5CE0E2E7-879D-4152-B61D-24E7D0707B45}.Debug|Win32.ActiveCfg = Debug|Win32
		{5CE0E2E7-879D-4152-B61D-24E7D0707B45}.Debug|x64.ActiveCfg = Debug|x64
		{5CE0E2E7-879D-4152-B61D-24E7D0707B45}.Release - Fast FPU|Win32.ActiveCfg = Release|Win32
		{5CE0E2E7-879D-4152-B61D-24E7D0707B45}.Release - Fast FPU|Win32.Build.0 = Release|Win32
		{5CE0E2E7-879D-4152-B61D-24E7D0707B45}.Release - Fast FPU|x64.ActiveCfg = Release|x64
		{5CE0E2E7-879D-4152-B61D-24E7D0707B45}.Release - Fast FPU|x64.Build.0 = Release|x64
		{5CE0E2E7-879D-4152-B61D-24E7D0707B45}.Release|Win32.ActiveCfg = Release|Win32
		{5CE0E2E7-879D-4152-B61D-24E7D0707B45}.Release|x64.ActiveCfg = Release|x64
		{5CE0E2E7-879D-4152-B61D-24E7D0707B45}.SDL-Debug|Win32.ActiveCfg = Debug|Win32
		{5CE0E2E7-879D-4152-B61D-24E7D0707B45}.SDL-Debug|Win32.Build.0 = Debug|Win32
		{5CE0E2E7-879D-4152-B61D-24E7D0707B45}.SDL-Debug|x64.ActiveCfg = Debug|x64
		{5CE0E2E7-879D-4152-B61D-24E7D0707B45}.SDL-Debug|x64.Build.0 = Debug|x64
		{5CE0E2E7-879D-4152-B61D-24E7D0707B45}.Static lib - Debug|Win32.ActiveCfg = Debug|Win32
		{5CE0E2E7-879D-4152-B61D-24E7D0707B45}.Static lib - Debug|Win32.Build.0 = Debug|Win32
		{5CE0E2E7-879D-4152-B61D-24E7D0707B45}.Static lib - Debug|x64.ActiveCfg = Debug|x64
		{5CE0E2E7-879D-4152-B61D-24E7D0707B45}.Static lib - Debug|x64.Build.0 = Debug|x64
		{5CE0E2E7-879D-4152-B61D-24E7D0707B45}.Static lib - Release - Fast FPU|Win32.ActiveCfg = Release|Win32
		{5CE0E2E7-879D-4152-B61D-24E7D0707B45}.Static lib - Release - Fast FPU|Win32.Build.0 = Release|Win32
		{5CE0E2E7-879D-4152-B61D-24E7D0707B45}.Static lib - Release - Fast FPU|x64.ActiveCfg = Release|x64
		{5CE0E2E7-879D-4152-B61D-24E7D0707B45}.Static lib - Release - Fast FPU|x64.Build.0 = Release|x64
		{5CE0E2E7-879D-4152-B61D-24E7D0707B45}.Static lib - Release|Win32.ActiveCfg = Release|Win32
		{5CE0E2E7-879D-4152-B61D-24E7D0707B45}.Static lib - Release|Win32.Build.0 = Release|Win32
		{5CE0E2E7-879D-4152-B61D-24E7D0707B45}.Static lib - Release|x64.ActiveCfg = Release|x64
		{5CE0E2E7-879D-4152-B61D-24E7D0707B45}.Static lib - Release|x64.Build.0 = Release|x64
		{65D9DE2E-B73E-4ADF-96D1-BF4A8B7F4F97}.Debug|Win32.ActiveCfg = Debug|Win32
		{65D9DE2E-B73E-4ADF-96D1-BF4A8B7F4F97}.Debug|x64.ActiveCfg = Debug|x64
		{65D9DE2E-B73E-4ADF-96D1-BF4A8B7F4F97}.Release - Fast FPU|Win32.ActiveCfg = Release|Win32
		{65D9DE2E-B73E-4ADF-96D1-BF4A8B7F4F97}.Release - Fast FPU|Win32.Build.0 = Release|Win32
		{65D9DE2E-B73E-4ADF-96D1-BF4A8B7F4F97}.Release - Fast FPU|x64.ActiveCfg = Release|x64
		{65D9DE2E-B73E-4ADF-96D1-BF4A8B7F4F97}.Release - Fast FPU|x64.Build.0 = Release|x64
		{65D9DE2E-B73E-4ADF-96D1-BF4A8B7F4F97}.Release|Win32.ActiveCfg = Release|Win32
		{65D9DE2E-B73E-4ADF-96D1-BF4A8B7F4F97}.Release|x64.ActiveCfg = Release|x64
		{65D9DE2E-B73E-4ADF-96D1-BF4A8B7F4F97}.SDL-Debug|Win32.ActiveCfg = Debug|Win32
		{65D9DE2E-B73E-4ADF-96D1-BF4A8B7F4F97}.SDL-Debug|Win32.Build.0 = Debug|Win32
		{65D9DE2E-B73E-4ADF-96D1-BF4A8B7F4F97}.SDL-Debug|x64.ActiveCfg = Debug|x64
		{65D9DE2E-B73E-4ADF-96D1-BF4A8B7F4F97}.SDL-Debug|x64.Build.0 = Debug|x64
		{65D9DE2E-B73E-4ADF-96D1-BF4A8B7F4F97}.Static lib - Debug|Win32.ActiveCfg = Debug|Win32
		{65D9DE2E-B73E-4ADF-96D1-BF4A8B7F4F97}.Static lib - Debug|Win32.Build.0 = Debug|Win32
		{65D9DE2E-B73E-4ADF-96D1-BF4A8B7F4F97}.Static lib - Debug|x64.ActiveCfg = Debug|x64
		{65D9DE2E-B73E-4ADF-96D1-BF4A8B7F4F97}.Static lib - Debug|x64.Build.0 = Debug|x64
		{65D9DE2E-B73E-4ADF-96D1-BF4A8B7F4F97}.Static lib - Release - Fast FPU|Win32.ActiveCfg = Release|Win32
		{65D9DE2E-B73E-4ADF-96D1-BF4A8B7F4F97}.Static lib - Release - Fast FPU|Win32.Build.0 = Release|Win32
		{65D9DE2E-B73E-4ADF-96D1-BF4A8B7F4F97}.Static lib - Release - Fast FPU|x64.ActiveCfg = Release|x64
		{65D9DE2E-B73E-4ADF-96D1-BF4A8B7F4F97}.Static lib - Release - Fast FPU|x64.Build.0 = Release|x64
		{65D9DE2E-B73E-4ADF-96D1-BF4A8B7F4F97}.Static lib - Release|Win32.ActiveCfg = Release|Win32
		{65D9DE2E-B73E-4ADF-96D1-BF4A8B7F4F97}.Static lib - Release|Win32.Build.0 = Release|Win32
		{65D9DE2E-B73E-4ADF-96D1-BF4A8B7F4F97}.Static lib - Release|x64.ActiveCfg = Release|x64
		{65D9DE2E-B73E-4ADF-96D1-BF4A8B7F4F97}.Static lib - Release|x64.Build.0 = Release|x64
		{853A396E-C031-4C26-A716-5B4E176BE11D}.Debug|Win32.ActiveCfg = Debug|Win32
		{853A396E-C031-4C26-A716-5B4E176BE11D}.Debug|x64.ActiveCfg = Debug|x64
		{853A396E-C031-4C26-A716-5B4E176BE11D}.Release - Fast FPU|Win32.ActiveCfg = Release|Win32
		{853A396E-C031-4C26-A716-5B4E176BE11D}.Release - Fast FPU|Win32.Build.0 = Release|Win32
		{853A396E-C031-4C26-A716-5B4E176BE11D}.Release - Fast FPU|x64.ActiveCfg = Release|x64
		{853A396E-C031-4C26-A716-5B4E176BE11D}.Release - Fast FPU|x64.Build.0 = Release|x64
		{853A396E-C031-4C26-A716-5B4E176BE11D}.Release|Win32.ActiveCfg = Release|Win32
		{853A396E-C031-4C26-A716-5B4E176BE11D}.Release|x64.ActiveCfg = Release|x64
		{853A396E-C031-4C26-A716-5B4E176BE11D}.SDL-Debug|Win32.ActiveCfg = Debug|Win32
		{853A396E-C031-4C26-A716-5B4E176BE11D}.SDL-Debug|Win32.Build.0 = Debug|Win32
		{853A396E-C031-4C26-A716-5B4E176BE11D}.SDL-Debug|x64.ActiveCfg = Debug|x64
		{853A396E-C031-4C26-A716-5B4E176BE11D}.SDL-Debug|x64.Build.0 = Debug|x64
		{853A396E-C031-4C26-A716-5B4E176BE11D}.Static lib - Debug|Win32.ActiveCfg = Debug|Win32
		{853A396E-C031-4C26-A716-5B4E176BE11D}.Static lib - Debug|Win32.Build.0 = Debug|Win32
		{853A396E-C031-4C26-A716-5B4E176BE11D}.Static lib - Debug|x64.ActiveCfg = Debug|x64
		{853A396E-C031-4C26-A716-5B4E176BE11D}.Static lib - Debug|x64.Build.0 = Debug|x64
		{853A396E-C031-4C26-A716-5B4E176BE11D}.Static lib - Release - Fast FPU|Win32.ActiveCfg = Release|Win32
		{853A396E-C031-4C26-A716-5B4E176BE11D}.Static lib - Release - Fast FPU|Win32.Build.0 = Release|Win32
		{853A396E-C031-4C26-A716-5B4E176BE11D}.Static lib - Release - Fast FPU|x64.ActiveCfg = Release|x64
		{853A396E-C031-4C26-A716-5B4E176BE11D}.Static lib - Release - Fast FPU|x64.Build.0 = Release|x64
		{853A396E-C031-4C26-A716-5B4E176BE11D}.Static lib - Release|Win32.ActiveCfg = Release|Win32
		{853A396E-C031-4C26-A716-5B4E176BE11D}.Static lib - Release|Win32.Build.0 = Release|Win32
		{853A396E-C031-4C26-A716-5B4E176BE11D}.Static lib - Release|x64.ActiveCfg = Release|x64
		{853A396E-C031-4C26-A716-5B4E176BE11D}.Static lib - Release|x64.Build.0 = Release|x64
		{4D53E40F-37E3-42B1-8848-F4C6F8313A17}.Debug|Win32.ActiveCfg = Debug|Win32
		{4D53E40F-37E3-42B1-8848-F4C6F8313A17}.Debug|x64.ActiveCfg = Debug|x64
		{4D53E40F-37E3-42B1-8848-F4C6F8313A17}.Release - Fast FPU|Win32.ActiveCfg = Release|Win32
		{4D53E40F-37E3-42B1-8848-F4C6F8313A17}.Release - Fast FPU|Win32.Build.0 = Release|Win32
		{4D53E40F-37E3-42B1-8848-F4C6F8313A17}.Release - Fast FPU|x64.ActiveCfg = Release|x64
		{4D53E40F-37E3-42B1-8848-F4C6F8313A17}.Release - Fast FPU|x64.Build.0 = Release|x64
		{4D53E40F-37E3-42B1-8848-F4C6F8313A17}.Release|Win32.ActiveCfg = Release|Win32
		{4D53E40F-37E3-42B1-8848-F4C6F8313A17}.Release|x64.ActiveCfg = Release|x64
		{4D53E40F-37E3-42B1-8848-F4C6F8313A17}.SDL-Debug|Win32.ActiveCfg = Debug|Win32
		{4D53E40F-37E3-42B1-8848-F4C6F8313A17}.SDL-Debug|Win32.Build.0 = Debug|Win32
		{4D53E40F-37E3-42B1-8848-F4C6F8313A17}.SDL-Debug|x64.ActiveCfg = Debug|x64
		{4D53E40F-37E3-42B1-8848-F4C6F8313A17}.SDL-Debug|x64.Build.0 = Debug|x64
		{4D53E40F-37E3-42B1-8848-F4C6F8313A17}.Static lib - Debug|Win32.ActiveCfg = Debug|Win32
		{4D53E40F-37E3-42B1-8848-F4C6F8313A17}.Static lib - Debug|Win32.Build.0 = Debug|Win32
		{4D53E40F-37E3-42B1-8848-F4C6F8313A17}.Static lib - Debug|x64.ActiveCfg = Debug|x64
		{4D53E40F-37E3-42B1-8848-F4C6F8313A17}.Static lib - Debug|x64.Build.0 = Debug|x64
		{4D53E40F-37E3-42B1-8848-F4C6F8313A17}.Static lib - Release - Fast FPU|Win32.ActiveCfg = Release|Win32
		{4D53E40F-37E3-42B1-8848-F4C6F8313A17}.Static lib - Release - Fast FPU|Win32.Build.0 = Release|Win32
		{4D53E40F-37E3-42B1-8848-F4C6F8313A17}.Static lib - Release - Fast FPU|x64.ActiveCfg = Release|x64
		{4D53E40F-37E3-42B1-8848-F4C6F8313A17}.Static lib - Release - Fast FPU|x64.Build.0 = Release|x64
		{4D53E40F-37E3-42B1-8848-F4C6F8313A17}.Static lib - Release|Win32.ActiveCfg = Release|Win32
		{4D53E40F-37E3-42B1-8848-F4C6F8313A17}.Static lib - Release|Win32.Build.0 = Release|Win32
		{4D53E40F-37E3-42B1-8848-F4C6F8313A17}.Static lib - Release|x64.ActiveCfg = Release|x64
		{4D53E40F-37E3-42B1-8848-F4C6F8313A17}.Static lib - Release|x64.Build.0 = Release|x64
		{E72B637E-4AA6-46F3-885F-AC67B4B470ED}.Debug|Win32.ActiveCfg = Debug|Win32
		{E72B637E-4AA6-46F3-885F-AC67B4B470ED}.Debug|x64.ActiveCfg = Debug|x64
		{E72B637E-4AA6-46F3-885F-AC67B4B470ED}.Release - Fast FPU|Win32.ActiveCfg = Release|Win32
		{E72B637E-4AA6-46F3-885F-AC67B4B470ED}.Release - Fast FPU|Win32.Build.0 = Release|Win32
		{E72B637E-4AA6-46F3-885F-AC67B4B470ED}.Release - Fast FPU|x64.ActiveCfg = Release|x64
		{E72B637E-4AA6-46F3-885F-AC67B4B470ED}.Release - Fast FPU|x64.Build.0 = Release|x64
		{E72B637E-4AA6-46F3-885F-AC67B4B470ED}.Release|Win32.ActiveCfg = Release|Win32
		{E72B637E-4AA6-46F3-885F-AC67B4B470ED}.Release|x64.ActiveCfg = Release|x64
		{E72B637E-4AA6-46F3-885F-AC67B4B470ED}.SDL-Debug|Win32.ActiveCfg = Debug|Win32
		{E72B637E-4AA6-46F3-885F-AC67B4B470ED}.SDL-Debug|Win32.Build.0 = Debug|Win32
		{E72B637E-4AA6-46F3-885F-AC67B4B470ED}.SDL-Debug|x64.ActiveCfg = Debug|x64
		{E72B637E-4AA6-46F3-885F-AC67B4B470ED}.SDL-Debug|x64.Build.0 = Debug|x64
		{E72B637E-4AA6-46F3-885F-AC67B4B470ED}.Static lib - Debug|Win32.ActiveCfg = Debug|Win32
		{E72B637E-4AA6-46F3-885F-AC67B4B470ED}.Static lib - Debug|Win32.Build.0 = Debug|Win32
		{E72B637E-4AA6-46F3-885F-AC67B4B470ED}.Static lib - Debug|x64.ActiveCfg = Debug|x64
		{E72B637E-4AA6-46F3-885F-AC67B4B470ED}.Static lib - Debug|x64.Build.0 = Debug|x64
		{E72B637E-4AA6-46F3-885F-AC67B4B470ED}.Static lib - Release - Fast FPU|Win32.ActiveCfg = Release|Win32
		{E72B637E-4AA6-46F3-885F-AC67B4B470ED}.Static lib - Release - Fast FPU|Win32.Build.0 = Release|Win32
		{E72B637E-4AA6-46F3-885F-AC67B4B470ED}.Static lib - Release - Fast FPU|x64.ActiveCfg = Release|x64
		{E72B637E-4AA6-46F3-885F-AC67B4B470ED}.Static lib - Release - Fast FPU|x64.Build.0 = Release|x64
		{E72B637E-4AA6-46F3-885F-AC67B4B470ED}.Static lib - Release|Win32.ActiveCfg = Release|Win32
		{E72B637E-4AA6-46F3-885F-AC67B4B470ED}.Static lib - Release|Win32.Build.0 = Release|Win32
		{E72B637E-4AA6-46F3-885F-AC67B4B470ED}.Static lib - Release|x64.ActiveCfg = Release|x64
		{E72B637E-4AA6-46F3-885F-AC67B4B470ED}.Static lib - Release|x64.Build.0 = Release|x64
		{6F076455-D955-45D4-9C68-4AD4E45F2D47}.Debug|Win32.ActiveCfg = Debug|Win32
		{6F076455-D955-45D4-9C68-4AD4E45F2D47}.Debug|x64.ActiveCfg = Debug|x64
		{6F076455-D955-45D4-9C68-4AD4E45F2D47}.Release - Fast FPU|Win32.ActiveCfg = Release|Win32
		{6F076455-D955-45D4-9C68-4AD4E45F2D47}.Release - Fast FPU|Win32.Build.0 = Release|Win32
		{6F076455-D955-45D4-9C68-4AD4E45F2D47}.Release - Fast FPU|x64.ActiveCfg = Release|x64
		{6F076455-D955-45D4-9C68-4AD4E45F2D47}.Release - Fast FPU|x64.Build.0 = Release|x64
		{6F076455-D955-45D4-9C68-4AD4E45F2D47}.Release|Win32.ActiveCfg = Release|Win32
		{6F076455-D955-45D4-9C68-4AD4E45F2D47}.Release|x64.ActiveCfg = Release|x64
		{6F076455-D955-45D4-9C68-4AD4E45F2D47}.SDL-Debug|Win32.ActiveCfg = Debug|Win32
		{6F076455-D955-45D4-9C68-4AD4E45F2D47}.SDL-Debug|Win32.Build.0 = Debug|Win32
		{6F076455-D955-45D4-9C68-4AD4E45F2D47}.SDL-Debug|x64.ActiveCfg = Debug|x64
		{6F076455-D955-45D4-9C68-4AD4E45F2D47}.SDL-Debug|x64.Build.0 = Debug|x64
		{6F076455-D955-45D4-9C68-4AD4E45F2D47}.Static lib - Debug|Win32.ActiveCfg = Debug|Win32
		{6F076455-D955-45D4-9C68-4AD4E45F2D47}.Static lib - Debug|Win32.Build.0 = Debug|Win32
		{6F076455-D955-45D4-9C68-4AD4E45F2D47}.Static lib - Debug|x64.ActiveCfg = Debug|x64
		{6F076455-D955-45D4-9C68-4AD4E45F2D47}.Static lib - Debug|x64.Build.0 = Debug|x64
		{6F076455-D955-45D4-9C68-4AD4E45F2D47}.Static lib - Release - Fast FPU|Win32.ActiveCfg = Release|Win32
		{6F076455-D955-45D4-9C68-4AD4E45F2D47}.Static lib - Release - Fast FPU|Win32.Build.0 = Release|Win32
		{6F076455-D955-45D4-9C68-4AD4E45F2D47}.Static lib - Release - Fast FPU|x64.ActiveCfg = Release|x64
		{6F076455-D955-45D4-9C68-4AD4E45F2D47}.Static lib - Release - Fast FPU|x64.Build.0 = Release|x64
		{6F076455-D955-45D4-9C68-4AD4E45F2D47}.Static lib - Release|Win32.ActiveCfg = Release|Win32
		{6F076455-D955-45D4-9C68-4AD4E45F2D47}.Static lib - Release|Win32.Build.0 = Release|Win32
		{6F076455-D955-45D4-9C68-4AD4E45F2D47}.Static lib - Release|x64.ActiveCfg = Release|x64
		{6F076455-D955-45D4-9C68-4AD4E45F2D47}.Static lib - Release|x64.Build.0 = Release|x64
		{DD5C43CB-34A8-409B-9010-5A5A52787552}.Debug|Win32.ActiveCfg = Debug|Win32
		{DD5C43CB-34A8-409B-9010-5A5A52787552}.Debug|x64.ActiveCfg = Debug|x64
		{DD5C43CB-34A8-409B-9010-5A5A52787552}.Release - Fast FPU|Win32.ActiveCfg = Release - Fast FPU|Win32
		{DD5C43CB-34A8-409B-9010-5A5A52787552}.Release - Fast FPU|Win32.Build.0 = Release - Fast FPU|Win32
		{DD5C43CB-34A8-409B-9010-5A5A52787552}.Release - Fast FPU|x64.ActiveCfg = Release - Fast FPU|x64
		{DD5C43CB-34A8-409B-9010-5A5A52787552}.Release - Fast FPU|x64.Build.0 = Release - Fast FPU|x64
		{DD5C43CB-34A8-409B-9010-5A5A52787552}.Release|Win32.ActiveCfg = Release|Win32
		{DD5C43CB-34A8-409B-9010-5A5A52787552}.Release|Win32.Build.0 = Release|Win32
		{DD5C43CB-34A8-409B-9010-5A5A52787552}.Release|x64.ActiveCfg = Release|x64
		{DD5C43CB-34A8-409B-9010-5A5A52787552}.SDL-Debug|Win32.ActiveCfg = SDL-Debug|Win32
		{DD5C43CB-34A8-409B-9010-5A5A52787552}.SDL-Debug|Win32.Build.0 = SDL-Debug|Win32
		{DD5C43CB-34A8-409B-9010-5A5A52787552}.SDL-Debug|x64.ActiveCfg = SDL-Debug|x64
		{DD5C43CB-34A8-409B-9010-5A5A52787552}.SDL-Debug|x64.Build.0 = SDL-Debug|x64
		{DD5C43CB-34A8-409B-9010-5A5A52787552}.Static lib - Debug|Win32.ActiveCfg = Static lib - Debug|Win32
		{DD5C43CB-34A8-409B-9010-5A5A52787552}.Static lib - Debug|Win32.Build.0 = Static lib - Debug|Win32
		{DD5C43CB-34A8-409B-9010-5A5A52787552}.Static lib - Debug|x64.ActiveCfg = Static lib - Debug|x64
		{DD5C43CB-34A8-409B-9010-5A5A52787552}.Static lib - Debug|x64.Build.0 = Static lib - Debug|x64
		{DD5C43CB-34A8-409B-9010-5A5A52787552}.Static lib - Release - Fast FPU|Win32.ActiveCfg = Static lib - Release - Fast FPU|Win32
		{DD5C43CB-34A8-409B-9010-5A5A52787552}.Static lib - Release - Fast FPU|Win32.Build.0 = Static lib - Release - Fast FPU|Win32
		{DD5C43CB-34A8-409B-9010-5A5A52787552}.Static lib - Release - Fast FPU|x64.ActiveCfg = Static lib - Release - Fast FPU|x64
		{DD5C43CB-34A8-409B-9010-5A5A52787552}.Static lib - Release - Fast FPU|x64.Build.0 = Static lib - Release - Fast FPU|x64
		{DD5C43CB-34A8-409B-9010-5A5A52787552}.Static lib - Release|Win32.ActiveCfg = Static lib - Release|Win32
		{DD5C43CB-34A8-409B-9010-5A5A52787552}.Static lib - Release|Win32.Build.0 = Static lib - Release|Win32
		{DD5C43CB-34A8-409B-9010-5A5A52787552}.Static lib - Release|x64.ActiveCfg = Static lib - Release|x64
		{DD5C43CB-34A8-409B-9010-5A5A52787552}.Static lib - Release|x64.Build.0 = Static lib - Release|x64
		{EDB5A489-256F-4FB1-A3F5-FC7EC00ECF9C}.Debug|Win32.ActiveCfg = Debug|Win32
		{EDB5A489-256F-4FB1-A3F5-FC7EC00ECF9C}.Debug|Win32.Build.0 = Debug|Win32
		{EDB5A489-256F-4FB1-A3F5-FC7EC00ECF9C}.Debug|x64.ActiveCfg = Debug|x64
		{EDB5A489-256F-4FB1-A3F5-FC7EC00ECF9C}.Debug|x64.Build.0 = Debug|x64
		{EDB5A489-256F-4FB1-A3F5-FC7EC00ECF9C}.Release - Fast FPU|Win32.ActiveCfg = Release|Win32
		{EDB5A489-256F-4FB1-A3F5-FC7EC00ECF9C}.Release - Fast FPU|Win32.Build.0 = Release|Win32
		{EDB5A489-256F-4FB1-A3F5-FC7EC00ECF9C}.Release - Fast FPU|x64.ActiveCfg = Release|x64
		{EDB5A489-256F-4FB1-A3F5-FC7EC00ECF9C}.Release - Fast FPU|x64.Build.0 = Release|x64
		{EDB5A489-256F-4FB1-A3F5-FC7EC00ECF9C}.Release|Win32.ActiveCfg = Release|Win32
		{EDB5A489-256F-4FB1-A3F5-FC7EC00ECF9C}.Release|Win32.Build.0 = Release|Win32
		{EDB5A489-256F-4FB1-A3F5-FC7EC00ECF9C}.Release|x64.ActiveCfg = Release|x64
		{EDB5A489-256F-4FB1-A3F5-FC7EC00ECF9C}.Release|x64.Build.0 = Release|x64
		{EDB5A489-256F-4FB1-A3F5-FC7EC00ECF9C}.SDL-Debug|Win32.ActiveCfg = Debug|Win32
		{EDB5A489-256F-4FB1-A3F5-FC7EC00ECF9C}.SDL-Debug|Win32.Build.0 = Debug|Win32
		{EDB5A489-256F-4FB1-A3F5-FC7EC00ECF9C}.SDL-Debug|x64.ActiveCfg = Debug|x64
		{EDB5A489-256F-4FB1-A3F5-FC7EC00ECF9C}.SDL-Debug|x64.Build.0 = Debug|x64
		{EDB5A489-256F-4FB1-A3F5-FC7EC00ECF9C}.Static lib - Debug|Win32.ActiveCfg = Debug|Win32
		{EDB5A489-256F-4FB1-A3F5-FC7EC00ECF9C}.Static lib - Debug|Win32.Build.0 = Debug|Win32
		{EDB5A489-256F-4FB1-A3F5-FC7EC00ECF9C}.Static lib - Debug|x64.ActiveCfg = Debug|x64
		{EDB5A489-256F-4FB1-A3F5-FC7EC00ECF9C}.Static lib - Debug|x64.Build.0 = Debug|x64
		{EDB5A489-256F-4FB1-A3F5-FC7EC00ECF9C}.Static lib - Release - Fast FPU|Win32.ActiveCfg = Release|Win32
		{EDB5A489-256F-4FB1-A3F5-FC7EC00ECF9C}.Static lib - Release - Fast FPU|Win32.Build.0 = Release|Win32
		{EDB5A489-256F-4FB1-A3F5-FC7EC00ECF9C}.Static lib - Release - Fast FPU|x64.ActiveCfg = Release|x64
		{EDB5A489-256F-4FB1-A3F5-FC7EC00ECF9C}.Static lib - Release - Fast FPU|x64.Build.0 = Release|x64
		{EDB5A489-256F-4FB1-A3F5-FC7EC00ECF9C}.Static lib - Release|Win32.ActiveCfg = Release|Win32
		{EDB5A489-256F-4FB1-A3F5-FC7EC00ECF9C}.Static lib - Release|Win32.Build.0 = Release|Win32
		{EDB5A489-256F-4FB1-A3F5-FC7EC00ECF9C}.Static lib - Release|x64.ActiveCfg = Release|x64
		{EDB5A489-256F-4FB1-A3F5-FC7EC00ECF9C}.Static lib - Release|x64.Build.0 = Release|x64
	EndGlobalSection
	GlobalSection(SolutionProperties) = preSolution
		HideSolutionNode = FALSE
	EndGlobalSection
	GlobalSection(ExtensibilityGlobals) = postSolution
		SolutionGuid = {B7CEF025-C1E0-4FE1-87ED-1BAF2B3B9693}
	EndGlobalSection
EndGlobal
